// !$*UTF8*$!
{
	archiveVersion = 1;
	classes = {
	};
	objectVersion = 46;
	objects = {

/* Begin PBXBuildFile section */
		A839C56217B209AA00E6AFE9 /* background.png in Resources */ = {isa = PBXBuildFile; fileRef = A839C56017B209AA00E6AFE9 /* background.png */; };
		A839C56317B209AA00E6AFE9 /* background@2x.png in Resources */ = {isa = PBXBuildFile; fileRef = A839C56117B209AA00E6AFE9 /* background@2x.png */; };
		A839C56617B2134D00E6AFE9 /* KMBaseRequestManager.m in Sources */ = {isa = PBXBuildFile; fileRef = A839C56517B2134D00E6AFE9 /* KMBaseRequestManager.m */; };
		A839C56917B214AA00E6AFE9 /* KMLikesCommentsReqManager.m in Sources */ = {isa = PBXBuildFile; fileRef = A839C56817B214AA00E6AFE9 /* KMLikesCommentsReqManager.m */; };
		A839C56E17B23FA000E6AFE9 /* KMTableAnimatingHeaderView.m in Sources */ = {isa = PBXBuildFile; fileRef = A839C56D17B23FA000E6AFE9 /* KMTableAnimatingHeaderView.m */; };
		A839C57017B23FAB00E6AFE9 /* KMTableAnimatingHeaderView.xib in Resources */ = {isa = PBXBuildFile; fileRef = A839C56F17B23FAB00E6AFE9 /* KMTableAnimatingHeaderView.xib */; };
		A839C57317B2438800E6AFE9 /* KMCellFeedLikeTVCell.m in Sources */ = {isa = PBXBuildFile; fileRef = A839C57217B2438800E6AFE9 /* KMCellFeedLikeTVCell.m */; };
		A839C57517B2439700E6AFE9 /* KMCellFeedLikeTVCell.xib in Resources */ = {isa = PBXBuildFile; fileRef = A839C57417B2439700E6AFE9 /* KMCellFeedLikeTVCell.xib */; };
		A839C57817B243DA00E6AFE9 /* KMCommentTVCell.m in Sources */ = {isa = PBXBuildFile; fileRef = A839C57717B243D900E6AFE9 /* KMCommentTVCell.m */; };
		A839C57A17B243E800E6AFE9 /* KMCommentTVCell.xib in Resources */ = {isa = PBXBuildFile; fileRef = A839C57917B243E800E6AFE9 /* KMCommentTVCell.xib */; };
		A839C58017B25CEF00E6AFE9 /* date_back_06june_sstate.png in Resources */ = {isa = PBXBuildFile; fileRef = A839C57C17B25CEF00E6AFE9 /* date_back_06june_sstate.png */; };
		A839C58117B25CEF00E6AFE9 /* date_back_06june_sstate@2x.png in Resources */ = {isa = PBXBuildFile; fileRef = A839C57D17B25CEF00E6AFE9 /* date_back_06june_sstate@2x.png */; };
		A839C58217B25CEF00E6AFE9 /* date_back_06june.png in Resources */ = {isa = PBXBuildFile; fileRef = A839C57E17B25CEF00E6AFE9 /* date_back_06june.png */; };
		A839C58317B25CEF00E6AFE9 /* date_back_06june@2x.png in Resources */ = {isa = PBXBuildFile; fileRef = A839C57F17B25CEF00E6AFE9 /* date_back_06june@2x.png */; };
		A839C58617B261C700E6AFE9 /* KMBaseUserFeedTVC.m in Sources */ = {isa = PBXBuildFile; fileRef = A839C58517B261C700E6AFE9 /* KMBaseUserFeedTVC.m */; };
		A839C58917B26E0100E6AFE9 /* README.md in Resources */ = {isa = PBXBuildFile; fileRef = A839C58817B26E0000E6AFE9 /* README.md */; };
		A839C5C617B2719900E6AFE9 /* MagicalImportFunctions.m in Sources */ = {isa = PBXBuildFile; fileRef = A839C58E17B2719900E6AFE9 /* MagicalImportFunctions.m */; };
		A839C5C717B2719900E6AFE9 /* NSAttributeDescription+MagicalDataImport.m in Sources */ = {isa = PBXBuildFile; fileRef = A839C59017B2719900E6AFE9 /* NSAttributeDescription+MagicalDataImport.m */; };
		A839C5C817B2719900E6AFE9 /* NSEntityDescription+MagicalDataImport.m in Sources */ = {isa = PBXBuildFile; fileRef = A839C59217B2719900E6AFE9 /* NSEntityDescription+MagicalDataImport.m */; };
		A839C5C917B2719900E6AFE9 /* NSNumber+MagicalDataImport.m in Sources */ = {isa = PBXBuildFile; fileRef = A839C59417B2719900E6AFE9 /* NSNumber+MagicalDataImport.m */; };
		A839C5CA17B2719900E6AFE9 /* NSObject+MagicalDataImport.m in Sources */ = {isa = PBXBuildFile; fileRef = A839C59617B2719900E6AFE9 /* NSObject+MagicalDataImport.m */; };
		A839C5CB17B2719900E6AFE9 /* NSRelationshipDescription+MagicalDataImport.m in Sources */ = {isa = PBXBuildFile; fileRef = A839C59817B2719900E6AFE9 /* NSRelationshipDescription+MagicalDataImport.m */; };
		A839C5CC17B2719900E6AFE9 /* NSString+MagicalDataImport.m in Sources */ = {isa = PBXBuildFile; fileRef = A839C59A17B2719900E6AFE9 /* NSString+MagicalDataImport.m */; };
		A839C5CD17B2719900E6AFE9 /* NSManagedObject+MagicalAggregation.m in Sources */ = {isa = PBXBuildFile; fileRef = A839C59D17B2719900E6AFE9 /* NSManagedObject+MagicalAggregation.m */; };
		A839C5CE17B2719900E6AFE9 /* NSManagedObject+MagicalDataImport.m in Sources */ = {isa = PBXBuildFile; fileRef = A839C59F17B2719900E6AFE9 /* NSManagedObject+MagicalDataImport.m */; };
		A839C5CF17B2719900E6AFE9 /* NSManagedObject+MagicalFinders.m in Sources */ = {isa = PBXBuildFile; fileRef = A839C5A117B2719900E6AFE9 /* NSManagedObject+MagicalFinders.m */; };
		A839C5D017B2719900E6AFE9 /* NSManagedObject+MagicalRecord.m in Sources */ = {isa = PBXBuildFile; fileRef = A839C5A317B2719900E6AFE9 /* NSManagedObject+MagicalRecord.m */; };
		A839C5D117B2719900E6AFE9 /* NSManagedObject+MagicalRequests.m in Sources */ = {isa = PBXBuildFile; fileRef = A839C5A517B2719900E6AFE9 /* NSManagedObject+MagicalRequests.m */; };
		A839C5D217B2719900E6AFE9 /* NSManagedObjectContext+MagicalObserving.m in Sources */ = {isa = PBXBuildFile; fileRef = A839C5A817B2719900E6AFE9 /* NSManagedObjectContext+MagicalObserving.m */; };
		A839C5D317B2719900E6AFE9 /* NSManagedObjectContext+MagicalRecord.m in Sources */ = {isa = PBXBuildFile; fileRef = A839C5AA17B2719900E6AFE9 /* NSManagedObjectContext+MagicalRecord.m */; };
		A839C5D417B2719900E6AFE9 /* NSManagedObjectContext+MagicalSaves.m in Sources */ = {isa = PBXBuildFile; fileRef = A839C5AC17B2719900E6AFE9 /* NSManagedObjectContext+MagicalSaves.m */; };
		A839C5D517B2719900E6AFE9 /* NSManagedObjectContext+MagicalThreading.m in Sources */ = {isa = PBXBuildFile; fileRef = A839C5AE17B2719900E6AFE9 /* NSManagedObjectContext+MagicalThreading.m */; };
		A839C5D617B2719900E6AFE9 /* NSManagedObjectModel+MagicalRecord.m in Sources */ = {isa = PBXBuildFile; fileRef = A839C5B017B2719900E6AFE9 /* NSManagedObjectModel+MagicalRecord.m */; };
		A839C5D717B2719900E6AFE9 /* NSPersistentStore+MagicalRecord.m in Sources */ = {isa = PBXBuildFile; fileRef = A839C5B217B2719900E6AFE9 /* NSPersistentStore+MagicalRecord.m */; };
		A839C5D817B2719900E6AFE9 /* NSPersistentStoreCoordinator+MagicalRecord.m in Sources */ = {isa = PBXBuildFile; fileRef = A839C5B417B2719900E6AFE9 /* NSPersistentStoreCoordinator+MagicalRecord.m */; };
		A839C5D917B2719900E6AFE9 /* MagicalRecord+Actions.m in Sources */ = {isa = PBXBuildFile; fileRef = A839C5B717B2719900E6AFE9 /* MagicalRecord+Actions.m */; };
		A839C5DA17B2719900E6AFE9 /* MagicalRecord+ErrorHandling.m in Sources */ = {isa = PBXBuildFile; fileRef = A839C5B917B2719900E6AFE9 /* MagicalRecord+ErrorHandling.m */; };
		A839C5DB17B2719900E6AFE9 /* MagicalRecord+iCloud.m in Sources */ = {isa = PBXBuildFile; fileRef = A839C5BB17B2719900E6AFE9 /* MagicalRecord+iCloud.m */; };
		A839C5DC17B2719900E6AFE9 /* MagicalRecord+Options.m in Sources */ = {isa = PBXBuildFile; fileRef = A839C5BD17B2719900E6AFE9 /* MagicalRecord+Options.m */; };
		A839C5DD17B2719900E6AFE9 /* MagicalRecord+Setup.m in Sources */ = {isa = PBXBuildFile; fileRef = A839C5BF17B2719900E6AFE9 /* MagicalRecord+Setup.m */; };
		A839C5DE17B2719900E6AFE9 /* MagicalRecord+ShorthandSupport.m in Sources */ = {isa = PBXBuildFile; fileRef = A839C5C117B2719900E6AFE9 /* MagicalRecord+ShorthandSupport.m */; };
		A839C5DF17B2719900E6AFE9 /* MagicalRecord.m in Sources */ = {isa = PBXBuildFile; fileRef = A839C5C317B2719900E6AFE9 /* MagicalRecord.m */; };
		A839C5E617B2785A00E6AFE9 /* CDUser.m in Sources */ = {isa = PBXBuildFile; fileRef = A839C5E517B2785A00E6AFE9 /* CDUser.m */; };
		A839C5E917B2785B00E6AFE9 /* CDComment.m in Sources */ = {isa = PBXBuildFile; fileRef = A839C5E817B2785B00E6AFE9 /* CDComment.m */; };
		A839C5EC17B2785B00E6AFE9 /* CDPagination.m in Sources */ = {isa = PBXBuildFile; fileRef = A839C5EB17B2785B00E6AFE9 /* CDPagination.m */; };
		A839C5EF17B2785B00E6AFE9 /* CDCaption.m in Sources */ = {isa = PBXBuildFile; fileRef = A839C5EE17B2785B00E6AFE9 /* CDCaption.m */; };
		A839C5F217B2785B00E6AFE9 /* CDFeed.m in Sources */ = {isa = PBXBuildFile; fileRef = A839C5F117B2785B00E6AFE9 /* CDFeed.m */; };
		A839C5F517B2785B00E6AFE9 /* CDTag.m in Sources */ = {isa = PBXBuildFile; fileRef = A839C5F417B2785B00E6AFE9 /* CDTag.m */; };
		A839C5FC17B29D9000E6AFE9 /* KMDataCacheRequestManager.m in Sources */ = {isa = PBXBuildFile; fileRef = A839C5FB17B29D9000E6AFE9 /* KMDataCacheRequestManager.m */; };
		A839C61317B2B6E600E6AFE9 /* KMDataStoreManager.m in Sources */ = {isa = PBXBuildFile; fileRef = A839C61217B2B6E500E6AFE9 /* KMDataStoreManager.m */; };
		A88EE7AA17B0CF5A00DC75A2 /* UIKit.framework in Frameworks */ = {isa = PBXBuildFile; fileRef = A88EE7A917B0CF5A00DC75A2 /* UIKit.framework */; };
		A88EE7AC17B0CF5A00DC75A2 /* Foundation.framework in Frameworks */ = {isa = PBXBuildFile; fileRef = A88EE7AB17B0CF5A00DC75A2 /* Foundation.framework */; };
		A88EE7AE17B0CF5A00DC75A2 /* CoreGraphics.framework in Frameworks */ = {isa = PBXBuildFile; fileRef = A88EE7AD17B0CF5A00DC75A2 /* CoreGraphics.framework */; };
		A88EE7B017B0CF5A00DC75A2 /* CoreData.framework in Frameworks */ = {isa = PBXBuildFile; fileRef = A88EE7AF17B0CF5A00DC75A2 /* CoreData.framework */; };
		A88EE7B617B0CF5A00DC75A2 /* InfoPlist.strings in Resources */ = {isa = PBXBuildFile; fileRef = A88EE7B417B0CF5A00DC75A2 /* InfoPlist.strings */; };
		A88EE7B817B0CF5A00DC75A2 /* main.m in Sources */ = {isa = PBXBuildFile; fileRef = A88EE7B717B0CF5A00DC75A2 /* main.m */; };
		A88EE7BC17B0CF5A00DC75A2 /* KMAppDelegate.m in Sources */ = {isa = PBXBuildFile; fileRef = A88EE7BB17B0CF5A00DC75A2 /* KMAppDelegate.m */; };
		A88EE7BE17B0CF5A00DC75A2 /* Default.png in Resources */ = {isa = PBXBuildFile; fileRef = A88EE7BD17B0CF5A00DC75A2 /* Default.png */; };
		A88EE7C017B0CF5A00DC75A2 /* Default@2x.png in Resources */ = {isa = PBXBuildFile; fileRef = A88EE7BF17B0CF5A00DC75A2 /* Default@2x.png */; };
		A88EE7C217B0CF5A00DC75A2 /* Default-568h@2x.png in Resources */ = {isa = PBXBuildFile; fileRef = A88EE7C117B0CF5A00DC75A2 /* Default-568h@2x.png */; };
		A88EE7C517B0CF5A00DC75A2 /* KMInstagram.xcdatamodeld in Sources */ = {isa = PBXBuildFile; fileRef = A88EE7C317B0CF5A00DC75A2 /* KMInstagram.xcdatamodeld */; };
		A88EE7DF17B0CF5A00DC75A2 /* SenTestingKit.framework in Frameworks */ = {isa = PBXBuildFile; fileRef = A88EE7DE17B0CF5A00DC75A2 /* SenTestingKit.framework */; };
		A88EE7E017B0CF5A00DC75A2 /* UIKit.framework in Frameworks */ = {isa = PBXBuildFile; fileRef = A88EE7A917B0CF5A00DC75A2 /* UIKit.framework */; };
		A88EE7E117B0CF5A00DC75A2 /* Foundation.framework in Frameworks */ = {isa = PBXBuildFile; fileRef = A88EE7AB17B0CF5A00DC75A2 /* Foundation.framework */; };
		A88EE7E217B0CF5A00DC75A2 /* CoreData.framework in Frameworks */ = {isa = PBXBuildFile; fileRef = A88EE7AF17B0CF5A00DC75A2 /* CoreData.framework */; };
		A88EE7EA17B0CF5A00DC75A2 /* InfoPlist.strings in Resources */ = {isa = PBXBuildFile; fileRef = A88EE7E817B0CF5A00DC75A2 /* InfoPlist.strings */; };
		A88EE7ED17B0CF5A00DC75A2 /* KMInstagramTests.m in Sources */ = {isa = PBXBuildFile; fileRef = A88EE7EC17B0CF5A00DC75A2 /* KMInstagramTests.m */; };
		A88EE81117B0D0C200DC75A2 /* KMBaseDataStoreManager.m in Sources */ = {isa = PBXBuildFile; fileRef = A88EE81017B0D0C200DC75A2 /* KMBaseDataStoreManager.m */; };
		A88EE81817B0D1EB00DC75A2 /* KMBaseVC.m in Sources */ = {isa = PBXBuildFile; fileRef = A88EE81717B0D1EB00DC75A2 /* KMBaseVC.m */; };
		A88EE81B17B0D20B00DC75A2 /* KMBaseTableVC.m in Sources */ = {isa = PBXBuildFile; fileRef = A88EE81A17B0D20B00DC75A2 /* KMBaseTableVC.m */; };
		A88EE81F17B0D38B00DC75A2 /* KMLoginVC.m in Sources */ = {isa = PBXBuildFile; fileRef = A88EE81D17B0D38B00DC75A2 /* KMLoginVC.m */; };
		A88EE82017B0D38B00DC75A2 /* KMLoginVC.xib in Resources */ = {isa = PBXBuildFile; fileRef = A88EE81E17B0D38B00DC75A2 /* KMLoginVC.xib */; };
		A88EE82817B0D8AA00DC75A2 /* KMInstagramAuthVC.m in Sources */ = {isa = PBXBuildFile; fileRef = A88EE82617B0D8AA00DC75A2 /* KMInstagramAuthVC.m */; };
		A88EE82917B0D8AA00DC75A2 /* KMInstagramAuthVC.xib in Resources */ = {isa = PBXBuildFile; fileRef = A88EE82717B0D8AA00DC75A2 /* KMInstagramAuthVC.xib */; };
		A88EE82D17B0E22400DC75A2 /* NSString+KMQueryString.m in Sources */ = {isa = PBXBuildFile; fileRef = A88EE82C17B0E22400DC75A2 /* NSString+KMQueryString.m */; };
		A88EE83117B0E5B500DC75A2 /* KMUserFeedTVC.m in Sources */ = {isa = PBXBuildFile; fileRef = A88EE82F17B0E5B500DC75A2 /* KMUserFeedTVC.m */; };
		A88EE83217B0E5B500DC75A2 /* KMUserFeedTVC.xib in Resources */ = {isa = PBXBuildFile; fileRef = A88EE83017B0E5B500DC75A2 /* KMUserFeedTVC.xib */; };
		A88EE83517B0E94300DC75A2 /* KMAPIController.m in Sources */ = {isa = PBXBuildFile; fileRef = A88EE83417B0E94300DC75A2 /* KMAPIController.m */; };
		A88EE84A17B0E9CD00DC75A2 /* AFHTTPClient.m in Sources */ = {isa = PBXBuildFile; fileRef = A88EE83817B0E9CD00DC75A2 /* AFHTTPClient.m */; };
		A88EE84B17B0E9CD00DC75A2 /* AFHTTPRequestOperation.m in Sources */ = {isa = PBXBuildFile; fileRef = A88EE83A17B0E9CD00DC75A2 /* AFHTTPRequestOperation.m */; };
		A88EE84C17B0E9CD00DC75A2 /* AFImageRequestOperation.m in Sources */ = {isa = PBXBuildFile; fileRef = A88EE83C17B0E9CD00DC75A2 /* AFImageRequestOperation.m */; };
		A88EE84D17B0E9CD00DC75A2 /* AFJSONRequestOperation.m in Sources */ = {isa = PBXBuildFile; fileRef = A88EE83E17B0E9CD00DC75A2 /* AFJSONRequestOperation.m */; };
		A88EE84E17B0E9CD00DC75A2 /* AFNetworkActivityIndicatorManager.m in Sources */ = {isa = PBXBuildFile; fileRef = A88EE84017B0E9CD00DC75A2 /* AFNetworkActivityIndicatorManager.m */; };
		A88EE84F17B0E9CD00DC75A2 /* AFPropertyListRequestOperation.m in Sources */ = {isa = PBXBuildFile; fileRef = A88EE84317B0E9CD00DC75A2 /* AFPropertyListRequestOperation.m */; };
		A88EE85017B0E9CD00DC75A2 /* AFURLConnectionOperation.m in Sources */ = {isa = PBXBuildFile; fileRef = A88EE84517B0E9CD00DC75A2 /* AFURLConnectionOperation.m */; };
		A88EE85117B0E9CD00DC75A2 /* AFXMLRequestOperation.m in Sources */ = {isa = PBXBuildFile; fileRef = A88EE84717B0E9CD00DC75A2 /* AFXMLRequestOperation.m */; };
		A88EE85217B0E9CD00DC75A2 /* UIImageView+AFNetworking.m in Sources */ = {isa = PBXBuildFile; fileRef = A88EE84917B0E9CD00DC75A2 /* UIImageView+AFNetworking.m */; };
		A88EE85417B0EA1200DC75A2 /* SystemConfiguration.framework in Frameworks */ = {isa = PBXBuildFile; fileRef = A88EE85317B0EA1100DC75A2 /* SystemConfiguration.framework */; };
		A88EE85617B0EA4E00DC75A2 /* MobileCoreServices.framework in Frameworks */ = {isa = PBXBuildFile; fileRef = A88EE85517B0EA4D00DC75A2 /* MobileCoreServices.framework */; };
		A88EE85817B0EAFA00DC75A2 /* Security.framework in Frameworks */ = {isa = PBXBuildFile; fileRef = A88EE85717B0EAFA00DC75A2 /* Security.framework */; };
		A88EE85C17B0EC1400DC75A2 /* KMLoginVC_Ipad.xib in Resources */ = {isa = PBXBuildFile; fileRef = A88EE85B17B0EC1400DC75A2 /* KMLoginVC_Ipad.xib */; };
		A88EE85F17B0EDC800DC75A2 /* KMUserAuthManager.m in Sources */ = {isa = PBXBuildFile; fileRef = A88EE85E17B0EDC800DC75A2 /* KMUserAuthManager.m */; };
		A88EE86417B0F1E000DC75A2 /* NSError+KMAdditions.m in Sources */ = {isa = PBXBuildFile; fileRef = A88EE86317B0F1E000DC75A2 /* NSError+KMAdditions.m */; };
		A88EE86717B0FCFA00DC75A2 /* KMBaseTVCell.m in Sources */ = {isa = PBXBuildFile; fileRef = A88EE86617B0FCFA00DC75A2 /* KMBaseTVCell.m */; };
		A88EE86E17B102ED00DC75A2 /* EGORefreshTableHeaderView.m in Sources */ = {isa = PBXBuildFile; fileRef = A88EE86B17B102ED00DC75A2 /* EGORefreshTableHeaderView.m */; settings = {COMPILER_FLAGS = "-fno-objc-arc"; }; };
		A88EE86F17B102ED00DC75A2 /* PullToRefreshArrow.png in Resources */ = {isa = PBXBuildFile; fileRef = A88EE86C17B102ED00DC75A2 /* PullToRefreshArrow.png */; };
		A88EE87017B102ED00DC75A2 /* PullToRefreshArrow@2x.png in Resources */ = {isa = PBXBuildFile; fileRef = A88EE86D17B102ED00DC75A2 /* PullToRefreshArrow@2x.png */; };
		A88EE87317B1034100DC75A2 /* NSDateFormatter+Extensions.m in Sources */ = {isa = PBXBuildFile; fileRef = A88EE87217B1034100DC75A2 /* NSDateFormatter+Extensions.m */; settings = {COMPILER_FLAGS = "-fno-objc-arc"; }; };
		A88EE87617B1038900DC75A2 /* NSDate+Extensions.m in Sources */ = {isa = PBXBuildFile; fileRef = A88EE87517B1038800DC75A2 /* NSDate+Extensions.m */; };
		A88EE87D17B1044400DC75A2 /* QuartzCore.framework in Frameworks */ = {isa = PBXBuildFile; fileRef = A88EE87C17B1044300DC75A2 /* QuartzCore.framework */; };
		A88EE88017B1071400DC75A2 /* KMInstagramSettings.m in Sources */ = {isa = PBXBuildFile; fileRef = A88EE87F17B1071300DC75A2 /* KMInstagramSettings.m */; };
		A88EE88317B10BE500DC75A2 /* KMBaseRefreshTVC.m in Sources */ = {isa = PBXBuildFile; fileRef = A88EE88217B10BE400DC75A2 /* KMBaseRefreshTVC.m */; };
		A88EE88617B10EC100DC75A2 /* KMUserFeedsTVCell.m in Sources */ = {isa = PBXBuildFile; fileRef = A88EE88517B10EC100DC75A2 /* KMUserFeedsTVCell.m */; };
		A88EE88817B10EDD00DC75A2 /* KMUserFeedsTVCell.xib in Resources */ = {isa = PBXBuildFile; fileRef = A88EE88717B10EDD00DC75A2 /* KMUserFeedsTVCell.xib */; };
		A88EE88D17B113EB00DC75A2 /* KMInstagramRequestClient.m in Sources */ = {isa = PBXBuildFile; fileRef = A88EE88C17B113EA00DC75A2 /* KMInstagramRequestClient.m */; };
		A88EE89617B11BBB00DC75A2 /* JSONKit.m in Sources */ = {isa = PBXBuildFile; fileRef = A88EE89517B11BBB00DC75A2 /* JSONKit.m */; settings = {COMPILER_FLAGS = "-fno-objc-arc"; }; };
		A88EE8B217B16FDE00DC75A2 /* KMFeedDetailContainerVC.m in Sources */ = {isa = PBXBuildFile; fileRef = A88EE8B017B16FDE00DC75A2 /* KMFeedDetailContainerVC.m */; };
		A88EE8B317B16FDE00DC75A2 /* KMFeedDetailContainerVC.xib in Resources */ = {isa = PBXBuildFile; fileRef = A88EE8B117B16FDE00DC75A2 /* KMFeedDetailContainerVC.xib */; };
		A88EE8B717B1714B00DC75A2 /* KMFeedLikesTVC.m in Sources */ = {isa = PBXBuildFile; fileRef = A88EE8B517B1714B00DC75A2 /* KMFeedLikesTVC.m */; };
		A88EE8B817B1714B00DC75A2 /* KMFeedLikesTVC.xib in Resources */ = {isa = PBXBuildFile; fileRef = A88EE8B617B1714B00DC75A2 /* KMFeedLikesTVC.xib */; };
		A88EE8BC17B171D500DC75A2 /* KMFeedCommentsTVC.m in Sources */ = {isa = PBXBuildFile; fileRef = A88EE8BA17B171D400DC75A2 /* KMFeedCommentsTVC.m */; };
		A88EE8BD17B171D500DC75A2 /* KMFeedCommentsTVC.xib in Resources */ = {isa = PBXBuildFile; fileRef = A88EE8BB17B171D400DC75A2 /* KMFeedCommentsTVC.xib */; };
		A88EE8C117B1734300DC75A2 /* UIView+NIB.m in Sources */ = {isa = PBXBuildFile; fileRef = A88EE8C017B1734200DC75A2 /* UIView+NIB.m */; };
		A88EE8C617B173EC00DC75A2 /* BASegmentedControl.m in Sources */ = {isa = PBXBuildFile; fileRef = A88EE8C417B173EA00DC75A2 /* BASegmentedControl.m */; };
		A88EE8C717B173EC00DC75A2 /* BASegmentedControl.xib in Resources */ = {isa = PBXBuildFile; fileRef = A88EE8C517B173EB00DC75A2 /* BASegmentedControl.xib */; };
		A8B6B67917B392480079C88C /* FGPagingTableViewCell.m in Sources */ = {isa = PBXBuildFile; fileRef = A8B6B67717B392480079C88C /* FGPagingTableViewCell.m */; };
		A8B6B67A17B392480079C88C /* FGPagingTableViewCell.xib in Resources */ = {isa = PBXBuildFile; fileRef = A8B6B67817B392480079C88C /* FGPagingTableViewCell.xib */; };
		A8B6B68117B3AB3A0079C88C /* KMComment.m in Sources */ = {isa = PBXBuildFile; fileRef = A8B6B67D17B3AB3A0079C88C /* KMComment.m */; };
		A8B6B68217B3AB3A0079C88C /* KMUser.m in Sources */ = {isa = PBXBuildFile; fileRef = A8B6B68017B3AB3A0079C88C /* KMUser.m */; };
/* End PBXBuildFile section */

/* Begin PBXContainerItemProxy section */
		A88EE7E317B0CF5A00DC75A2 /* PBXContainerItemProxy */ = {
			isa = PBXContainerItemProxy;
			containerPortal = A88EE79E17B0CF5A00DC75A2 /* Project object */;
			proxyType = 1;
			remoteGlobalIDString = A88EE7A517B0CF5A00DC75A2;
			remoteInfo = KMInstagram;
		};
/* End PBXContainerItemProxy section */

/* Begin PBXFileReference section */
		A839C56017B209AA00E6AFE9 /* background.png */ = {isa = PBXFileReference; lastKnownFileType = image.png; path = background.png; sourceTree = "<group>"; };
		A839C56117B209AA00E6AFE9 /* background@2x.png */ = {isa = PBXFileReference; lastKnownFileType = image.png; path = "background@2x.png"; sourceTree = "<group>"; };
		A839C56417B2134C00E6AFE9 /* KMBaseRequestManager.h */ = {isa = PBXFileReference; fileEncoding = 4; lastKnownFileType = sourcecode.c.h; path = KMBaseRequestManager.h; sourceTree = "<group>"; };
		A839C56517B2134D00E6AFE9 /* KMBaseRequestManager.m */ = {isa = PBXFileReference; fileEncoding = 4; lastKnownFileType = sourcecode.c.objc; path = KMBaseRequestManager.m; sourceTree = "<group>"; };
		A839C56717B214AA00E6AFE9 /* KMLikesCommentsReqManager.h */ = {isa = PBXFileReference; fileEncoding = 4; lastKnownFileType = sourcecode.c.h; path = KMLikesCommentsReqManager.h; sourceTree = "<group>"; };
		A839C56817B214AA00E6AFE9 /* KMLikesCommentsReqManager.m */ = {isa = PBXFileReference; fileEncoding = 4; lastKnownFileType = sourcecode.c.objc; path = KMLikesCommentsReqManager.m; sourceTree = "<group>"; };
		A839C56C17B23FA000E6AFE9 /* KMTableAnimatingHeaderView.h */ = {isa = PBXFileReference; fileEncoding = 4; lastKnownFileType = sourcecode.c.h; path = KMTableAnimatingHeaderView.h; sourceTree = "<group>"; };
		A839C56D17B23FA000E6AFE9 /* KMTableAnimatingHeaderView.m */ = {isa = PBXFileReference; fileEncoding = 4; lastKnownFileType = sourcecode.c.objc; path = KMTableAnimatingHeaderView.m; sourceTree = "<group>"; };
		A839C56F17B23FAB00E6AFE9 /* KMTableAnimatingHeaderView.xib */ = {isa = PBXFileReference; fileEncoding = 4; lastKnownFileType = file.xib; path = KMTableAnimatingHeaderView.xib; sourceTree = "<group>"; };
		A839C57117B2438800E6AFE9 /* KMCellFeedLikeTVCell.h */ = {isa = PBXFileReference; fileEncoding = 4; lastKnownFileType = sourcecode.c.h; path = KMCellFeedLikeTVCell.h; sourceTree = "<group>"; };
		A839C57217B2438800E6AFE9 /* KMCellFeedLikeTVCell.m */ = {isa = PBXFileReference; fileEncoding = 4; lastKnownFileType = sourcecode.c.objc; path = KMCellFeedLikeTVCell.m; sourceTree = "<group>"; };
		A839C57417B2439700E6AFE9 /* KMCellFeedLikeTVCell.xib */ = {isa = PBXFileReference; fileEncoding = 4; lastKnownFileType = file.xib; path = KMCellFeedLikeTVCell.xib; sourceTree = "<group>"; };
		A839C57617B243D900E6AFE9 /* KMCommentTVCell.h */ = {isa = PBXFileReference; fileEncoding = 4; lastKnownFileType = sourcecode.c.h; path = KMCommentTVCell.h; sourceTree = "<group>"; };
		A839C57717B243D900E6AFE9 /* KMCommentTVCell.m */ = {isa = PBXFileReference; fileEncoding = 4; lastKnownFileType = sourcecode.c.objc; path = KMCommentTVCell.m; sourceTree = "<group>"; };
		A839C57917B243E800E6AFE9 /* KMCommentTVCell.xib */ = {isa = PBXFileReference; fileEncoding = 4; lastKnownFileType = file.xib; path = KMCommentTVCell.xib; sourceTree = "<group>"; };
		A839C57C17B25CEF00E6AFE9 /* date_back_06june_sstate.png */ = {isa = PBXFileReference; lastKnownFileType = image.png; path = date_back_06june_sstate.png; sourceTree = "<group>"; };
		A839C57D17B25CEF00E6AFE9 /* date_back_06june_sstate@2x.png */ = {isa = PBXFileReference; lastKnownFileType = image.png; path = "date_back_06june_sstate@2x.png"; sourceTree = "<group>"; };
		A839C57E17B25CEF00E6AFE9 /* date_back_06june.png */ = {isa = PBXFileReference; lastKnownFileType = image.png; path = date_back_06june.png; sourceTree = "<group>"; };
		A839C57F17B25CEF00E6AFE9 /* date_back_06june@2x.png */ = {isa = PBXFileReference; lastKnownFileType = image.png; path = "date_back_06june@2x.png"; sourceTree = "<group>"; };
		A839C58417B261C700E6AFE9 /* KMBaseUserFeedTVC.h */ = {isa = PBXFileReference; fileEncoding = 4; lastKnownFileType = sourcecode.c.h; path = KMBaseUserFeedTVC.h; sourceTree = "<group>"; };
		A839C58517B261C700E6AFE9 /* KMBaseUserFeedTVC.m */ = {isa = PBXFileReference; fileEncoding = 4; lastKnownFileType = sourcecode.c.objc; path = KMBaseUserFeedTVC.m; sourceTree = "<group>"; };
		A839C58817B26E0000E6AFE9 /* README.md */ = {isa = PBXFileReference; fileEncoding = 4; lastKnownFileType = text; name = README.md; path = ../README.md; sourceTree = "<group>"; };
		A839C58D17B2719900E6AFE9 /* MagicalImportFunctions.h */ = {isa = PBXFileReference; fileEncoding = 4; lastKnownFileType = sourcecode.c.h; path = MagicalImportFunctions.h; sourceTree = "<group>"; };
		A839C58E17B2719900E6AFE9 /* MagicalImportFunctions.m */ = {isa = PBXFileReference; fileEncoding = 4; lastKnownFileType = sourcecode.c.objc; path = MagicalImportFunctions.m; sourceTree = "<group>"; };
		A839C58F17B2719900E6AFE9 /* NSAttributeDescription+MagicalDataImport.h */ = {isa = PBXFileReference; fileEncoding = 4; lastKnownFileType = sourcecode.c.h; path = "NSAttributeDescription+MagicalDataImport.h"; sourceTree = "<group>"; };
		A839C59017B2719900E6AFE9 /* NSAttributeDescription+MagicalDataImport.m */ = {isa = PBXFileReference; fileEncoding = 4; lastKnownFileType = sourcecode.c.objc; path = "NSAttributeDescription+MagicalDataImport.m"; sourceTree = "<group>"; };
		A839C59117B2719900E6AFE9 /* NSEntityDescription+MagicalDataImport.h */ = {isa = PBXFileReference; fileEncoding = 4; lastKnownFileType = sourcecode.c.h; path = "NSEntityDescription+MagicalDataImport.h"; sourceTree = "<group>"; };
		A839C59217B2719900E6AFE9 /* NSEntityDescription+MagicalDataImport.m */ = {isa = PBXFileReference; fileEncoding = 4; lastKnownFileType = sourcecode.c.objc; path = "NSEntityDescription+MagicalDataImport.m"; sourceTree = "<group>"; };
		A839C59317B2719900E6AFE9 /* NSNumber+MagicalDataImport.h */ = {isa = PBXFileReference; fileEncoding = 4; lastKnownFileType = sourcecode.c.h; path = "NSNumber+MagicalDataImport.h"; sourceTree = "<group>"; };
		A839C59417B2719900E6AFE9 /* NSNumber+MagicalDataImport.m */ = {isa = PBXFileReference; fileEncoding = 4; lastKnownFileType = sourcecode.c.objc; path = "NSNumber+MagicalDataImport.m"; sourceTree = "<group>"; };
		A839C59517B2719900E6AFE9 /* NSObject+MagicalDataImport.h */ = {isa = PBXFileReference; fileEncoding = 4; lastKnownFileType = sourcecode.c.h; path = "NSObject+MagicalDataImport.h"; sourceTree = "<group>"; };
		A839C59617B2719900E6AFE9 /* NSObject+MagicalDataImport.m */ = {isa = PBXFileReference; fileEncoding = 4; lastKnownFileType = sourcecode.c.objc; path = "NSObject+MagicalDataImport.m"; sourceTree = "<group>"; };
		A839C59717B2719900E6AFE9 /* NSRelationshipDescription+MagicalDataImport.h */ = {isa = PBXFileReference; fileEncoding = 4; lastKnownFileType = sourcecode.c.h; path = "NSRelationshipDescription+MagicalDataImport.h"; sourceTree = "<group>"; };
		A839C59817B2719900E6AFE9 /* NSRelationshipDescription+MagicalDataImport.m */ = {isa = PBXFileReference; fileEncoding = 4; lastKnownFileType = sourcecode.c.objc; path = "NSRelationshipDescription+MagicalDataImport.m"; sourceTree = "<group>"; };
		A839C59917B2719900E6AFE9 /* NSString+MagicalDataImport.h */ = {isa = PBXFileReference; fileEncoding = 4; lastKnownFileType = sourcecode.c.h; path = "NSString+MagicalDataImport.h"; sourceTree = "<group>"; };
		A839C59A17B2719900E6AFE9 /* NSString+MagicalDataImport.m */ = {isa = PBXFileReference; fileEncoding = 4; lastKnownFileType = sourcecode.c.objc; path = "NSString+MagicalDataImport.m"; sourceTree = "<group>"; };
		A839C59C17B2719900E6AFE9 /* NSManagedObject+MagicalAggregation.h */ = {isa = PBXFileReference; fileEncoding = 4; lastKnownFileType = sourcecode.c.h; path = "NSManagedObject+MagicalAggregation.h"; sourceTree = "<group>"; };
		A839C59D17B2719900E6AFE9 /* NSManagedObject+MagicalAggregation.m */ = {isa = PBXFileReference; fileEncoding = 4; lastKnownFileType = sourcecode.c.objc; path = "NSManagedObject+MagicalAggregation.m"; sourceTree = "<group>"; };
		A839C59E17B2719900E6AFE9 /* NSManagedObject+MagicalDataImport.h */ = {isa = PBXFileReference; fileEncoding = 4; lastKnownFileType = sourcecode.c.h; path = "NSManagedObject+MagicalDataImport.h"; sourceTree = "<group>"; };
		A839C59F17B2719900E6AFE9 /* NSManagedObject+MagicalDataImport.m */ = {isa = PBXFileReference; fileEncoding = 4; lastKnownFileType = sourcecode.c.objc; path = "NSManagedObject+MagicalDataImport.m"; sourceTree = "<group>"; };
		A839C5A017B2719900E6AFE9 /* NSManagedObject+MagicalFinders.h */ = {isa = PBXFileReference; fileEncoding = 4; lastKnownFileType = sourcecode.c.h; path = "NSManagedObject+MagicalFinders.h"; sourceTree = "<group>"; };
		A839C5A117B2719900E6AFE9 /* NSManagedObject+MagicalFinders.m */ = {isa = PBXFileReference; fileEncoding = 4; lastKnownFileType = sourcecode.c.objc; path = "NSManagedObject+MagicalFinders.m"; sourceTree = "<group>"; };
		A839C5A217B2719900E6AFE9 /* NSManagedObject+MagicalRecord.h */ = {isa = PBXFileReference; fileEncoding = 4; lastKnownFileType = sourcecode.c.h; path = "NSManagedObject+MagicalRecord.h"; sourceTree = "<group>"; };
		A839C5A317B2719900E6AFE9 /* NSManagedObject+MagicalRecord.m */ = {isa = PBXFileReference; fileEncoding = 4; lastKnownFileType = sourcecode.c.objc; path = "NSManagedObject+MagicalRecord.m"; sourceTree = "<group>"; };
		A839C5A417B2719900E6AFE9 /* NSManagedObject+MagicalRequests.h */ = {isa = PBXFileReference; fileEncoding = 4; lastKnownFileType = sourcecode.c.h; path = "NSManagedObject+MagicalRequests.h"; sourceTree = "<group>"; };
		A839C5A517B2719900E6AFE9 /* NSManagedObject+MagicalRequests.m */ = {isa = PBXFileReference; fileEncoding = 4; lastKnownFileType = sourcecode.c.objc; path = "NSManagedObject+MagicalRequests.m"; sourceTree = "<group>"; };
		A839C5A717B2719900E6AFE9 /* NSManagedObjectContext+MagicalObserving.h */ = {isa = PBXFileReference; fileEncoding = 4; lastKnownFileType = sourcecode.c.h; path = "NSManagedObjectContext+MagicalObserving.h"; sourceTree = "<group>"; };
		A839C5A817B2719900E6AFE9 /* NSManagedObjectContext+MagicalObserving.m */ = {isa = PBXFileReference; fileEncoding = 4; lastKnownFileType = sourcecode.c.objc; path = "NSManagedObjectContext+MagicalObserving.m"; sourceTree = "<group>"; };
		A839C5A917B2719900E6AFE9 /* NSManagedObjectContext+MagicalRecord.h */ = {isa = PBXFileReference; fileEncoding = 4; lastKnownFileType = sourcecode.c.h; path = "NSManagedObjectContext+MagicalRecord.h"; sourceTree = "<group>"; };
		A839C5AA17B2719900E6AFE9 /* NSManagedObjectContext+MagicalRecord.m */ = {isa = PBXFileReference; fileEncoding = 4; lastKnownFileType = sourcecode.c.objc; path = "NSManagedObjectContext+MagicalRecord.m"; sourceTree = "<group>"; };
		A839C5AB17B2719900E6AFE9 /* NSManagedObjectContext+MagicalSaves.h */ = {isa = PBXFileReference; fileEncoding = 4; lastKnownFileType = sourcecode.c.h; path = "NSManagedObjectContext+MagicalSaves.h"; sourceTree = "<group>"; };
		A839C5AC17B2719900E6AFE9 /* NSManagedObjectContext+MagicalSaves.m */ = {isa = PBXFileReference; fileEncoding = 4; lastKnownFileType = sourcecode.c.objc; path = "NSManagedObjectContext+MagicalSaves.m"; sourceTree = "<group>"; };
		A839C5AD17B2719900E6AFE9 /* NSManagedObjectContext+MagicalThreading.h */ = {isa = PBXFileReference; fileEncoding = 4; lastKnownFileType = sourcecode.c.h; path = "NSManagedObjectContext+MagicalThreading.h"; sourceTree = "<group>"; };
		A839C5AE17B2719900E6AFE9 /* NSManagedObjectContext+MagicalThreading.m */ = {isa = PBXFileReference; fileEncoding = 4; lastKnownFileType = sourcecode.c.objc; path = "NSManagedObjectContext+MagicalThreading.m"; sourceTree = "<group>"; };
		A839C5AF17B2719900E6AFE9 /* NSManagedObjectModel+MagicalRecord.h */ = {isa = PBXFileReference; fileEncoding = 4; lastKnownFileType = sourcecode.c.h; path = "NSManagedObjectModel+MagicalRecord.h"; sourceTree = "<group>"; };
		A839C5B017B2719900E6AFE9 /* NSManagedObjectModel+MagicalRecord.m */ = {isa = PBXFileReference; fileEncoding = 4; lastKnownFileType = sourcecode.c.objc; path = "NSManagedObjectModel+MagicalRecord.m"; sourceTree = "<group>"; };
		A839C5B117B2719900E6AFE9 /* NSPersistentStore+MagicalRecord.h */ = {isa = PBXFileReference; fileEncoding = 4; lastKnownFileType = sourcecode.c.h; path = "NSPersistentStore+MagicalRecord.h"; sourceTree = "<group>"; };
		A839C5B217B2719900E6AFE9 /* NSPersistentStore+MagicalRecord.m */ = {isa = PBXFileReference; fileEncoding = 4; lastKnownFileType = sourcecode.c.objc; path = "NSPersistentStore+MagicalRecord.m"; sourceTree = "<group>"; };
		A839C5B317B2719900E6AFE9 /* NSPersistentStoreCoordinator+MagicalRecord.h */ = {isa = PBXFileReference; fileEncoding = 4; lastKnownFileType = sourcecode.c.h; path = "NSPersistentStoreCoordinator+MagicalRecord.h"; sourceTree = "<group>"; };
		A839C5B417B2719900E6AFE9 /* NSPersistentStoreCoordinator+MagicalRecord.m */ = {isa = PBXFileReference; fileEncoding = 4; lastKnownFileType = sourcecode.c.objc; path = "NSPersistentStoreCoordinator+MagicalRecord.m"; sourceTree = "<group>"; };
		A839C5B617B2719900E6AFE9 /* MagicalRecord+Actions.h */ = {isa = PBXFileReference; fileEncoding = 4; lastKnownFileType = sourcecode.c.h; path = "MagicalRecord+Actions.h"; sourceTree = "<group>"; };
		A839C5B717B2719900E6AFE9 /* MagicalRecord+Actions.m */ = {isa = PBXFileReference; fileEncoding = 4; lastKnownFileType = sourcecode.c.objc; path = "MagicalRecord+Actions.m"; sourceTree = "<group>"; };
		A839C5B817B2719900E6AFE9 /* MagicalRecord+ErrorHandling.h */ = {isa = PBXFileReference; fileEncoding = 4; lastKnownFileType = sourcecode.c.h; path = "MagicalRecord+ErrorHandling.h"; sourceTree = "<group>"; };
		A839C5B917B2719900E6AFE9 /* MagicalRecord+ErrorHandling.m */ = {isa = PBXFileReference; fileEncoding = 4; lastKnownFileType = sourcecode.c.objc; path = "MagicalRecord+ErrorHandling.m"; sourceTree = "<group>"; };
		A839C5BA17B2719900E6AFE9 /* MagicalRecord+iCloud.h */ = {isa = PBXFileReference; fileEncoding = 4; lastKnownFileType = sourcecode.c.h; path = "MagicalRecord+iCloud.h"; sourceTree = "<group>"; };
		A839C5BB17B2719900E6AFE9 /* MagicalRecord+iCloud.m */ = {isa = PBXFileReference; fileEncoding = 4; lastKnownFileType = sourcecode.c.objc; path = "MagicalRecord+iCloud.m"; sourceTree = "<group>"; };
		A839C5BC17B2719900E6AFE9 /* MagicalRecord+Options.h */ = {isa = PBXFileReference; fileEncoding = 4; lastKnownFileType = sourcecode.c.h; path = "MagicalRecord+Options.h"; sourceTree = "<group>"; };
		A839C5BD17B2719900E6AFE9 /* MagicalRecord+Options.m */ = {isa = PBXFileReference; fileEncoding = 4; lastKnownFileType = sourcecode.c.objc; path = "MagicalRecord+Options.m"; sourceTree = "<group>"; };
		A839C5BE17B2719900E6AFE9 /* MagicalRecord+Setup.h */ = {isa = PBXFileReference; fileEncoding = 4; lastKnownFileType = sourcecode.c.h; path = "MagicalRecord+Setup.h"; sourceTree = "<group>"; };
		A839C5BF17B2719900E6AFE9 /* MagicalRecord+Setup.m */ = {isa = PBXFileReference; fileEncoding = 4; lastKnownFileType = sourcecode.c.objc; path = "MagicalRecord+Setup.m"; sourceTree = "<group>"; };
		A839C5C017B2719900E6AFE9 /* MagicalRecord+ShorthandSupport.h */ = {isa = PBXFileReference; fileEncoding = 4; lastKnownFileType = sourcecode.c.h; path = "MagicalRecord+ShorthandSupport.h"; sourceTree = "<group>"; };
		A839C5C117B2719900E6AFE9 /* MagicalRecord+ShorthandSupport.m */ = {isa = PBXFileReference; fileEncoding = 4; lastKnownFileType = sourcecode.c.objc; path = "MagicalRecord+ShorthandSupport.m"; sourceTree = "<group>"; };
		A839C5C217B2719900E6AFE9 /* MagicalRecord.h */ = {isa = PBXFileReference; fileEncoding = 4; lastKnownFileType = sourcecode.c.h; path = MagicalRecord.h; sourceTree = "<group>"; };
		A839C5C317B2719900E6AFE9 /* MagicalRecord.m */ = {isa = PBXFileReference; fileEncoding = 4; lastKnownFileType = sourcecode.c.objc; path = MagicalRecord.m; sourceTree = "<group>"; };
		A839C5C417B2719900E6AFE9 /* MagicalRecordShorthand.h */ = {isa = PBXFileReference; fileEncoding = 4; lastKnownFileType = sourcecode.c.h; path = MagicalRecordShorthand.h; sourceTree = "<group>"; };
		A839C5C517B2719900E6AFE9 /* CoreData+MagicalRecord.h */ = {isa = PBXFileReference; fileEncoding = 4; lastKnownFileType = sourcecode.c.h; path = "CoreData+MagicalRecord.h"; sourceTree = "<group>"; };
		A839C5E417B2785A00E6AFE9 /* CDUser.h */ = {isa = PBXFileReference; fileEncoding = 4; lastKnownFileType = sourcecode.c.h; name = CDUser.h; path = KMInstagram/KMModel/KMCoreDataModel/CDUser.h; sourceTree = SOURCE_ROOT; };
		A839C5E517B2785A00E6AFE9 /* CDUser.m */ = {isa = PBXFileReference; fileEncoding = 4; lastKnownFileType = sourcecode.c.objc; name = CDUser.m; path = KMInstagram/KMModel/KMCoreDataModel/CDUser.m; sourceTree = SOURCE_ROOT; };
		A839C5E717B2785B00E6AFE9 /* CDComment.h */ = {isa = PBXFileReference; fileEncoding = 4; lastKnownFileType = sourcecode.c.h; name = CDComment.h; path = KMInstagram/KMModel/KMCoreDataModel/CDComment.h; sourceTree = SOURCE_ROOT; };
		A839C5E817B2785B00E6AFE9 /* CDComment.m */ = {isa = PBXFileReference; fileEncoding = 4; lastKnownFileType = sourcecode.c.objc; name = CDComment.m; path = KMInstagram/KMModel/KMCoreDataModel/CDComment.m; sourceTree = SOURCE_ROOT; };
		A839C5EA17B2785B00E6AFE9 /* CDPagination.h */ = {isa = PBXFileReference; fileEncoding = 4; lastKnownFileType = sourcecode.c.h; name = CDPagination.h; path = KMInstagram/KMModel/KMCoreDataModel/CDPagination.h; sourceTree = SOURCE_ROOT; };
		A839C5EB17B2785B00E6AFE9 /* CDPagination.m */ = {isa = PBXFileReference; fileEncoding = 4; lastKnownFileType = sourcecode.c.objc; name = CDPagination.m; path = KMInstagram/KMModel/KMCoreDataModel/CDPagination.m; sourceTree = SOURCE_ROOT; };
		A839C5ED17B2785B00E6AFE9 /* CDCaption.h */ = {isa = PBXFileReference; fileEncoding = 4; lastKnownFileType = sourcecode.c.h; name = CDCaption.h; path = KMInstagram/KMModel/KMCoreDataModel/CDCaption.h; sourceTree = SOURCE_ROOT; };
		A839C5EE17B2785B00E6AFE9 /* CDCaption.m */ = {isa = PBXFileReference; fileEncoding = 4; lastKnownFileType = sourcecode.c.objc; name = CDCaption.m; path = KMInstagram/KMModel/KMCoreDataModel/CDCaption.m; sourceTree = SOURCE_ROOT; };
		A839C5F017B2785B00E6AFE9 /* CDFeed.h */ = {isa = PBXFileReference; fileEncoding = 4; lastKnownFileType = sourcecode.c.h; name = CDFeed.h; path = KMInstagram/KMModel/KMCoreDataModel/CDFeed.h; sourceTree = SOURCE_ROOT; };
		A839C5F117B2785B00E6AFE9 /* CDFeed.m */ = {isa = PBXFileReference; fileEncoding = 4; lastKnownFileType = sourcecode.c.objc; name = CDFeed.m; path = KMInstagram/KMModel/KMCoreDataModel/CDFeed.m; sourceTree = SOURCE_ROOT; };
		A839C5F317B2785B00E6AFE9 /* CDTag.h */ = {isa = PBXFileReference; fileEncoding = 4; lastKnownFileType = sourcecode.c.h; name = CDTag.h; path = KMInstagram/KMModel/KMCoreDataModel/CDTag.h; sourceTree = SOURCE_ROOT; };
		A839C5F417B2785B00E6AFE9 /* CDTag.m */ = {isa = PBXFileReference; fileEncoding = 4; lastKnownFileType = sourcecode.c.objc; name = CDTag.m; path = KMInstagram/KMModel/KMCoreDataModel/CDTag.m; sourceTree = SOURCE_ROOT; };
		A839C5F617B2797200E6AFE9 /* CDEditingProtocol.h */ = {isa = PBXFileReference; fileEncoding = 4; lastKnownFileType = sourcecode.c.h; path = CDEditingProtocol.h; sourceTree = "<group>"; };
		A839C5FA17B29D9000E6AFE9 /* KMDataCacheRequestManager.h */ = {isa = PBXFileReference; fileEncoding = 4; lastKnownFileType = sourcecode.c.h; path = KMDataCacheRequestManager.h; sourceTree = "<group>"; };
		A839C5FB17B29D9000E6AFE9 /* KMDataCacheRequestManager.m */ = {isa = PBXFileReference; fileEncoding = 4; lastKnownFileType = sourcecode.c.objc; path = KMDataCacheRequestManager.m; sourceTree = "<group>"; };
		A839C61117B2B6E500E6AFE9 /* KMDataStoreManager.h */ = {isa = PBXFileReference; fileEncoding = 4; lastKnownFileType = sourcecode.c.h; path = KMDataStoreManager.h; sourceTree = "<group>"; };
		A839C61217B2B6E500E6AFE9 /* KMDataStoreManager.m */ = {isa = PBXFileReference; fileEncoding = 4; lastKnownFileType = sourcecode.c.objc; path = KMDataStoreManager.m; sourceTree = "<group>"; };
		A88EE7A617B0CF5A00DC75A2 /* KMInstagram.app */ = {isa = PBXFileReference; explicitFileType = wrapper.application; includeInIndex = 0; path = KMInstagram.app; sourceTree = BUILT_PRODUCTS_DIR; };
		A88EE7A917B0CF5A00DC75A2 /* UIKit.framework */ = {isa = PBXFileReference; lastKnownFileType = wrapper.framework; name = UIKit.framework; path = System/Library/Frameworks/UIKit.framework; sourceTree = SDKROOT; };
		A88EE7AB17B0CF5A00DC75A2 /* Foundation.framework */ = {isa = PBXFileReference; lastKnownFileType = wrapper.framework; name = Foundation.framework; path = System/Library/Frameworks/Foundation.framework; sourceTree = SDKROOT; };
		A88EE7AD17B0CF5A00DC75A2 /* CoreGraphics.framework */ = {isa = PBXFileReference; lastKnownFileType = wrapper.framework; name = CoreGraphics.framework; path = System/Library/Frameworks/CoreGraphics.framework; sourceTree = SDKROOT; };
		A88EE7AF17B0CF5A00DC75A2 /* CoreData.framework */ = {isa = PBXFileReference; lastKnownFileType = wrapper.framework; name = CoreData.framework; path = System/Library/Frameworks/CoreData.framework; sourceTree = SDKROOT; };
		A88EE7B317B0CF5A00DC75A2 /* KMInstagram-Info.plist */ = {isa = PBXFileReference; lastKnownFileType = text.plist.xml; path = "KMInstagram-Info.plist"; sourceTree = "<group>"; };
		A88EE7B517B0CF5A00DC75A2 /* en */ = {isa = PBXFileReference; lastKnownFileType = text.plist.strings; name = en; path = en.lproj/InfoPlist.strings; sourceTree = "<group>"; };
		A88EE7B717B0CF5A00DC75A2 /* main.m */ = {isa = PBXFileReference; lastKnownFileType = sourcecode.c.objc; path = main.m; sourceTree = "<group>"; };
		A88EE7B917B0CF5A00DC75A2 /* KMInstagram-Prefix.pch */ = {isa = PBXFileReference; lastKnownFileType = sourcecode.c.h; path = "KMInstagram-Prefix.pch"; sourceTree = "<group>"; };
		A88EE7BA17B0CF5A00DC75A2 /* KMAppDelegate.h */ = {isa = PBXFileReference; lastKnownFileType = sourcecode.c.h; path = KMAppDelegate.h; sourceTree = "<group>"; };
		A88EE7BB17B0CF5A00DC75A2 /* KMAppDelegate.m */ = {isa = PBXFileReference; lastKnownFileType = sourcecode.c.objc; path = KMAppDelegate.m; sourceTree = "<group>"; };
		A88EE7BD17B0CF5A00DC75A2 /* Default.png */ = {isa = PBXFileReference; lastKnownFileType = image.png; path = Default.png; sourceTree = "<group>"; };
		A88EE7BF17B0CF5A00DC75A2 /* Default@2x.png */ = {isa = PBXFileReference; lastKnownFileType = image.png; path = "Default@2x.png"; sourceTree = "<group>"; };
		A88EE7C117B0CF5A00DC75A2 /* Default-568h@2x.png */ = {isa = PBXFileReference; lastKnownFileType = image.png; path = "Default-568h@2x.png"; sourceTree = "<group>"; };
		A88EE7C417B0CF5A00DC75A2 /* KMInstagram.xcdatamodel */ = {isa = PBXFileReference; lastKnownFileType = wrapper.xcdatamodel; path = KMInstagram.xcdatamodel; sourceTree = "<group>"; };
		A88EE7DD17B0CF5A00DC75A2 /* KMInstagramTests.octest */ = {isa = PBXFileReference; explicitFileType = wrapper.cfbundle; includeInIndex = 0; path = KMInstagramTests.octest; sourceTree = BUILT_PRODUCTS_DIR; };
		A88EE7DE17B0CF5A00DC75A2 /* SenTestingKit.framework */ = {isa = PBXFileReference; lastKnownFileType = wrapper.framework; name = SenTestingKit.framework; path = Library/Frameworks/SenTestingKit.framework; sourceTree = DEVELOPER_DIR; };
		A88EE7E717B0CF5A00DC75A2 /* KMInstagramTests-Info.plist */ = {isa = PBXFileReference; lastKnownFileType = text.plist.xml; path = "KMInstagramTests-Info.plist"; sourceTree = "<group>"; };
		A88EE7E917B0CF5A00DC75A2 /* en */ = {isa = PBXFileReference; lastKnownFileType = text.plist.strings; name = en; path = en.lproj/InfoPlist.strings; sourceTree = "<group>"; };
		A88EE7EB17B0CF5A00DC75A2 /* KMInstagramTests.h */ = {isa = PBXFileReference; lastKnownFileType = sourcecode.c.h; path = KMInstagramTests.h; sourceTree = "<group>"; };
		A88EE7EC17B0CF5A00DC75A2 /* KMInstagramTests.m */ = {isa = PBXFileReference; lastKnownFileType = sourcecode.c.objc; path = KMInstagramTests.m; sourceTree = "<group>"; };
		A88EE80F17B0D0C200DC75A2 /* KMBaseDataStoreManager.h */ = {isa = PBXFileReference; fileEncoding = 4; lastKnownFileType = sourcecode.c.h; path = KMBaseDataStoreManager.h; sourceTree = "<group>"; };
		A88EE81017B0D0C200DC75A2 /* KMBaseDataStoreManager.m */ = {isa = PBXFileReference; fileEncoding = 4; lastKnownFileType = sourcecode.c.objc; path = KMBaseDataStoreManager.m; sourceTree = "<group>"; };
		A88EE81617B0D1EB00DC75A2 /* KMBaseVC.h */ = {isa = PBXFileReference; fileEncoding = 4; lastKnownFileType = sourcecode.c.h; path = KMBaseVC.h; sourceTree = "<group>"; };
		A88EE81717B0D1EB00DC75A2 /* KMBaseVC.m */ = {isa = PBXFileReference; fileEncoding = 4; lastKnownFileType = sourcecode.c.objc; path = KMBaseVC.m; sourceTree = "<group>"; };
		A88EE81917B0D20B00DC75A2 /* KMBaseTableVC.h */ = {isa = PBXFileReference; fileEncoding = 4; lastKnownFileType = sourcecode.c.h; path = KMBaseTableVC.h; sourceTree = "<group>"; };
		A88EE81A17B0D20B00DC75A2 /* KMBaseTableVC.m */ = {isa = PBXFileReference; fileEncoding = 4; lastKnownFileType = sourcecode.c.objc; path = KMBaseTableVC.m; sourceTree = "<group>"; };
		A88EE81C17B0D38B00DC75A2 /* KMLoginVC.h */ = {isa = PBXFileReference; fileEncoding = 4; lastKnownFileType = sourcecode.c.h; path = KMLoginVC.h; sourceTree = "<group>"; };
		A88EE81D17B0D38B00DC75A2 /* KMLoginVC.m */ = {isa = PBXFileReference; fileEncoding = 4; lastKnownFileType = sourcecode.c.objc; path = KMLoginVC.m; sourceTree = "<group>"; };
		A88EE81E17B0D38B00DC75A2 /* KMLoginVC.xib */ = {isa = PBXFileReference; fileEncoding = 4; lastKnownFileType = file.xib; path = KMLoginVC.xib; sourceTree = "<group>"; };
		A88EE82317B0D71900DC75A2 /* BlocksTypedefs.h */ = {isa = PBXFileReference; fileEncoding = 4; lastKnownFileType = sourcecode.c.h; path = BlocksTypedefs.h; sourceTree = "<group>"; };
		A88EE82417B0D71900DC75A2 /* Singleton.h */ = {isa = PBXFileReference; fileEncoding = 4; lastKnownFileType = sourcecode.c.h; path = Singleton.h; sourceTree = "<group>"; };
		A88EE82517B0D8AA00DC75A2 /* KMInstagramAuthVC.h */ = {isa = PBXFileReference; fileEncoding = 4; lastKnownFileType = sourcecode.c.h; path = KMInstagramAuthVC.h; sourceTree = "<group>"; };
		A88EE82617B0D8AA00DC75A2 /* KMInstagramAuthVC.m */ = {isa = PBXFileReference; fileEncoding = 4; lastKnownFileType = sourcecode.c.objc; path = KMInstagramAuthVC.m; sourceTree = "<group>"; };
		A88EE82717B0D8AA00DC75A2 /* KMInstagramAuthVC.xib */ = {isa = PBXFileReference; fileEncoding = 4; lastKnownFileType = file.xib; path = KMInstagramAuthVC.xib; sourceTree = "<group>"; };
		A88EE82B17B0E22400DC75A2 /* NSString+KMQueryString.h */ = {isa = PBXFileReference; fileEncoding = 4; lastKnownFileType = sourcecode.c.h; path = "NSString+KMQueryString.h"; sourceTree = "<group>"; };
		A88EE82C17B0E22400DC75A2 /* NSString+KMQueryString.m */ = {isa = PBXFileReference; fileEncoding = 4; lastKnownFileType = sourcecode.c.objc; path = "NSString+KMQueryString.m"; sourceTree = "<group>"; };
		A88EE82E17B0E5B500DC75A2 /* KMUserFeedTVC.h */ = {isa = PBXFileReference; fileEncoding = 4; lastKnownFileType = sourcecode.c.h; path = KMUserFeedTVC.h; sourceTree = "<group>"; };
		A88EE82F17B0E5B500DC75A2 /* KMUserFeedTVC.m */ = {isa = PBXFileReference; fileEncoding = 4; lastKnownFileType = sourcecode.c.objc; path = KMUserFeedTVC.m; sourceTree = "<group>"; };
		A88EE83017B0E5B500DC75A2 /* KMUserFeedTVC.xib */ = {isa = PBXFileReference; fileEncoding = 4; lastKnownFileType = file.xib; path = KMUserFeedTVC.xib; sourceTree = "<group>"; };
		A88EE83317B0E94300DC75A2 /* KMAPIController.h */ = {isa = PBXFileReference; fileEncoding = 4; lastKnownFileType = sourcecode.c.h; path = KMAPIController.h; sourceTree = "<group>"; };
		A88EE83417B0E94300DC75A2 /* KMAPIController.m */ = {isa = PBXFileReference; fileEncoding = 4; lastKnownFileType = sourcecode.c.objc; path = KMAPIController.m; sourceTree = "<group>"; };
		A88EE83717B0E9CD00DC75A2 /* AFHTTPClient.h */ = {isa = PBXFileReference; fileEncoding = 4; lastKnownFileType = sourcecode.c.h; path = AFHTTPClient.h; sourceTree = "<group>"; };
		A88EE83817B0E9CD00DC75A2 /* AFHTTPClient.m */ = {isa = PBXFileReference; fileEncoding = 4; lastKnownFileType = sourcecode.c.objc; path = AFHTTPClient.m; sourceTree = "<group>"; };
		A88EE83917B0E9CD00DC75A2 /* AFHTTPRequestOperation.h */ = {isa = PBXFileReference; fileEncoding = 4; lastKnownFileType = sourcecode.c.h; path = AFHTTPRequestOperation.h; sourceTree = "<group>"; };
		A88EE83A17B0E9CD00DC75A2 /* AFHTTPRequestOperation.m */ = {isa = PBXFileReference; fileEncoding = 4; lastKnownFileType = sourcecode.c.objc; path = AFHTTPRequestOperation.m; sourceTree = "<group>"; };
		A88EE83B17B0E9CD00DC75A2 /* AFImageRequestOperation.h */ = {isa = PBXFileReference; fileEncoding = 4; lastKnownFileType = sourcecode.c.h; path = AFImageRequestOperation.h; sourceTree = "<group>"; };
		A88EE83C17B0E9CD00DC75A2 /* AFImageRequestOperation.m */ = {isa = PBXFileReference; fileEncoding = 4; lastKnownFileType = sourcecode.c.objc; path = AFImageRequestOperation.m; sourceTree = "<group>"; };
		A88EE83D17B0E9CD00DC75A2 /* AFJSONRequestOperation.h */ = {isa = PBXFileReference; fileEncoding = 4; lastKnownFileType = sourcecode.c.h; path = AFJSONRequestOperation.h; sourceTree = "<group>"; };
		A88EE83E17B0E9CD00DC75A2 /* AFJSONRequestOperation.m */ = {isa = PBXFileReference; fileEncoding = 4; lastKnownFileType = sourcecode.c.objc; path = AFJSONRequestOperation.m; sourceTree = "<group>"; };
		A88EE83F17B0E9CD00DC75A2 /* AFNetworkActivityIndicatorManager.h */ = {isa = PBXFileReference; fileEncoding = 4; lastKnownFileType = sourcecode.c.h; path = AFNetworkActivityIndicatorManager.h; sourceTree = "<group>"; };
		A88EE84017B0E9CD00DC75A2 /* AFNetworkActivityIndicatorManager.m */ = {isa = PBXFileReference; fileEncoding = 4; lastKnownFileType = sourcecode.c.objc; path = AFNetworkActivityIndicatorManager.m; sourceTree = "<group>"; };
		A88EE84117B0E9CD00DC75A2 /* AFNetworking.h */ = {isa = PBXFileReference; fileEncoding = 4; lastKnownFileType = sourcecode.c.h; path = AFNetworking.h; sourceTree = "<group>"; };
		A88EE84217B0E9CD00DC75A2 /* AFPropertyListRequestOperation.h */ = {isa = PBXFileReference; fileEncoding = 4; lastKnownFileType = sourcecode.c.h; path = AFPropertyListRequestOperation.h; sourceTree = "<group>"; };
		A88EE84317B0E9CD00DC75A2 /* AFPropertyListRequestOperation.m */ = {isa = PBXFileReference; fileEncoding = 4; lastKnownFileType = sourcecode.c.objc; path = AFPropertyListRequestOperation.m; sourceTree = "<group>"; };
		A88EE84417B0E9CD00DC75A2 /* AFURLConnectionOperation.h */ = {isa = PBXFileReference; fileEncoding = 4; lastKnownFileType = sourcecode.c.h; path = AFURLConnectionOperation.h; sourceTree = "<group>"; };
		A88EE84517B0E9CD00DC75A2 /* AFURLConnectionOperation.m */ = {isa = PBXFileReference; fileEncoding = 4; lastKnownFileType = sourcecode.c.objc; path = AFURLConnectionOperation.m; sourceTree = "<group>"; };
		A88EE84617B0E9CD00DC75A2 /* AFXMLRequestOperation.h */ = {isa = PBXFileReference; fileEncoding = 4; lastKnownFileType = sourcecode.c.h; path = AFXMLRequestOperation.h; sourceTree = "<group>"; };
		A88EE84717B0E9CD00DC75A2 /* AFXMLRequestOperation.m */ = {isa = PBXFileReference; fileEncoding = 4; lastKnownFileType = sourcecode.c.objc; path = AFXMLRequestOperation.m; sourceTree = "<group>"; };
		A88EE84817B0E9CD00DC75A2 /* UIImageView+AFNetworking.h */ = {isa = PBXFileReference; fileEncoding = 4; lastKnownFileType = sourcecode.c.h; path = "UIImageView+AFNetworking.h"; sourceTree = "<group>"; };
		A88EE84917B0E9CD00DC75A2 /* UIImageView+AFNetworking.m */ = {isa = PBXFileReference; fileEncoding = 4; lastKnownFileType = sourcecode.c.objc; path = "UIImageView+AFNetworking.m"; sourceTree = "<group>"; };
		A88EE85317B0EA1100DC75A2 /* SystemConfiguration.framework */ = {isa = PBXFileReference; lastKnownFileType = wrapper.framework; name = SystemConfiguration.framework; path = System/Library/Frameworks/SystemConfiguration.framework; sourceTree = SDKROOT; };
		A88EE85517B0EA4D00DC75A2 /* MobileCoreServices.framework */ = {isa = PBXFileReference; lastKnownFileType = wrapper.framework; name = MobileCoreServices.framework; path = System/Library/Frameworks/MobileCoreServices.framework; sourceTree = SDKROOT; };
		A88EE85717B0EAFA00DC75A2 /* Security.framework */ = {isa = PBXFileReference; lastKnownFileType = wrapper.framework; name = Security.framework; path = System/Library/Frameworks/Security.framework; sourceTree = SDKROOT; };
		A88EE85B17B0EC1400DC75A2 /* KMLoginVC_Ipad.xib */ = {isa = PBXFileReference; fileEncoding = 4; lastKnownFileType = file.xib; path = KMLoginVC_Ipad.xib; sourceTree = "<group>"; };
		A88EE85D17B0EDC800DC75A2 /* KMUserAuthManager.h */ = {isa = PBXFileReference; fileEncoding = 4; lastKnownFileType = sourcecode.c.h; path = KMUserAuthManager.h; sourceTree = "<group>"; };
		A88EE85E17B0EDC800DC75A2 /* KMUserAuthManager.m */ = {isa = PBXFileReference; fileEncoding = 4; lastKnownFileType = sourcecode.c.objc; path = KMUserAuthManager.m; sourceTree = "<group>"; };
		A88EE86217B0F1E000DC75A2 /* NSError+KMAdditions.h */ = {isa = PBXFileReference; fileEncoding = 4; lastKnownFileType = sourcecode.c.h; path = "NSError+KMAdditions.h"; sourceTree = "<group>"; };
		A88EE86317B0F1E000DC75A2 /* NSError+KMAdditions.m */ = {isa = PBXFileReference; fileEncoding = 4; lastKnownFileType = sourcecode.c.objc; path = "NSError+KMAdditions.m"; sourceTree = "<group>"; };
		A88EE86517B0FCFA00DC75A2 /* KMBaseTVCell.h */ = {isa = PBXFileReference; fileEncoding = 4; lastKnownFileType = sourcecode.c.h; path = KMBaseTVCell.h; sourceTree = "<group>"; };
		A88EE86617B0FCFA00DC75A2 /* KMBaseTVCell.m */ = {isa = PBXFileReference; fileEncoding = 4; lastKnownFileType = sourcecode.c.objc; path = KMBaseTVCell.m; sourceTree = "<group>"; };
		A88EE86A17B102ED00DC75A2 /* EGORefreshTableHeaderView.h */ = {isa = PBXFileReference; fileEncoding = 4; lastKnownFileType = sourcecode.c.h; path = EGORefreshTableHeaderView.h; sourceTree = "<group>"; };
		A88EE86B17B102ED00DC75A2 /* EGORefreshTableHeaderView.m */ = {isa = PBXFileReference; fileEncoding = 4; lastKnownFileType = sourcecode.c.objc; path = EGORefreshTableHeaderView.m; sourceTree = "<group>"; };
		A88EE86C17B102ED00DC75A2 /* PullToRefreshArrow.png */ = {isa = PBXFileReference; lastKnownFileType = image.png; path = PullToRefreshArrow.png; sourceTree = "<group>"; };
		A88EE86D17B102ED00DC75A2 /* PullToRefreshArrow@2x.png */ = {isa = PBXFileReference; lastKnownFileType = image.png; path = "PullToRefreshArrow@2x.png"; sourceTree = "<group>"; };
		A88EE87117B1034000DC75A2 /* NSDateFormatter+Extensions.h */ = {isa = PBXFileReference; fileEncoding = 4; lastKnownFileType = sourcecode.c.h; path = "NSDateFormatter+Extensions.h"; sourceTree = "<group>"; };
		A88EE87217B1034100DC75A2 /* NSDateFormatter+Extensions.m */ = {isa = PBXFileReference; fileEncoding = 4; lastKnownFileType = sourcecode.c.objc; path = "NSDateFormatter+Extensions.m"; sourceTree = "<group>"; };
		A88EE87417B1038800DC75A2 /* NSDate+Extensions.h */ = {isa = PBXFileReference; fileEncoding = 4; lastKnownFileType = sourcecode.c.h; path = "NSDate+Extensions.h"; sourceTree = "<group>"; };
		A88EE87517B1038800DC75A2 /* NSDate+Extensions.m */ = {isa = PBXFileReference; fileEncoding = 4; lastKnownFileType = sourcecode.c.objc; path = "NSDate+Extensions.m"; sourceTree = "<group>"; };
		A88EE87C17B1044300DC75A2 /* QuartzCore.framework */ = {isa = PBXFileReference; lastKnownFileType = wrapper.framework; name = QuartzCore.framework; path = System/Library/Frameworks/QuartzCore.framework; sourceTree = SDKROOT; };
		A88EE87E17B1071100DC75A2 /* KMInstagramSettings.h */ = {isa = PBXFileReference; fileEncoding = 4; lastKnownFileType = sourcecode.c.h; path = KMInstagramSettings.h; sourceTree = "<group>"; };
		A88EE87F17B1071300DC75A2 /* KMInstagramSettings.m */ = {isa = PBXFileReference; fileEncoding = 4; lastKnownFileType = sourcecode.c.objc; path = KMInstagramSettings.m; sourceTree = "<group>"; };
		A88EE88117B10BE400DC75A2 /* KMBaseRefreshTVC.h */ = {isa = PBXFileReference; fileEncoding = 4; lastKnownFileType = sourcecode.c.h; path = KMBaseRefreshTVC.h; sourceTree = "<group>"; };
		A88EE88217B10BE400DC75A2 /* KMBaseRefreshTVC.m */ = {isa = PBXFileReference; fileEncoding = 4; lastKnownFileType = sourcecode.c.objc; path = KMBaseRefreshTVC.m; sourceTree = "<group>"; };
		A88EE88417B10EC100DC75A2 /* KMUserFeedsTVCell.h */ = {isa = PBXFileReference; fileEncoding = 4; lastKnownFileType = sourcecode.c.h; path = KMUserFeedsTVCell.h; sourceTree = "<group>"; };
		A88EE88517B10EC100DC75A2 /* KMUserFeedsTVCell.m */ = {isa = PBXFileReference; fileEncoding = 4; lastKnownFileType = sourcecode.c.objc; path = KMUserFeedsTVCell.m; sourceTree = "<group>"; };
		A88EE88717B10EDD00DC75A2 /* KMUserFeedsTVCell.xib */ = {isa = PBXFileReference; fileEncoding = 4; lastKnownFileType = file.xib; path = KMUserFeedsTVCell.xib; sourceTree = "<group>"; };
		A88EE88B17B113EA00DC75A2 /* KMInstagramRequestClient.h */ = {isa = PBXFileReference; fileEncoding = 4; lastKnownFileType = sourcecode.c.h; path = KMInstagramRequestClient.h; sourceTree = "<group>"; };
		A88EE88C17B113EA00DC75A2 /* KMInstagramRequestClient.m */ = {isa = PBXFileReference; fileEncoding = 4; lastKnownFileType = sourcecode.c.objc; path = KMInstagramRequestClient.m; sourceTree = "<group>"; };
		A88EE89417B11BBB00DC75A2 /* JSONKit.h */ = {isa = PBXFileReference; fileEncoding = 4; lastKnownFileType = sourcecode.c.h; path = JSONKit.h; sourceTree = "<group>"; };
		A88EE89517B11BBB00DC75A2 /* JSONKit.m */ = {isa = PBXFileReference; fileEncoding = 4; lastKnownFileType = sourcecode.c.objc; path = JSONKit.m; sourceTree = "<group>"; };
		A88EE8AF17B16FDE00DC75A2 /* KMFeedDetailContainerVC.h */ = {isa = PBXFileReference; fileEncoding = 4; lastKnownFileType = sourcecode.c.h; path = KMFeedDetailContainerVC.h; sourceTree = "<group>"; };
		A88EE8B017B16FDE00DC75A2 /* KMFeedDetailContainerVC.m */ = {isa = PBXFileReference; fileEncoding = 4; lastKnownFileType = sourcecode.c.objc; path = KMFeedDetailContainerVC.m; sourceTree = "<group>"; };
		A88EE8B117B16FDE00DC75A2 /* KMFeedDetailContainerVC.xib */ = {isa = PBXFileReference; fileEncoding = 4; lastKnownFileType = file.xib; path = KMFeedDetailContainerVC.xib; sourceTree = "<group>"; };
		A88EE8B417B1714A00DC75A2 /* KMFeedLikesTVC.h */ = {isa = PBXFileReference; fileEncoding = 4; lastKnownFileType = sourcecode.c.h; path = KMFeedLikesTVC.h; sourceTree = "<group>"; };
		A88EE8B517B1714B00DC75A2 /* KMFeedLikesTVC.m */ = {isa = PBXFileReference; fileEncoding = 4; lastKnownFileType = sourcecode.c.objc; path = KMFeedLikesTVC.m; sourceTree = "<group>"; };
		A88EE8B617B1714B00DC75A2 /* KMFeedLikesTVC.xib */ = {isa = PBXFileReference; fileEncoding = 4; lastKnownFileType = file.xib; path = KMFeedLikesTVC.xib; sourceTree = "<group>"; };
		A88EE8B917B171D400DC75A2 /* KMFeedCommentsTVC.h */ = {isa = PBXFileReference; fileEncoding = 4; lastKnownFileType = sourcecode.c.h; path = KMFeedCommentsTVC.h; sourceTree = "<group>"; };
		A88EE8BA17B171D400DC75A2 /* KMFeedCommentsTVC.m */ = {isa = PBXFileReference; fileEncoding = 4; lastKnownFileType = sourcecode.c.objc; path = KMFeedCommentsTVC.m; sourceTree = "<group>"; };
		A88EE8BB17B171D400DC75A2 /* KMFeedCommentsTVC.xib */ = {isa = PBXFileReference; fileEncoding = 4; lastKnownFileType = file.xib; path = KMFeedCommentsTVC.xib; sourceTree = "<group>"; };
		A88EE8BF17B1734100DC75A2 /* UIView+NIB.h */ = {isa = PBXFileReference; fileEncoding = 4; lastKnownFileType = sourcecode.c.h; path = "UIView+NIB.h"; sourceTree = "<group>"; };
		A88EE8C017B1734200DC75A2 /* UIView+NIB.m */ = {isa = PBXFileReference; fileEncoding = 4; lastKnownFileType = sourcecode.c.objc; path = "UIView+NIB.m"; sourceTree = "<group>"; };
		A88EE8C317B173EA00DC75A2 /* BASegmentedControl.h */ = {isa = PBXFileReference; fileEncoding = 4; lastKnownFileType = sourcecode.c.h; path = BASegmentedControl.h; sourceTree = "<group>"; };
		A88EE8C417B173EA00DC75A2 /* BASegmentedControl.m */ = {isa = PBXFileReference; fileEncoding = 4; lastKnownFileType = sourcecode.c.objc; path = BASegmentedControl.m; sourceTree = "<group>"; };
		A88EE8C517B173EB00DC75A2 /* BASegmentedControl.xib */ = {isa = PBXFileReference; fileEncoding = 4; lastKnownFileType = file.xib; path = BASegmentedControl.xib; sourceTree = "<group>"; };
		A8B6B67617B392480079C88C /* FGPagingTableViewCell.h */ = {isa = PBXFileReference; fileEncoding = 4; lastKnownFileType = sourcecode.c.h; path = FGPagingTableViewCell.h; sourceTree = "<group>"; };
		A8B6B67717B392480079C88C /* FGPagingTableViewCell.m */ = {isa = PBXFileReference; fileEncoding = 4; lastKnownFileType = sourcecode.c.objc; path = FGPagingTableViewCell.m; sourceTree = "<group>"; };
		A8B6B67817B392480079C88C /* FGPagingTableViewCell.xib */ = {isa = PBXFileReference; fileEncoding = 4; lastKnownFileType = file.xib; path = FGPagingTableViewCell.xib; sourceTree = "<group>"; };
		A8B6B67C17B3AB3A0079C88C /* KMComment.h */ = {isa = PBXFileReference; fileEncoding = 4; lastKnownFileType = sourcecode.c.h; path = KMComment.h; sourceTree = "<group>"; };
		A8B6B67D17B3AB3A0079C88C /* KMComment.m */ = {isa = PBXFileReference; fileEncoding = 4; lastKnownFileType = sourcecode.c.objc; path = KMComment.m; sourceTree = "<group>"; };
		A8B6B67E17B3AB3A0079C88C /* KMStoroableProtocol.h */ = {isa = PBXFileReference; fileEncoding = 4; lastKnownFileType = sourcecode.c.h; path = KMStoroableProtocol.h; sourceTree = "<group>"; };
		A8B6B67F17B3AB3A0079C88C /* KMUser.h */ = {isa = PBXFileReference; fileEncoding = 4; lastKnownFileType = sourcecode.c.h; path = KMUser.h; sourceTree = "<group>"; };
		A8B6B68017B3AB3A0079C88C /* KMUser.m */ = {isa = PBXFileReference; fileEncoding = 4; lastKnownFileType = sourcecode.c.objc; path = KMUser.m; sourceTree = "<group>"; };
/* End PBXFileReference section */

/* Begin PBXFrameworksBuildPhase section */
		A88EE7A317B0CF5A00DC75A2 /* Frameworks */ = {
			isa = PBXFrameworksBuildPhase;
			buildActionMask = 2147483647;
			files = (
				A88EE87D17B1044400DC75A2 /* QuartzCore.framework in Frameworks */,
				A88EE85817B0EAFA00DC75A2 /* Security.framework in Frameworks */,
				A88EE85617B0EA4E00DC75A2 /* MobileCoreServices.framework in Frameworks */,
				A88EE85417B0EA1200DC75A2 /* SystemConfiguration.framework in Frameworks */,
				A88EE7AA17B0CF5A00DC75A2 /* UIKit.framework in Frameworks */,
				A88EE7AC17B0CF5A00DC75A2 /* Foundation.framework in Frameworks */,
				A88EE7AE17B0CF5A00DC75A2 /* CoreGraphics.framework in Frameworks */,
				A88EE7B017B0CF5A00DC75A2 /* CoreData.framework in Frameworks */,
			);
			runOnlyForDeploymentPostprocessing = 0;
		};
		A88EE7D917B0CF5A00DC75A2 /* Frameworks */ = {
			isa = PBXFrameworksBuildPhase;
			buildActionMask = 2147483647;
			files = (
				A88EE7DF17B0CF5A00DC75A2 /* SenTestingKit.framework in Frameworks */,
				A88EE7E017B0CF5A00DC75A2 /* UIKit.framework in Frameworks */,
				A88EE7E117B0CF5A00DC75A2 /* Foundation.framework in Frameworks */,
				A88EE7E217B0CF5A00DC75A2 /* CoreData.framework in Frameworks */,
			);
			runOnlyForDeploymentPostprocessing = 0;
		};
/* End PBXFrameworksBuildPhase section */

/* Begin PBXGroup section */
		A839C56B17B23F6C00E6AFE9 /* KMFeedDetailTVCells */ = {
			isa = PBXGroup;
			children = (
				A839C56C17B23FA000E6AFE9 /* KMTableAnimatingHeaderView.h */,
				A839C56D17B23FA000E6AFE9 /* KMTableAnimatingHeaderView.m */,
				A839C56F17B23FAB00E6AFE9 /* KMTableAnimatingHeaderView.xib */,
				A839C57117B2438800E6AFE9 /* KMCellFeedLikeTVCell.h */,
				A839C57217B2438800E6AFE9 /* KMCellFeedLikeTVCell.m */,
				A839C57417B2439700E6AFE9 /* KMCellFeedLikeTVCell.xib */,
				A839C57617B243D900E6AFE9 /* KMCommentTVCell.h */,
				A839C57717B243D900E6AFE9 /* KMCommentTVCell.m */,
				A839C57917B243E800E6AFE9 /* KMCommentTVCell.xib */,
			);
			path = KMFeedDetailTVCells;
			sourceTree = "<group>";
		};
		A839C58A17B2719900E6AFE9 /* MagicalRecord */ = {
			isa = PBXGroup;
			children = (
				A839C58B17B2719900E6AFE9 /* Categories */,
				A839C5B517B2719900E6AFE9 /* Core */,
				A839C5C517B2719900E6AFE9 /* CoreData+MagicalRecord.h */,
			);
			path = MagicalRecord;
			sourceTree = "<group>";
		};
		A839C58B17B2719900E6AFE9 /* Categories */ = {
			isa = PBXGroup;
			children = (
				A839C58C17B2719900E6AFE9 /* DataImport */,
				A839C59B17B2719900E6AFE9 /* NSManagedObject */,
				A839C5A617B2719900E6AFE9 /* NSManagedObjectContext */,
				A839C5AF17B2719900E6AFE9 /* NSManagedObjectModel+MagicalRecord.h */,
				A839C5B017B2719900E6AFE9 /* NSManagedObjectModel+MagicalRecord.m */,
				A839C5B117B2719900E6AFE9 /* NSPersistentStore+MagicalRecord.h */,
				A839C5B217B2719900E6AFE9 /* NSPersistentStore+MagicalRecord.m */,
				A839C5B317B2719900E6AFE9 /* NSPersistentStoreCoordinator+MagicalRecord.h */,
				A839C5B417B2719900E6AFE9 /* NSPersistentStoreCoordinator+MagicalRecord.m */,
			);
			path = Categories;
			sourceTree = "<group>";
		};
		A839C58C17B2719900E6AFE9 /* DataImport */ = {
			isa = PBXGroup;
			children = (
				A839C58D17B2719900E6AFE9 /* MagicalImportFunctions.h */,
				A839C58E17B2719900E6AFE9 /* MagicalImportFunctions.m */,
				A839C58F17B2719900E6AFE9 /* NSAttributeDescription+MagicalDataImport.h */,
				A839C59017B2719900E6AFE9 /* NSAttributeDescription+MagicalDataImport.m */,
				A839C59117B2719900E6AFE9 /* NSEntityDescription+MagicalDataImport.h */,
				A839C59217B2719900E6AFE9 /* NSEntityDescription+MagicalDataImport.m */,
				A839C59317B2719900E6AFE9 /* NSNumber+MagicalDataImport.h */,
				A839C59417B2719900E6AFE9 /* NSNumber+MagicalDataImport.m */,
				A839C59517B2719900E6AFE9 /* NSObject+MagicalDataImport.h */,
				A839C59617B2719900E6AFE9 /* NSObject+MagicalDataImport.m */,
				A839C59717B2719900E6AFE9 /* NSRelationshipDescription+MagicalDataImport.h */,
				A839C59817B2719900E6AFE9 /* NSRelationshipDescription+MagicalDataImport.m */,
				A839C59917B2719900E6AFE9 /* NSString+MagicalDataImport.h */,
				A839C59A17B2719900E6AFE9 /* NSString+MagicalDataImport.m */,
			);
			path = DataImport;
			sourceTree = "<group>";
		};
		A839C59B17B2719900E6AFE9 /* NSManagedObject */ = {
			isa = PBXGroup;
			children = (
				A839C59C17B2719900E6AFE9 /* NSManagedObject+MagicalAggregation.h */,
				A839C59D17B2719900E6AFE9 /* NSManagedObject+MagicalAggregation.m */,
				A839C59E17B2719900E6AFE9 /* NSManagedObject+MagicalDataImport.h */,
				A839C59F17B2719900E6AFE9 /* NSManagedObject+MagicalDataImport.m */,
				A839C5A017B2719900E6AFE9 /* NSManagedObject+MagicalFinders.h */,
				A839C5A117B2719900E6AFE9 /* NSManagedObject+MagicalFinders.m */,
				A839C5A217B2719900E6AFE9 /* NSManagedObject+MagicalRecord.h */,
				A839C5A317B2719900E6AFE9 /* NSManagedObject+MagicalRecord.m */,
				A839C5A417B2719900E6AFE9 /* NSManagedObject+MagicalRequests.h */,
				A839C5A517B2719900E6AFE9 /* NSManagedObject+MagicalRequests.m */,
			);
			path = NSManagedObject;
			sourceTree = "<group>";
		};
		A839C5A617B2719900E6AFE9 /* NSManagedObjectContext */ = {
			isa = PBXGroup;
			children = (
				A839C5A717B2719900E6AFE9 /* NSManagedObjectContext+MagicalObserving.h */,
				A839C5A817B2719900E6AFE9 /* NSManagedObjectContext+MagicalObserving.m */,
				A839C5A917B2719900E6AFE9 /* NSManagedObjectContext+MagicalRecord.h */,
				A839C5AA17B2719900E6AFE9 /* NSManagedObjectContext+MagicalRecord.m */,
				A839C5AB17B2719900E6AFE9 /* NSManagedObjectContext+MagicalSaves.h */,
				A839C5AC17B2719900E6AFE9 /* NSManagedObjectContext+MagicalSaves.m */,
				A839C5AD17B2719900E6AFE9 /* NSManagedObjectContext+MagicalThreading.h */,
				A839C5AE17B2719900E6AFE9 /* NSManagedObjectContext+MagicalThreading.m */,
			);
			path = NSManagedObjectContext;
			sourceTree = "<group>";
		};
		A839C5B517B2719900E6AFE9 /* Core */ = {
			isa = PBXGroup;
			children = (
				A839C5B617B2719900E6AFE9 /* MagicalRecord+Actions.h */,
				A839C5B717B2719900E6AFE9 /* MagicalRecord+Actions.m */,
				A839C5B817B2719900E6AFE9 /* MagicalRecord+ErrorHandling.h */,
				A839C5B917B2719900E6AFE9 /* MagicalRecord+ErrorHandling.m */,
				A839C5BA17B2719900E6AFE9 /* MagicalRecord+iCloud.h */,
				A839C5BB17B2719900E6AFE9 /* MagicalRecord+iCloud.m */,
				A839C5BC17B2719900E6AFE9 /* MagicalRecord+Options.h */,
				A839C5BD17B2719900E6AFE9 /* MagicalRecord+Options.m */,
				A839C5BE17B2719900E6AFE9 /* MagicalRecord+Setup.h */,
				A839C5BF17B2719900E6AFE9 /* MagicalRecord+Setup.m */,
				A839C5C017B2719900E6AFE9 /* MagicalRecord+ShorthandSupport.h */,
				A839C5C117B2719900E6AFE9 /* MagicalRecord+ShorthandSupport.m */,
				A839C5C217B2719900E6AFE9 /* MagicalRecord.h */,
				A839C5C317B2719900E6AFE9 /* MagicalRecord.m */,
				A839C5C417B2719900E6AFE9 /* MagicalRecordShorthand.h */,
			);
			path = Core;
			sourceTree = "<group>";
		};
		A839C5E017B2733300E6AFE9 /* KMCoreDataModel */ = {
			isa = PBXGroup;
			children = (
				A839C5F617B2797200E6AFE9 /* CDEditingProtocol.h */,
				A839C5F317B2785B00E6AFE9 /* CDTag.h */,
				A839C5F417B2785B00E6AFE9 /* CDTag.m */,
				A839C5F017B2785B00E6AFE9 /* CDFeed.h */,
				A839C5F117B2785B00E6AFE9 /* CDFeed.m */,
				A839C5ED17B2785B00E6AFE9 /* CDCaption.h */,
				A839C5EE17B2785B00E6AFE9 /* CDCaption.m */,
				A839C5EA17B2785B00E6AFE9 /* CDPagination.h */,
				A839C5EB17B2785B00E6AFE9 /* CDPagination.m */,
				A839C5E717B2785B00E6AFE9 /* CDComment.h */,
				A839C5E817B2785B00E6AFE9 /* CDComment.m */,
				A839C5E417B2785A00E6AFE9 /* CDUser.h */,
				A839C5E517B2785A00E6AFE9 /* CDUser.m */,
			);
			path = KMCoreDataModel;
			sourceTree = "<group>";
		};
		A839C5F917B29D4200E6AFE9 /* KMDataCacheRequestManager */ = {
			isa = PBXGroup;
			children = (
				A839C5FA17B29D9000E6AFE9 /* KMDataCacheRequestManager.h */,
				A839C5FB17B29D9000E6AFE9 /* KMDataCacheRequestManager.m */,
			);
			path = KMDataCacheRequestManager;
			sourceTree = "<group>";
		};
		A88EE79D17B0CF5A00DC75A2 = {
			isa = PBXGroup;
			children = (
				A88EE7F617B0D05700DC75A2 /* 3RD_Party */,
				A88EE7B117B0CF5A00DC75A2 /* KMInstagram */,
				A88EE7E517B0CF5A00DC75A2 /* KMInstagramTests */,
				A88EE7A817B0CF5A00DC75A2 /* Frameworks */,
				A88EE7A717B0CF5A00DC75A2 /* Products */,
			);
			sourceTree = "<group>";
		};
		A88EE7A717B0CF5A00DC75A2 /* Products */ = {
			isa = PBXGroup;
			children = (
				A88EE7A617B0CF5A00DC75A2 /* KMInstagram.app */,
				A88EE7DD17B0CF5A00DC75A2 /* KMInstagramTests.octest */,
			);
			name = Products;
			sourceTree = "<group>";
		};
		A88EE7A817B0CF5A00DC75A2 /* Frameworks */ = {
			isa = PBXGroup;
			children = (
				A88EE87C17B1044300DC75A2 /* QuartzCore.framework */,
				A88EE85717B0EAFA00DC75A2 /* Security.framework */,
				A88EE85517B0EA4D00DC75A2 /* MobileCoreServices.framework */,
				A88EE85317B0EA1100DC75A2 /* SystemConfiguration.framework */,
				A88EE7A917B0CF5A00DC75A2 /* UIKit.framework */,
				A88EE7AB17B0CF5A00DC75A2 /* Foundation.framework */,
				A88EE7AD17B0CF5A00DC75A2 /* CoreGraphics.framework */,
				A88EE7AF17B0CF5A00DC75A2 /* CoreData.framework */,
				A88EE7DE17B0CF5A00DC75A2 /* SenTestingKit.framework */,
			);
			name = Frameworks;
			sourceTree = "<group>";
		};
		A88EE7B117B0CF5A00DC75A2 /* KMInstagram */ = {
			isa = PBXGroup;
			children = (
				A88EE7F717B0D06A00DC75A2 /* KMImages */,
				A88EE7F817B0D06A00DC75A2 /* KMModel */,
				A88EE7F917B0D06A00DC75A2 /* KMNetworking */,
				A88EE7FB17B0D06A00DC75A2 /* KMUI */,
				A88EE80817B0D06A00DC75A2 /* KMUtils */,
				A88EE7BA17B0CF5A00DC75A2 /* KMAppDelegate.h */,
				A88EE7BB17B0CF5A00DC75A2 /* KMAppDelegate.m */,
				A88EE87E17B1071100DC75A2 /* KMInstagramSettings.h */,
				A88EE87F17B1071300DC75A2 /* KMInstagramSettings.m */,
				A88EE7B217B0CF5A00DC75A2 /* Supporting Files */,
			);
			path = KMInstagram;
			sourceTree = "<group>";
		};
		A88EE7B217B0CF5A00DC75A2 /* Supporting Files */ = {
			isa = PBXGroup;
			children = (
				A839C58817B26E0000E6AFE9 /* README.md */,
				A88EE7B317B0CF5A00DC75A2 /* KMInstagram-Info.plist */,
				A88EE7B417B0CF5A00DC75A2 /* InfoPlist.strings */,
				A88EE7B717B0CF5A00DC75A2 /* main.m */,
				A88EE7B917B0CF5A00DC75A2 /* KMInstagram-Prefix.pch */,
				A88EE7BD17B0CF5A00DC75A2 /* Default.png */,
				A88EE7BF17B0CF5A00DC75A2 /* Default@2x.png */,
				A88EE7C117B0CF5A00DC75A2 /* Default-568h@2x.png */,
			);
			name = "Supporting Files";
			sourceTree = "<group>";
		};
		A88EE7E517B0CF5A00DC75A2 /* KMInstagramTests */ = {
			isa = PBXGroup;
			children = (
				A88EE7EB17B0CF5A00DC75A2 /* KMInstagramTests.h */,
				A88EE7EC17B0CF5A00DC75A2 /* KMInstagramTests.m */,
				A88EE7E617B0CF5A00DC75A2 /* Supporting Files */,
			);
			path = KMInstagramTests;
			sourceTree = "<group>";
		};
		A88EE7E617B0CF5A00DC75A2 /* Supporting Files */ = {
			isa = PBXGroup;
			children = (
				A88EE7E717B0CF5A00DC75A2 /* KMInstagramTests-Info.plist */,
				A88EE7E817B0CF5A00DC75A2 /* InfoPlist.strings */,
			);
			name = "Supporting Files";
			sourceTree = "<group>";
		};
		A88EE7F617B0D05700DC75A2 /* 3RD_Party */ = {
			isa = PBXGroup;
			children = (
				A839C58A17B2719900E6AFE9 /* MagicalRecord */,
				A88EE89317B11BBA00DC75A2 /* JSONKit */,
				A88EE86917B102ED00DC75A2 /* EGORefresh */,
				A88EE83617B0E9CD00DC75A2 /* AFNetworking */,
			);
			path = 3RD_Party;
			sourceTree = "<group>";
		};
		A88EE7F717B0D06A00DC75A2 /* KMImages */ = {
			isa = PBXGroup;
			children = (
				A839C57C17B25CEF00E6AFE9 /* date_back_06june_sstate.png */,
				A839C57D17B25CEF00E6AFE9 /* date_back_06june_sstate@2x.png */,
				A839C57E17B25CEF00E6AFE9 /* date_back_06june.png */,
				A839C57F17B25CEF00E6AFE9 /* date_back_06june@2x.png */,
				A839C56017B209AA00E6AFE9 /* background.png */,
				A839C56117B209AA00E6AFE9 /* background@2x.png */,
			);
			path = KMImages;
			sourceTree = "<group>";
		};
		A88EE7F817B0D06A00DC75A2 /* KMModel */ = {
			isa = PBXGroup;
			children = (
				A8B6B67B17B3AB0D0079C88C /* KMSimpleModel */,
				A839C5E017B2733300E6AFE9 /* KMCoreDataModel */,
			);
			path = KMModel;
			sourceTree = "<group>";
		};
		A88EE7F917B0D06A00DC75A2 /* KMNetworking */ = {
			isa = PBXGroup;
			children = (
				A88EE83317B0E94300DC75A2 /* KMAPIController.h */,
				A88EE83417B0E94300DC75A2 /* KMAPIController.m */,
				A88EE88B17B113EA00DC75A2 /* KMInstagramRequestClient.h */,
				A88EE88C17B113EA00DC75A2 /* KMInstagramRequestClient.m */,
				A839C5F917B29D4200E6AFE9 /* KMDataCacheRequestManager */,
				A88EE88917B1134A00DC75A2 /* KMFeedRequestManager */,
				A88EE85A17B0EB6F00DC75A2 /* KMAuthManager */,
				A88EE7FA17B0D06A00DC75A2 /* KMDataStoreManager */,
			);
			path = KMNetworking;
			sourceTree = "<group>";
		};
		A88EE7FA17B0D06A00DC75A2 /* KMDataStoreManager */ = {
			isa = PBXGroup;
			children = (
				A88EE7C317B0CF5A00DC75A2 /* KMInstagram.xcdatamodeld */,
				A88EE80F17B0D0C200DC75A2 /* KMBaseDataStoreManager.h */,
				A88EE81017B0D0C200DC75A2 /* KMBaseDataStoreManager.m */,
				A839C61117B2B6E500E6AFE9 /* KMDataStoreManager.h */,
				A839C61217B2B6E500E6AFE9 /* KMDataStoreManager.m */,
			);
			path = KMDataStoreManager;
			sourceTree = "<group>";
		};
		A88EE7FB17B0D06A00DC75A2 /* KMUI */ = {
			isa = PBXGroup;
			children = (
				A88EE8AE17B16EC900DC75A2 /* KMDetailFeed */,
				A88EE81517B0D1D400DC75A2 /* KMBaseVC */,
				A88EE7FD17B0D06A00DC75A2 /* KMLogin */,
				A88EE80717B0D06A00DC75A2 /* KMUserFeed */,
			);
			path = KMUI;
			sourceTree = "<group>";
		};
		A88EE7FD17B0D06A00DC75A2 /* KMLogin */ = {
			isa = PBXGroup;
			children = (
				A88EE81C17B0D38B00DC75A2 /* KMLoginVC.h */,
				A88EE81D17B0D38B00DC75A2 /* KMLoginVC.m */,
				A88EE81E17B0D38B00DC75A2 /* KMLoginVC.xib */,
				A88EE85B17B0EC1400DC75A2 /* KMLoginVC_Ipad.xib */,
				A88EE82517B0D8AA00DC75A2 /* KMInstagramAuthVC.h */,
				A88EE82617B0D8AA00DC75A2 /* KMInstagramAuthVC.m */,
				A88EE82717B0D8AA00DC75A2 /* KMInstagramAuthVC.xib */,
			);
			path = KMLogin;
			sourceTree = "<group>";
		};
		A88EE80717B0D06A00DC75A2 /* KMUserFeed */ = {
			isa = PBXGroup;
			children = (
				A839C58417B261C700E6AFE9 /* KMBaseUserFeedTVC.h */,
				A839C58517B261C700E6AFE9 /* KMBaseUserFeedTVC.m */,
				A88EE82E17B0E5B500DC75A2 /* KMUserFeedTVC.h */,
				A88EE82F17B0E5B500DC75A2 /* KMUserFeedTVC.m */,
				A88EE83017B0E5B500DC75A2 /* KMUserFeedTVC.xib */,
				A88EE88417B10EC100DC75A2 /* KMUserFeedsTVCell.h */,
				A88EE88517B10EC100DC75A2 /* KMUserFeedsTVCell.m */,
				A88EE88717B10EDD00DC75A2 /* KMUserFeedsTVCell.xib */,
				A8B6B67517B392480079C88C /* FGPagingTableViewCell */,
			);
			path = KMUserFeed;
			sourceTree = "<group>";
		};
		A88EE80817B0D06A00DC75A2 /* KMUtils */ = {
			isa = PBXGroup;
			children = (
				A88EE8BF17B1734100DC75A2 /* UIView+NIB.h */,
				A88EE8C017B1734200DC75A2 /* UIView+NIB.m */,
				A88EE87417B1038800DC75A2 /* NSDate+Extensions.h */,
				A88EE87517B1038800DC75A2 /* NSDate+Extensions.m */,
				A88EE87117B1034000DC75A2 /* NSDateFormatter+Extensions.h */,
				A88EE87217B1034100DC75A2 /* NSDateFormatter+Extensions.m */,
				A88EE82317B0D71900DC75A2 /* BlocksTypedefs.h */,
				A88EE82417B0D71900DC75A2 /* Singleton.h */,
				A88EE82B17B0E22400DC75A2 /* NSString+KMQueryString.h */,
				A88EE82C17B0E22400DC75A2 /* NSString+KMQueryString.m */,
				A88EE86217B0F1E000DC75A2 /* NSError+KMAdditions.h */,
				A88EE86317B0F1E000DC75A2 /* NSError+KMAdditions.m */,
			);
			path = KMUtils;
			sourceTree = "<group>";
		};
		A88EE81517B0D1D400DC75A2 /* KMBaseVC */ = {
			isa = PBXGroup;
			children = (
				A88EE81617B0D1EB00DC75A2 /* KMBaseVC.h */,
				A88EE81717B0D1EB00DC75A2 /* KMBaseVC.m */,
				A88EE81917B0D20B00DC75A2 /* KMBaseTableVC.h */,
				A88EE81A17B0D20B00DC75A2 /* KMBaseTableVC.m */,
				A88EE86517B0FCFA00DC75A2 /* KMBaseTVCell.h */,
				A88EE86617B0FCFA00DC75A2 /* KMBaseTVCell.m */,
				A88EE88117B10BE400DC75A2 /* KMBaseRefreshTVC.h */,
				A88EE88217B10BE400DC75A2 /* KMBaseRefreshTVC.m */,
			);
			path = KMBaseVC;
			sourceTree = "<group>";
		};
		A88EE83617B0E9CD00DC75A2 /* AFNetworking */ = {
			isa = PBXGroup;
			children = (
				A88EE83717B0E9CD00DC75A2 /* AFHTTPClient.h */,
				A88EE83817B0E9CD00DC75A2 /* AFHTTPClient.m */,
				A88EE83917B0E9CD00DC75A2 /* AFHTTPRequestOperation.h */,
				A88EE83A17B0E9CD00DC75A2 /* AFHTTPRequestOperation.m */,
				A88EE83B17B0E9CD00DC75A2 /* AFImageRequestOperation.h */,
				A88EE83C17B0E9CD00DC75A2 /* AFImageRequestOperation.m */,
				A88EE83D17B0E9CD00DC75A2 /* AFJSONRequestOperation.h */,
				A88EE83E17B0E9CD00DC75A2 /* AFJSONRequestOperation.m */,
				A88EE83F17B0E9CD00DC75A2 /* AFNetworkActivityIndicatorManager.h */,
				A88EE84017B0E9CD00DC75A2 /* AFNetworkActivityIndicatorManager.m */,
				A88EE84117B0E9CD00DC75A2 /* AFNetworking.h */,
				A88EE84217B0E9CD00DC75A2 /* AFPropertyListRequestOperation.h */,
				A88EE84317B0E9CD00DC75A2 /* AFPropertyListRequestOperation.m */,
				A88EE84417B0E9CD00DC75A2 /* AFURLConnectionOperation.h */,
				A88EE84517B0E9CD00DC75A2 /* AFURLConnectionOperation.m */,
				A88EE84617B0E9CD00DC75A2 /* AFXMLRequestOperation.h */,
				A88EE84717B0E9CD00DC75A2 /* AFXMLRequestOperation.m */,
				A88EE84817B0E9CD00DC75A2 /* UIImageView+AFNetworking.h */,
				A88EE84917B0E9CD00DC75A2 /* UIImageView+AFNetworking.m */,
			);
			path = AFNetworking;
			sourceTree = "<group>";
		};
		A88EE85A17B0EB6F00DC75A2 /* KMAuthManager */ = {
			isa = PBXGroup;
			children = (
				A88EE85D17B0EDC800DC75A2 /* KMUserAuthManager.h */,
				A88EE85E17B0EDC800DC75A2 /* KMUserAuthManager.m */,
			);
			path = KMAuthManager;
			sourceTree = "<group>";
		};
		A88EE86917B102ED00DC75A2 /* EGORefresh */ = {
			isa = PBXGroup;
			children = (
				A88EE86A17B102ED00DC75A2 /* EGORefreshTableHeaderView.h */,
				A88EE86B17B102ED00DC75A2 /* EGORefreshTableHeaderView.m */,
				A88EE86C17B102ED00DC75A2 /* PullToRefreshArrow.png */,
				A88EE86D17B102ED00DC75A2 /* PullToRefreshArrow@2x.png */,
			);
			path = EGORefresh;
			sourceTree = "<group>";
		};
		A88EE88917B1134A00DC75A2 /* KMFeedRequestManager */ = {
			isa = PBXGroup;
			children = (
				A839C56417B2134C00E6AFE9 /* KMBaseRequestManager.h */,
				A839C56517B2134D00E6AFE9 /* KMBaseRequestManager.m */,
				A839C56717B214AA00E6AFE9 /* KMLikesCommentsReqManager.h */,
				A839C56817B214AA00E6AFE9 /* KMLikesCommentsReqManager.m */,
			);
			path = KMFeedRequestManager;
			sourceTree = "<group>";
		};
		A88EE89317B11BBA00DC75A2 /* JSONKit */ = {
			isa = PBXGroup;
			children = (
				A88EE89417B11BBB00DC75A2 /* JSONKit.h */,
				A88EE89517B11BBB00DC75A2 /* JSONKit.m */,
			);
			path = JSONKit;
			sourceTree = "<group>";
		};
		A88EE8AE17B16EC900DC75A2 /* KMDetailFeed */ = {
			isa = PBXGroup;
			children = (
				A839C56B17B23F6C00E6AFE9 /* KMFeedDetailTVCells */,
				A88EE8AF17B16FDE00DC75A2 /* KMFeedDetailContainerVC.h */,
				A88EE8B017B16FDE00DC75A2 /* KMFeedDetailContainerVC.m */,
				A88EE8B117B16FDE00DC75A2 /* KMFeedDetailContainerVC.xib */,
				A88EE8B417B1714A00DC75A2 /* KMFeedLikesTVC.h */,
				A88EE8B517B1714B00DC75A2 /* KMFeedLikesTVC.m */,
				A88EE8B617B1714B00DC75A2 /* KMFeedLikesTVC.xib */,
				A88EE8B917B171D400DC75A2 /* KMFeedCommentsTVC.h */,
				A88EE8BA17B171D400DC75A2 /* KMFeedCommentsTVC.m */,
				A88EE8BB17B171D400DC75A2 /* KMFeedCommentsTVC.xib */,
				A88EE8C317B173EA00DC75A2 /* BASegmentedControl.h */,
				A88EE8C417B173EA00DC75A2 /* BASegmentedControl.m */,
				A88EE8C517B173EB00DC75A2 /* BASegmentedControl.xib */,
			);
			path = KMDetailFeed;
			sourceTree = "<group>";
		};
		A8B6B67517B392480079C88C /* FGPagingTableViewCell */ = {
			isa = PBXGroup;
			children = (
				A8B6B67617B392480079C88C /* FGPagingTableViewCell.h */,
				A8B6B67717B392480079C88C /* FGPagingTableViewCell.m */,
				A8B6B67817B392480079C88C /* FGPagingTableViewCell.xib */,
			);
			path = FGPagingTableViewCell;
			sourceTree = "<group>";
		};
		A8B6B67B17B3AB0D0079C88C /* KMSimpleModel */ = {
			isa = PBXGroup;
			children = (
				A8B6B67C17B3AB3A0079C88C /* KMComment.h */,
				A8B6B67D17B3AB3A0079C88C /* KMComment.m */,
				A8B6B67E17B3AB3A0079C88C /* KMStoroableProtocol.h */,
				A8B6B67F17B3AB3A0079C88C /* KMUser.h */,
				A8B6B68017B3AB3A0079C88C /* KMUser.m */,
			);
			path = KMSimpleModel;
			sourceTree = "<group>";
		};
/* End PBXGroup section */

/* Begin PBXNativeTarget section */
		A88EE7A517B0CF5A00DC75A2 /* KMInstagram */ = {
			isa = PBXNativeTarget;
			buildConfigurationList = A88EE7F017B0CF5A00DC75A2 /* Build configuration list for PBXNativeTarget "KMInstagram" */;
			buildPhases = (
				A88EE7A217B0CF5A00DC75A2 /* Sources */,
				A88EE7A317B0CF5A00DC75A2 /* Frameworks */,
				A88EE7A417B0CF5A00DC75A2 /* Resources */,
			);
			buildRules = (
			);
			dependencies = (
			);
			name = KMInstagram;
			productName = KMInstagram;
			productReference = A88EE7A617B0CF5A00DC75A2 /* KMInstagram.app */;
			productType = "com.apple.product-type.application";
		};
		A88EE7DC17B0CF5A00DC75A2 /* KMInstagramTests */ = {
			isa = PBXNativeTarget;
			buildConfigurationList = A88EE7F317B0CF5A00DC75A2 /* Build configuration list for PBXNativeTarget "KMInstagramTests" */;
			buildPhases = (
				A88EE7D817B0CF5A00DC75A2 /* Sources */,
				A88EE7D917B0CF5A00DC75A2 /* Frameworks */,
				A88EE7DA17B0CF5A00DC75A2 /* Resources */,
				A88EE7DB17B0CF5A00DC75A2 /* ShellScript */,
			);
			buildRules = (
			);
			dependencies = (
				A88EE7E417B0CF5A00DC75A2 /* PBXTargetDependency */,
			);
			name = KMInstagramTests;
			productName = KMInstagramTests;
			productReference = A88EE7DD17B0CF5A00DC75A2 /* KMInstagramTests.octest */;
			productType = "com.apple.product-type.bundle";
		};
/* End PBXNativeTarget section */

/* Begin PBXProject section */
		A88EE79E17B0CF5A00DC75A2 /* Project object */ = {
			isa = PBXProject;
			attributes = {
				CLASSPREFIX = KM;
				LastUpgradeCheck = 0460;
				ORGANIZATIONNAME = "Kanybek Momukeev";
			};
			buildConfigurationList = A88EE7A117B0CF5A00DC75A2 /* Build configuration list for PBXProject "KMInstagram" */;
			compatibilityVersion = "Xcode 3.2";
			developmentRegion = English;
			hasScannedForEncodings = 0;
			knownRegions = (
				en,
			);
			mainGroup = A88EE79D17B0CF5A00DC75A2;
			productRefGroup = A88EE7A717B0CF5A00DC75A2 /* Products */;
			projectDirPath = "";
			projectRoot = "";
			targets = (
				A88EE7A517B0CF5A00DC75A2 /* KMInstagram */,
				A88EE7DC17B0CF5A00DC75A2 /* KMInstagramTests */,
			);
		};
/* End PBXProject section */

/* Begin PBXResourcesBuildPhase section */
		A88EE7A417B0CF5A00DC75A2 /* Resources */ = {
			isa = PBXResourcesBuildPhase;
			buildActionMask = 2147483647;
			files = (
				A88EE7B617B0CF5A00DC75A2 /* InfoPlist.strings in Resources */,
				A88EE7BE17B0CF5A00DC75A2 /* Default.png in Resources */,
				A88EE7C017B0CF5A00DC75A2 /* Default@2x.png in Resources */,
				A88EE7C217B0CF5A00DC75A2 /* Default-568h@2x.png in Resources */,
				A88EE82017B0D38B00DC75A2 /* KMLoginVC.xib in Resources */,
				A88EE82917B0D8AA00DC75A2 /* KMInstagramAuthVC.xib in Resources */,
				A88EE83217B0E5B500DC75A2 /* KMUserFeedTVC.xib in Resources */,
				A88EE85C17B0EC1400DC75A2 /* KMLoginVC_Ipad.xib in Resources */,
				A88EE86F17B102ED00DC75A2 /* PullToRefreshArrow.png in Resources */,
				A88EE87017B102ED00DC75A2 /* PullToRefreshArrow@2x.png in Resources */,
				A88EE88817B10EDD00DC75A2 /* KMUserFeedsTVCell.xib in Resources */,
				A88EE8B317B16FDE00DC75A2 /* KMFeedDetailContainerVC.xib in Resources */,
				A88EE8B817B1714B00DC75A2 /* KMFeedLikesTVC.xib in Resources */,
				A88EE8BD17B171D500DC75A2 /* KMFeedCommentsTVC.xib in Resources */,
				A88EE8C717B173EC00DC75A2 /* BASegmentedControl.xib in Resources */,
				A839C56217B209AA00E6AFE9 /* background.png in Resources */,
				A839C56317B209AA00E6AFE9 /* background@2x.png in Resources */,
				A839C57017B23FAB00E6AFE9 /* KMTableAnimatingHeaderView.xib in Resources */,
				A839C57517B2439700E6AFE9 /* KMCellFeedLikeTVCell.xib in Resources */,
				A839C57A17B243E800E6AFE9 /* KMCommentTVCell.xib in Resources */,
				A839C58017B25CEF00E6AFE9 /* date_back_06june_sstate.png in Resources */,
				A839C58117B25CEF00E6AFE9 /* date_back_06june_sstate@2x.png in Resources */,
				A839C58217B25CEF00E6AFE9 /* date_back_06june.png in Resources */,
				A839C58317B25CEF00E6AFE9 /* date_back_06june@2x.png in Resources */,
				A839C58917B26E0100E6AFE9 /* README.md in Resources */,
				A8B6B67A17B392480079C88C /* FGPagingTableViewCell.xib in Resources */,
			);
			runOnlyForDeploymentPostprocessing = 0;
		};
		A88EE7DA17B0CF5A00DC75A2 /* Resources */ = {
			isa = PBXResourcesBuildPhase;
			buildActionMask = 2147483647;
			files = (
				A88EE7EA17B0CF5A00DC75A2 /* InfoPlist.strings in Resources */,
			);
			runOnlyForDeploymentPostprocessing = 0;
		};
/* End PBXResourcesBuildPhase section */

/* Begin PBXShellScriptBuildPhase section */
		A88EE7DB17B0CF5A00DC75A2 /* ShellScript */ = {
			isa = PBXShellScriptBuildPhase;
			buildActionMask = 2147483647;
			files = (
			);
			inputPaths = (
			);
			outputPaths = (
			);
			runOnlyForDeploymentPostprocessing = 0;
			shellPath = /bin/sh;
			shellScript = "# Run the unit tests in this test bundle.\n\"${SYSTEM_DEVELOPER_DIR}/Tools/RunUnitTests\"\n";
		};
/* End PBXShellScriptBuildPhase section */

/* Begin PBXSourcesBuildPhase section */
		A88EE7A217B0CF5A00DC75A2 /* Sources */ = {
			isa = PBXSourcesBuildPhase;
			buildActionMask = 2147483647;
			files = (
				A88EE7B817B0CF5A00DC75A2 /* main.m in Sources */,
				A88EE7BC17B0CF5A00DC75A2 /* KMAppDelegate.m in Sources */,
				A88EE7C517B0CF5A00DC75A2 /* KMInstagram.xcdatamodeld in Sources */,
				A88EE81117B0D0C200DC75A2 /* KMBaseDataStoreManager.m in Sources */,
				A88EE81817B0D1EB00DC75A2 /* KMBaseVC.m in Sources */,
				A88EE81B17B0D20B00DC75A2 /* KMBaseTableVC.m in Sources */,
				A88EE81F17B0D38B00DC75A2 /* KMLoginVC.m in Sources */,
				A88EE82817B0D8AA00DC75A2 /* KMInstagramAuthVC.m in Sources */,
				A88EE82D17B0E22400DC75A2 /* NSString+KMQueryString.m in Sources */,
				A88EE83117B0E5B500DC75A2 /* KMUserFeedTVC.m in Sources */,
				A88EE83517B0E94300DC75A2 /* KMAPIController.m in Sources */,
				A88EE84A17B0E9CD00DC75A2 /* AFHTTPClient.m in Sources */,
				A88EE84B17B0E9CD00DC75A2 /* AFHTTPRequestOperation.m in Sources */,
				A88EE84C17B0E9CD00DC75A2 /* AFImageRequestOperation.m in Sources */,
				A88EE84D17B0E9CD00DC75A2 /* AFJSONRequestOperation.m in Sources */,
				A88EE84E17B0E9CD00DC75A2 /* AFNetworkActivityIndicatorManager.m in Sources */,
				A88EE84F17B0E9CD00DC75A2 /* AFPropertyListRequestOperation.m in Sources */,
				A88EE85017B0E9CD00DC75A2 /* AFURLConnectionOperation.m in Sources */,
				A88EE85117B0E9CD00DC75A2 /* AFXMLRequestOperation.m in Sources */,
				A88EE85217B0E9CD00DC75A2 /* UIImageView+AFNetworking.m in Sources */,
				A88EE85F17B0EDC800DC75A2 /* KMUserAuthManager.m in Sources */,
				A88EE86417B0F1E000DC75A2 /* NSError+KMAdditions.m in Sources */,
				A88EE86717B0FCFA00DC75A2 /* KMBaseTVCell.m in Sources */,
				A88EE86E17B102ED00DC75A2 /* EGORefreshTableHeaderView.m in Sources */,
				A88EE87317B1034100DC75A2 /* NSDateFormatter+Extensions.m in Sources */,
				A88EE87617B1038900DC75A2 /* NSDate+Extensions.m in Sources */,
				A88EE88017B1071400DC75A2 /* KMInstagramSettings.m in Sources */,
				A88EE88317B10BE500DC75A2 /* KMBaseRefreshTVC.m in Sources */,
				A88EE88617B10EC100DC75A2 /* KMUserFeedsTVCell.m in Sources */,
				A88EE88D17B113EB00DC75A2 /* KMInstagramRequestClient.m in Sources */,
				A88EE89617B11BBB00DC75A2 /* JSONKit.m in Sources */,
				A88EE8B217B16FDE00DC75A2 /* KMFeedDetailContainerVC.m in Sources */,
				A88EE8B717B1714B00DC75A2 /* KMFeedLikesTVC.m in Sources */,
				A88EE8BC17B171D500DC75A2 /* KMFeedCommentsTVC.m in Sources */,
				A88EE8C117B1734300DC75A2 /* UIView+NIB.m in Sources */,
				A88EE8C617B173EC00DC75A2 /* BASegmentedControl.m in Sources */,
				A839C56617B2134D00E6AFE9 /* KMBaseRequestManager.m in Sources */,
				A839C56917B214AA00E6AFE9 /* KMLikesCommentsReqManager.m in Sources */,
				A839C56E17B23FA000E6AFE9 /* KMTableAnimatingHeaderView.m in Sources */,
				A839C57317B2438800E6AFE9 /* KMCellFeedLikeTVCell.m in Sources */,
				A839C57817B243DA00E6AFE9 /* KMCommentTVCell.m in Sources */,
				A839C58617B261C700E6AFE9 /* KMBaseUserFeedTVC.m in Sources */,
				A839C5C617B2719900E6AFE9 /* MagicalImportFunctions.m in Sources */,
				A839C5C717B2719900E6AFE9 /* NSAttributeDescription+MagicalDataImport.m in Sources */,
				A839C5C817B2719900E6AFE9 /* NSEntityDescription+MagicalDataImport.m in Sources */,
				A839C5C917B2719900E6AFE9 /* NSNumber+MagicalDataImport.m in Sources */,
				A839C5CA17B2719900E6AFE9 /* NSObject+MagicalDataImport.m in Sources */,
				A839C5CB17B2719900E6AFE9 /* NSRelationshipDescription+MagicalDataImport.m in Sources */,
				A839C5CC17B2719900E6AFE9 /* NSString+MagicalDataImport.m in Sources */,
				A839C5CD17B2719900E6AFE9 /* NSManagedObject+MagicalAggregation.m in Sources */,
				A839C5CE17B2719900E6AFE9 /* NSManagedObject+MagicalDataImport.m in Sources */,
				A839C5CF17B2719900E6AFE9 /* NSManagedObject+MagicalFinders.m in Sources */,
				A839C5D017B2719900E6AFE9 /* NSManagedObject+MagicalRecord.m in Sources */,
				A839C5D117B2719900E6AFE9 /* NSManagedObject+MagicalRequests.m in Sources */,
				A839C5D217B2719900E6AFE9 /* NSManagedObjectContext+MagicalObserving.m in Sources */,
				A839C5D317B2719900E6AFE9 /* NSManagedObjectContext+MagicalRecord.m in Sources */,
				A839C5D417B2719900E6AFE9 /* NSManagedObjectContext+MagicalSaves.m in Sources */,
				A839C5D517B2719900E6AFE9 /* NSManagedObjectContext+MagicalThreading.m in Sources */,
				A839C5D617B2719900E6AFE9 /* NSManagedObjectModel+MagicalRecord.m in Sources */,
				A839C5D717B2719900E6AFE9 /* NSPersistentStore+MagicalRecord.m in Sources */,
				A839C5D817B2719900E6AFE9 /* NSPersistentStoreCoordinator+MagicalRecord.m in Sources */,
				A839C5D917B2719900E6AFE9 /* MagicalRecord+Actions.m in Sources */,
				A839C5DA17B2719900E6AFE9 /* MagicalRecord+ErrorHandling.m in Sources */,
				A839C5DB17B2719900E6AFE9 /* MagicalRecord+iCloud.m in Sources */,
				A839C5DC17B2719900E6AFE9 /* MagicalRecord+Options.m in Sources */,
				A839C5DD17B2719900E6AFE9 /* MagicalRecord+Setup.m in Sources */,
				A839C5DE17B2719900E6AFE9 /* MagicalRecord+ShorthandSupport.m in Sources */,
				A839C5DF17B2719900E6AFE9 /* MagicalRecord.m in Sources */,
				A839C5E617B2785A00E6AFE9 /* CDUser.m in Sources */,
				A839C5E917B2785B00E6AFE9 /* CDComment.m in Sources */,
				A839C5EC17B2785B00E6AFE9 /* CDPagination.m in Sources */,
				A839C5EF17B2785B00E6AFE9 /* CDCaption.m in Sources */,
				A839C5F217B2785B00E6AFE9 /* CDFeed.m in Sources */,
				A839C5F517B2785B00E6AFE9 /* CDTag.m in Sources */,
				A839C5FC17B29D9000E6AFE9 /* KMDataCacheRequestManager.m in Sources */,
				A839C61317B2B6E600E6AFE9 /* KMDataStoreManager.m in Sources */,
				A8B6B67917B392480079C88C /* FGPagingTableViewCell.m in Sources */,
				A8B6B68117B3AB3A0079C88C /* KMComment.m in Sources */,
				A8B6B68217B3AB3A0079C88C /* KMUser.m in Sources */,
			);
			runOnlyForDeploymentPostprocessing = 0;
		};
		A88EE7D817B0CF5A00DC75A2 /* Sources */ = {
			isa = PBXSourcesBuildPhase;
			buildActionMask = 2147483647;
			files = (
				A88EE7ED17B0CF5A00DC75A2 /* KMInstagramTests.m in Sources */,
			);
			runOnlyForDeploymentPostprocessing = 0;
		};
/* End PBXSourcesBuildPhase section */

/* Begin PBXTargetDependency section */
		A88EE7E417B0CF5A00DC75A2 /* PBXTargetDependency */ = {
			isa = PBXTargetDependency;
			target = A88EE7A517B0CF5A00DC75A2 /* KMInstagram */;
			targetProxy = A88EE7E317B0CF5A00DC75A2 /* PBXContainerItemProxy */;
		};
/* End PBXTargetDependency section */

/* Begin PBXVariantGroup section */
		A88EE7B417B0CF5A00DC75A2 /* InfoPlist.strings */ = {
			isa = PBXVariantGroup;
			children = (
				A88EE7B517B0CF5A00DC75A2 /* en */,
			);
			name = InfoPlist.strings;
			sourceTree = "<group>";
		};
		A88EE7E817B0CF5A00DC75A2 /* InfoPlist.strings */ = {
			isa = PBXVariantGroup;
			children = (
				A88EE7E917B0CF5A00DC75A2 /* en */,
			);
			name = InfoPlist.strings;
			sourceTree = "<group>";
		};
/* End PBXVariantGroup section */

/* Begin XCBuildConfiguration section */
		A88EE7EE17B0CF5A00DC75A2 /* Debug */ = {
			isa = XCBuildConfiguration;
			buildSettings = {
				ALWAYS_SEARCH_USER_PATHS = NO;
				CLANG_CXX_LANGUAGE_STANDARD = "gnu++0x";
				CLANG_CXX_LIBRARY = "libc++";
				CLANG_ENABLE_OBJC_ARC = YES;
				CLANG_WARN_CONSTANT_CONVERSION = YES;
				CLANG_WARN_EMPTY_BODY = YES;
				CLANG_WARN_ENUM_CONVERSION = YES;
				CLANG_WARN_INT_CONVERSION = YES;
				CLANG_WARN__DUPLICATE_METHOD_MATCH = YES;
				CODE_SIGN_IDENTITY = "iPhone Developer: Momukeev Kanybek (EPX394W6G8)";
				"CODE_SIGN_IDENTITY[sdk=iphoneos*]" = "iPhone Developer: Momukeev Kanybek (EPX394W6G8)";
				COPY_PHASE_STRIP = NO;
				GCC_C_LANGUAGE_STANDARD = gnu99;
				GCC_DYNAMIC_NO_PIC = NO;
				GCC_OPTIMIZATION_LEVEL = 0;
				GCC_PREPROCESSOR_DEFINITIONS = (
					"DEBUG=1",
					"$(inherited)",
				);
				GCC_SYMBOLS_PRIVATE_EXTERN = NO;
				GCC_WARN_ABOUT_RETURN_TYPE = YES;
				GCC_WARN_UNINITIALIZED_AUTOS = YES;
				GCC_WARN_UNUSED_VARIABLE = YES;
				IPHONEOS_DEPLOYMENT_TARGET = 6.1;
				ONLY_ACTIVE_ARCH = YES;
				PROVISIONING_PROFILE = "B903A2FF-6E08-47B2-8833-AC3708C1C02E";
				"PROVISIONING_PROFILE[sdk=iphoneos*]" = "B903A2FF-6E08-47B2-8833-AC3708C1C02E";
				SDKROOT = iphoneos;
				TARGETED_DEVICE_FAMILY = "1,2";
			};
			name = Debug;
		};
		A88EE7EF17B0CF5A00DC75A2 /* Release */ = {
			isa = XCBuildConfiguration;
			buildSettings = {
				ALWAYS_SEARCH_USER_PATHS = NO;
				CLANG_CXX_LANGUAGE_STANDARD = "gnu++0x";
				CLANG_CXX_LIBRARY = "libc++";
				CLANG_ENABLE_OBJC_ARC = YES;
				CLANG_WARN_CONSTANT_CONVERSION = YES;
				CLANG_WARN_EMPTY_BODY = YES;
				CLANG_WARN_ENUM_CONVERSION = YES;
				CLANG_WARN_INT_CONVERSION = YES;
				CLANG_WARN__DUPLICATE_METHOD_MATCH = YES;
				CODE_SIGN_IDENTITY = "iPhone Developer: Momukeev Kanybek (EPX394W6G8)";
				"CODE_SIGN_IDENTITY[sdk=iphoneos*]" = "iPhone Developer: Momukeev Kanybek (EPX394W6G8)";
				COPY_PHASE_STRIP = YES;
				GCC_C_LANGUAGE_STANDARD = gnu99;
				GCC_WARN_ABOUT_RETURN_TYPE = YES;
				GCC_WARN_UNINITIALIZED_AUTOS = YES;
				GCC_WARN_UNUSED_VARIABLE = YES;
				IPHONEOS_DEPLOYMENT_TARGET = 6.1;
				OTHER_CFLAGS = "-DNS_BLOCK_ASSERTIONS=1";
				PROVISIONING_PROFILE = "B903A2FF-6E08-47B2-8833-AC3708C1C02E";
				"PROVISIONING_PROFILE[sdk=iphoneos*]" = "B903A2FF-6E08-47B2-8833-AC3708C1C02E";
				SDKROOT = iphoneos;
				TARGETED_DEVICE_FAMILY = "1,2";
				VALIDATE_PRODUCT = YES;
			};
			name = Release;
		};
		A88EE7F117B0CF5A00DC75A2 /* Debug */ = {
			isa = XCBuildConfiguration;
			buildSettings = {
				GCC_PRECOMPILE_PREFIX_HEADER = YES;
				GCC_PREFIX_HEADER = "KMInstagram/KMInstagram-Prefix.pch";
				INFOPLIST_FILE = "KMInstagram/KMInstagram-Info.plist";
				IPHONEOS_DEPLOYMENT_TARGET = 5.0;
				PRODUCT_NAME = "$(TARGET_NAME)";
				WRAPPER_EXTENSION = app;
			};
			name = Debug;
		};
		A88EE7F217B0CF5A00DC75A2 /* Release */ = {
			isa = XCBuildConfiguration;
			buildSettings = {
				GCC_PRECOMPILE_PREFIX_HEADER = YES;
				GCC_PREFIX_HEADER = "KMInstagram/KMInstagram-Prefix.pch";
				INFOPLIST_FILE = "KMInstagram/KMInstagram-Info.plist";
				IPHONEOS_DEPLOYMENT_TARGET = 5.0;
				PRODUCT_NAME = "$(TARGET_NAME)";
				WRAPPER_EXTENSION = app;
			};
			name = Release;
		};
		A88EE7F417B0CF5A00DC75A2 /* Debug */ = {
			isa = XCBuildConfiguration;
			buildSettings = {
				BUNDLE_LOADER = "$(BUILT_PRODUCTS_DIR)/KMInstagram.app/KMInstagram";
				FRAMEWORK_SEARCH_PATHS = (
					"\"$(SDKROOT)/Developer/Library/Frameworks\"",
					"\"$(DEVELOPER_LIBRARY_DIR)/Frameworks\"",
				);
				GCC_PRECOMPILE_PREFIX_HEADER = YES;
				GCC_PREFIX_HEADER = "KMInstagram/KMInstagram-Prefix.pch";
				INFOPLIST_FILE = "KMInstagramTests/KMInstagramTests-Info.plist";
				PRODUCT_NAME = "$(TARGET_NAME)";
				TEST_HOST = "$(BUNDLE_LOADER)";
				WRAPPER_EXTENSION = octest;
			};
			name = Debug;
		};
		A88EE7F517B0CF5A00DC75A2 /* Release */ = {
			isa = XCBuildConfiguration;
			buildSettings = {
				BUNDLE_LOADER = "$(BUILT_PRODUCTS_DIR)/KMInstagram.app/KMInstagram";
				FRAMEWORK_SEARCH_PATHS = (
					"\"$(SDKROOT)/Developer/Library/Frameworks\"",
					"\"$(DEVELOPER_LIBRARY_DIR)/Frameworks\"",
				);
				GCC_PRECOMPILE_PREFIX_HEADER = YES;
				GCC_PREFIX_HEADER = "KMInstagram/KMInstagram-Prefix.pch";
				INFOPLIST_FILE = "KMInstagramTests/KMInstagramTests-Info.plist";
				PRODUCT_NAME = "$(TARGET_NAME)";
				TEST_HOST = "$(BUNDLE_LOADER)";
				WRAPPER_EXTENSION = octest;
			};
			name = Release;
		};
/* End XCBuildConfiguration section */

/* Begin XCConfigurationList section */
		A88EE7A117B0CF5A00DC75A2 /* Build configuration list for PBXProject "KMInstagram" */ = {
			isa = XCConfigurationList;
			buildConfigurations = (
				A88EE7EE17B0CF5A00DC75A2 /* Debug */,
				A88EE7EF17B0CF5A00DC75A2 /* Release */,
			);
			defaultConfigurationIsVisible = 0;
			defaultConfigurationName = Release;
		};
		A88EE7F017B0CF5A00DC75A2 /* Build configuration list for PBXNativeTarget "KMInstagram" */ = {
			isa = XCConfigurationList;
			buildConfigurations = (
				A88EE7F117B0CF5A00DC75A2 /* Debug */,
				A88EE7F217B0CF5A00DC75A2 /* Release */,
			);
			defaultConfigurationIsVisible = 0;
			defaultConfigurationName = Release;
		};
		A88EE7F317B0CF5A00DC75A2 /* Build configuration list for PBXNativeTarget "KMInstagramTests" */ = {
			isa = XCConfigurationList;
			buildConfigurations = (
				A88EE7F417B0CF5A00DC75A2 /* Debug */,
				A88EE7F517B0CF5A00DC75A2 /* Release */,
			);
			defaultConfigurationIsVisible = 0;
			defaultConfigurationName = Release;
		};
/* End XCConfigurationList section */

/* Begin XCVersionGroup section */
		A88EE7C317B0CF5A00DC75A2 /* KMInstagram.xcdatamodeld */ = {
			isa = XCVersionGroup;
			children = (
				A88EE7C417B0CF5A00DC75A2 /* KMInstagram.xcdatamodel */,
			);
			currentVersion = A88EE7C417B0CF5A00DC75A2 /* KMInstagram.xcdatamodel */;
			name = KMInstagram.xcdatamodeld;
			path = ../../KMInstagram.xcdatamodeld;
			sourceTree = "<group>";
			versionGroupType = wrapper.xcdatamodel;
		};
/* End XCVersionGroup section */
	};
	rootObject = A88EE79E17B0CF5A00DC75A2 /* Project object */;
}
