// !$*UTF8*$!
{
	archiveVersion = 1;
	classes = {
	};
	objectVersion = 46;
	objects = {

/* Begin PBXBuildFile section */
		A88EE7AA17B0CF5A00DC75A2 /* UIKit.framework in Frameworks */ = {isa = PBXBuildFile; fileRef = A88EE7A917B0CF5A00DC75A2 /* UIKit.framework */; };
		A88EE7AC17B0CF5A00DC75A2 /* Foundation.framework in Frameworks */ = {isa = PBXBuildFile; fileRef = A88EE7AB17B0CF5A00DC75A2 /* Foundation.framework */; };
		A88EE7AE17B0CF5A00DC75A2 /* CoreGraphics.framework in Frameworks */ = {isa = PBXBuildFile; fileRef = A88EE7AD17B0CF5A00DC75A2 /* CoreGraphics.framework */; };
		A88EE7B017B0CF5A00DC75A2 /* CoreData.framework in Frameworks */ = {isa = PBXBuildFile; fileRef = A88EE7AF17B0CF5A00DC75A2 /* CoreData.framework */; };
		A88EE7B617B0CF5A00DC75A2 /* InfoPlist.strings in Resources */ = {isa = PBXBuildFile; fileRef = A88EE7B417B0CF5A00DC75A2 /* InfoPlist.strings */; };
		A88EE7B817B0CF5A00DC75A2 /* main.m in Sources */ = {isa = PBXBuildFile; fileRef = A88EE7B717B0CF5A00DC75A2 /* main.m */; };
		A88EE7BC17B0CF5A00DC75A2 /* KMAppDelegate.m in Sources */ = {isa = PBXBuildFile; fileRef = A88EE7BB17B0CF5A00DC75A2 /* KMAppDelegate.m */; };
		A88EE7BE17B0CF5A00DC75A2 /* Default.png in Resources */ = {isa = PBXBuildFile; fileRef = A88EE7BD17B0CF5A00DC75A2 /* Default.png */; };
		A88EE7C017B0CF5A00DC75A2 /* Default@2x.png in Resources */ = {isa = PBXBuildFile; fileRef = A88EE7BF17B0CF5A00DC75A2 /* Default@2x.png */; };
		A88EE7C217B0CF5A00DC75A2 /* Default-568h@2x.png in Resources */ = {isa = PBXBuildFile; fileRef = A88EE7C117B0CF5A00DC75A2 /* Default-568h@2x.png */; };
		A88EE7C517B0CF5A00DC75A2 /* KMInstagram.xcdatamodeld in Sources */ = {isa = PBXBuildFile; fileRef = A88EE7C317B0CF5A00DC75A2 /* KMInstagram.xcdatamodeld */; };
		A88EE7DF17B0CF5A00DC75A2 /* SenTestingKit.framework in Frameworks */ = {isa = PBXBuildFile; fileRef = A88EE7DE17B0CF5A00DC75A2 /* SenTestingKit.framework */; };
		A88EE7E017B0CF5A00DC75A2 /* UIKit.framework in Frameworks */ = {isa = PBXBuildFile; fileRef = A88EE7A917B0CF5A00DC75A2 /* UIKit.framework */; };
		A88EE7E117B0CF5A00DC75A2 /* Foundation.framework in Frameworks */ = {isa = PBXBuildFile; fileRef = A88EE7AB17B0CF5A00DC75A2 /* Foundation.framework */; };
		A88EE7E217B0CF5A00DC75A2 /* CoreData.framework in Frameworks */ = {isa = PBXBuildFile; fileRef = A88EE7AF17B0CF5A00DC75A2 /* CoreData.framework */; };
		A88EE7EA17B0CF5A00DC75A2 /* InfoPlist.strings in Resources */ = {isa = PBXBuildFile; fileRef = A88EE7E817B0CF5A00DC75A2 /* InfoPlist.strings */; };
		A88EE7ED17B0CF5A00DC75A2 /* KMInstagramTests.m in Sources */ = {isa = PBXBuildFile; fileRef = A88EE7EC17B0CF5A00DC75A2 /* KMInstagramTests.m */; };
		A88EE81117B0D0C200DC75A2 /* KMBaseDataStoreManager.m in Sources */ = {isa = PBXBuildFile; fileRef = A88EE81017B0D0C200DC75A2 /* KMBaseDataStoreManager.m */; };
		A88EE81817B0D1EB00DC75A2 /* KMBaseVC.m in Sources */ = {isa = PBXBuildFile; fileRef = A88EE81717B0D1EB00DC75A2 /* KMBaseVC.m */; };
		A88EE81B17B0D20B00DC75A2 /* KMBaseTableVC.m in Sources */ = {isa = PBXBuildFile; fileRef = A88EE81A17B0D20B00DC75A2 /* KMBaseTableVC.m */; };
		A88EE81F17B0D38B00DC75A2 /* KMLoginVC.m in Sources */ = {isa = PBXBuildFile; fileRef = A88EE81D17B0D38B00DC75A2 /* KMLoginVC.m */; };
		A88EE82017B0D38B00DC75A2 /* KMLoginVC.xib in Resources */ = {isa = PBXBuildFile; fileRef = A88EE81E17B0D38B00DC75A2 /* KMLoginVC.xib */; };
		A88EE82817B0D8AA00DC75A2 /* KMInstagramAuthVC.m in Sources */ = {isa = PBXBuildFile; fileRef = A88EE82617B0D8AA00DC75A2 /* KMInstagramAuthVC.m */; };
		A88EE82917B0D8AA00DC75A2 /* KMInstagramAuthVC.xib in Resources */ = {isa = PBXBuildFile; fileRef = A88EE82717B0D8AA00DC75A2 /* KMInstagramAuthVC.xib */; };
		A88EE82D17B0E22400DC75A2 /* NSString+KMQueryString.m in Sources */ = {isa = PBXBuildFile; fileRef = A88EE82C17B0E22400DC75A2 /* NSString+KMQueryString.m */; };
		A88EE83117B0E5B500DC75A2 /* KMUserFeedTVC.m in Sources */ = {isa = PBXBuildFile; fileRef = A88EE82F17B0E5B500DC75A2 /* KMUserFeedTVC.m */; };
		A88EE83217B0E5B500DC75A2 /* KMUserFeedTVC.xib in Resources */ = {isa = PBXBuildFile; fileRef = A88EE83017B0E5B500DC75A2 /* KMUserFeedTVC.xib */; };
		A88EE83517B0E94300DC75A2 /* KMAPIController.m in Sources */ = {isa = PBXBuildFile; fileRef = A88EE83417B0E94300DC75A2 /* KMAPIController.m */; };
		A88EE84A17B0E9CD00DC75A2 /* AFHTTPClient.m in Sources */ = {isa = PBXBuildFile; fileRef = A88EE83817B0E9CD00DC75A2 /* AFHTTPClient.m */; };
		A88EE84B17B0E9CD00DC75A2 /* AFHTTPRequestOperation.m in Sources */ = {isa = PBXBuildFile; fileRef = A88EE83A17B0E9CD00DC75A2 /* AFHTTPRequestOperation.m */; };
		A88EE84C17B0E9CD00DC75A2 /* AFImageRequestOperation.m in Sources */ = {isa = PBXBuildFile; fileRef = A88EE83C17B0E9CD00DC75A2 /* AFImageRequestOperation.m */; };
		A88EE84D17B0E9CD00DC75A2 /* AFJSONRequestOperation.m in Sources */ = {isa = PBXBuildFile; fileRef = A88EE83E17B0E9CD00DC75A2 /* AFJSONRequestOperation.m */; };
		A88EE84E17B0E9CD00DC75A2 /* AFNetworkActivityIndicatorManager.m in Sources */ = {isa = PBXBuildFile; fileRef = A88EE84017B0E9CD00DC75A2 /* AFNetworkActivityIndicatorManager.m */; };
		A88EE84F17B0E9CD00DC75A2 /* AFPropertyListRequestOperation.m in Sources */ = {isa = PBXBuildFile; fileRef = A88EE84317B0E9CD00DC75A2 /* AFPropertyListRequestOperation.m */; };
		A88EE85017B0E9CD00DC75A2 /* AFURLConnectionOperation.m in Sources */ = {isa = PBXBuildFile; fileRef = A88EE84517B0E9CD00DC75A2 /* AFURLConnectionOperation.m */; };
		A88EE85117B0E9CD00DC75A2 /* AFXMLRequestOperation.m in Sources */ = {isa = PBXBuildFile; fileRef = A88EE84717B0E9CD00DC75A2 /* AFXMLRequestOperation.m */; };
		A88EE85217B0E9CD00DC75A2 /* UIImageView+AFNetworking.m in Sources */ = {isa = PBXBuildFile; fileRef = A88EE84917B0E9CD00DC75A2 /* UIImageView+AFNetworking.m */; };
		A88EE85417B0EA1200DC75A2 /* SystemConfiguration.framework in Frameworks */ = {isa = PBXBuildFile; fileRef = A88EE85317B0EA1100DC75A2 /* SystemConfiguration.framework */; };
		A88EE85617B0EA4E00DC75A2 /* MobileCoreServices.framework in Frameworks */ = {isa = PBXBuildFile; fileRef = A88EE85517B0EA4D00DC75A2 /* MobileCoreServices.framework */; };
		A88EE85817B0EAFA00DC75A2 /* Security.framework in Frameworks */ = {isa = PBXBuildFile; fileRef = A88EE85717B0EAFA00DC75A2 /* Security.framework */; };
		A88EE85C17B0EC1400DC75A2 /* KMLoginVC_Ipad.xib in Resources */ = {isa = PBXBuildFile; fileRef = A88EE85B17B0EC1400DC75A2 /* KMLoginVC_Ipad.xib */; };
		A88EE85F17B0EDC800DC75A2 /* KMUserAuthManager.m in Sources */ = {isa = PBXBuildFile; fileRef = A88EE85E17B0EDC800DC75A2 /* KMUserAuthManager.m */; };
		A88EE86417B0F1E000DC75A2 /* NSError+KMAdditions.m in Sources */ = {isa = PBXBuildFile; fileRef = A88EE86317B0F1E000DC75A2 /* NSError+KMAdditions.m */; };
		A88EE86717B0FCFA00DC75A2 /* KMBaseTVCell.m in Sources */ = {isa = PBXBuildFile; fileRef = A88EE86617B0FCFA00DC75A2 /* KMBaseTVCell.m */; };
		A88EE86E17B102ED00DC75A2 /* EGORefreshTableHeaderView.m in Sources */ = {isa = PBXBuildFile; fileRef = A88EE86B17B102ED00DC75A2 /* EGORefreshTableHeaderView.m */; settings = {COMPILER_FLAGS = "-fno-objc-arc"; }; };
		A88EE86F17B102ED00DC75A2 /* PullToRefreshArrow.png in Resources */ = {isa = PBXBuildFile; fileRef = A88EE86C17B102ED00DC75A2 /* PullToRefreshArrow.png */; };
		A88EE87017B102ED00DC75A2 /* PullToRefreshArrow@2x.png in Resources */ = {isa = PBXBuildFile; fileRef = A88EE86D17B102ED00DC75A2 /* PullToRefreshArrow@2x.png */; };
		A88EE87317B1034100DC75A2 /* NSDateFormatter+Extensions.m in Sources */ = {isa = PBXBuildFile; fileRef = A88EE87217B1034100DC75A2 /* NSDateFormatter+Extensions.m */; settings = {COMPILER_FLAGS = "-fno-objc-arc"; }; };
		A88EE87617B1038900DC75A2 /* NSDate+Extensions.m in Sources */ = {isa = PBXBuildFile; fileRef = A88EE87517B1038800DC75A2 /* NSDate+Extensions.m */; };
		A88EE87D17B1044400DC75A2 /* QuartzCore.framework in Frameworks */ = {isa = PBXBuildFile; fileRef = A88EE87C17B1044300DC75A2 /* QuartzCore.framework */; };
		A88EE88017B1071400DC75A2 /* KMInstagramSettings.m in Sources */ = {isa = PBXBuildFile; fileRef = A88EE87F17B1071300DC75A2 /* KMInstagramSettings.m */; };
		A88EE88317B10BE500DC75A2 /* KMBaseRefreshTVC.m in Sources */ = {isa = PBXBuildFile; fileRef = A88EE88217B10BE400DC75A2 /* KMBaseRefreshTVC.m */; };
		A88EE88617B10EC100DC75A2 /* KMUserFeedsTVCell.m in Sources */ = {isa = PBXBuildFile; fileRef = A88EE88517B10EC100DC75A2 /* KMUserFeedsTVCell.m */; };
		A88EE88817B10EDD00DC75A2 /* KMUserFeedsTVCell.xib in Resources */ = {isa = PBXBuildFile; fileRef = A88EE88717B10EDD00DC75A2 /* KMUserFeedsTVCell.xib */; };
		A88EE88D17B113EB00DC75A2 /* KMInstagramRequestClient.m in Sources */ = {isa = PBXBuildFile; fileRef = A88EE88C17B113EA00DC75A2 /* KMInstagramRequestClient.m */; };
		A88EE89017B1143500DC75A2 /* KMFeedRequestManager.m in Sources */ = {isa = PBXBuildFile; fileRef = A88EE88F17B1143500DC75A2 /* KMFeedRequestManager.m */; };
		A88EE89617B11BBB00DC75A2 /* JSONKit.m in Sources */ = {isa = PBXBuildFile; fileRef = A88EE89517B11BBB00DC75A2 /* JSONKit.m */; settings = {COMPILER_FLAGS = "-fno-objc-arc"; }; };
		A88EE89917B1285000DC75A2 /* KMFeed.m in Sources */ = {isa = PBXBuildFile; fileRef = A88EE89817B1285000DC75A2 /* KMFeed.m */; };
		A88EE89C17B1288200DC75A2 /* KMUser.m in Sources */ = {isa = PBXBuildFile; fileRef = A88EE89B17B1288200DC75A2 /* KMUser.m */; };
		A88EE89F17B1289400DC75A2 /* KMComment.m in Sources */ = {isa = PBXBuildFile; fileRef = A88EE89E17B1289400DC75A2 /* KMComment.m */; };
		A88EE8A217B128AC00DC75A2 /* KMTag.m in Sources */ = {isa = PBXBuildFile; fileRef = A88EE8A117B128AC00DC75A2 /* KMTag.m */; };
		A88EE8A517B1293C00DC75A2 /* KMCaption.m in Sources */ = {isa = PBXBuildFile; fileRef = A88EE8A417B1293C00DC75A2 /* KMCaption.m */; };
		A88EE8AC17B1691500DC75A2 /* mainPlaceholderImage.png in Resources */ = {isa = PBXBuildFile; fileRef = A88EE8AA17B1691500DC75A2 /* mainPlaceholderImage.png */; };
		A88EE8AD17B1691500DC75A2 /* mainPlaceholderImage@2x.png in Resources */ = {isa = PBXBuildFile; fileRef = A88EE8AB17B1691500DC75A2 /* mainPlaceholderImage@2x.png */; };
		A88EE8B217B16FDE00DC75A2 /* KMFeedDetailContainerVC.m in Sources */ = {isa = PBXBuildFile; fileRef = A88EE8B017B16FDE00DC75A2 /* KMFeedDetailContainerVC.m */; };
		A88EE8B317B16FDE00DC75A2 /* KMFeedDetailContainerVC.xib in Resources */ = {isa = PBXBuildFile; fileRef = A88EE8B117B16FDE00DC75A2 /* KMFeedDetailContainerVC.xib */; };
		A88EE8B717B1714B00DC75A2 /* KMFeedLikesTVC.m in Sources */ = {isa = PBXBuildFile; fileRef = A88EE8B517B1714B00DC75A2 /* KMFeedLikesTVC.m */; };
		A88EE8B817B1714B00DC75A2 /* KMFeedLikesTVC.xib in Resources */ = {isa = PBXBuildFile; fileRef = A88EE8B617B1714B00DC75A2 /* KMFeedLikesTVC.xib */; };
		A88EE8BC17B171D500DC75A2 /* KMFeedCommentsTVC.m in Sources */ = {isa = PBXBuildFile; fileRef = A88EE8BA17B171D400DC75A2 /* KMFeedCommentsTVC.m */; };
		A88EE8BD17B171D500DC75A2 /* KMFeedCommentsTVC.xib in Resources */ = {isa = PBXBuildFile; fileRef = A88EE8BB17B171D400DC75A2 /* KMFeedCommentsTVC.xib */; };
		A88EE8C117B1734300DC75A2 /* UIView+NIB.m in Sources */ = {isa = PBXBuildFile; fileRef = A88EE8C017B1734200DC75A2 /* UIView+NIB.m */; };
		A88EE8C617B173EC00DC75A2 /* BASegmentedControl.m in Sources */ = {isa = PBXBuildFile; fileRef = A88EE8C417B173EA00DC75A2 /* BASegmentedControl.m */; };
		A88EE8C717B173EC00DC75A2 /* BASegmentedControl.xib in Resources */ = {isa = PBXBuildFile; fileRef = A88EE8C517B173EB00DC75A2 /* BASegmentedControl.xib */; };
/* End PBXBuildFile section */

/* Begin PBXContainerItemProxy section */
		A88EE7E317B0CF5A00DC75A2 /* PBXContainerItemProxy */ = {
			isa = PBXContainerItemProxy;
			containerPortal = A88EE79E17B0CF5A00DC75A2 /* Project object */;
			proxyType = 1;
			remoteGlobalIDString = A88EE7A517B0CF5A00DC75A2;
			remoteInfo = KMInstagram;
		};
/* End PBXContainerItemProxy section */

/* Begin PBXFileReference section */
		A88EE7A617B0CF5A00DC75A2 /* KMInstagram.app */ = {isa = PBXFileReference; explicitFileType = wrapper.application; includeInIndex = 0; path = KMInstagram.app; sourceTree = BUILT_PRODUCTS_DIR; };
		A88EE7A917B0CF5A00DC75A2 /* UIKit.framework */ = {isa = PBXFileReference; lastKnownFileType = wrapper.framework; name = UIKit.framework; path = System/Library/Frameworks/UIKit.framework; sourceTree = SDKROOT; };
		A88EE7AB17B0CF5A00DC75A2 /* Foundation.framework */ = {isa = PBXFileReference; lastKnownFileType = wrapper.framework; name = Foundation.framework; path = System/Library/Frameworks/Foundation.framework; sourceTree = SDKROOT; };
		A88EE7AD17B0CF5A00DC75A2 /* CoreGraphics.framework */ = {isa = PBXFileReference; lastKnownFileType = wrapper.framework; name = CoreGraphics.framework; path = System/Library/Frameworks/CoreGraphics.framework; sourceTree = SDKROOT; };
		A88EE7AF17B0CF5A00DC75A2 /* CoreData.framework */ = {isa = PBXFileReference; lastKnownFileType = wrapper.framework; name = CoreData.framework; path = System/Library/Frameworks/CoreData.framework; sourceTree = SDKROOT; };
		A88EE7B317B0CF5A00DC75A2 /* KMInstagram-Info.plist */ = {isa = PBXFileReference; lastKnownFileType = text.plist.xml; path = "KMInstagram-Info.plist"; sourceTree = "<group>"; };
		A88EE7B517B0CF5A00DC75A2 /* en */ = {isa = PBXFileReference; lastKnownFileType = text.plist.strings; name = en; path = en.lproj/InfoPlist.strings; sourceTree = "<group>"; };
		A88EE7B717B0CF5A00DC75A2 /* main.m */ = {isa = PBXFileReference; lastKnownFileType = sourcecode.c.objc; path = main.m; sourceTree = "<group>"; };
		A88EE7B917B0CF5A00DC75A2 /* KMInstagram-Prefix.pch */ = {isa = PBXFileReference; lastKnownFileType = sourcecode.c.h; path = "KMInstagram-Prefix.pch"; sourceTree = "<group>"; };
		A88EE7BA17B0CF5A00DC75A2 /* KMAppDelegate.h */ = {isa = PBXFileReference; lastKnownFileType = sourcecode.c.h; path = KMAppDelegate.h; sourceTree = "<group>"; };
		A88EE7BB17B0CF5A00DC75A2 /* KMAppDelegate.m */ = {isa = PBXFileReference; lastKnownFileType = sourcecode.c.objc; path = KMAppDelegate.m; sourceTree = "<group>"; };
		A88EE7BD17B0CF5A00DC75A2 /* Default.png */ = {isa = PBXFileReference; lastKnownFileType = image.png; path = Default.png; sourceTree = "<group>"; };
		A88EE7BF17B0CF5A00DC75A2 /* Default@2x.png */ = {isa = PBXFileReference; lastKnownFileType = image.png; path = "Default@2x.png"; sourceTree = "<group>"; };
		A88EE7C117B0CF5A00DC75A2 /* Default-568h@2x.png */ = {isa = PBXFileReference; lastKnownFileType = image.png; path = "Default-568h@2x.png"; sourceTree = "<group>"; };
		A88EE7C417B0CF5A00DC75A2 /* KMInstagram.xcdatamodel */ = {isa = PBXFileReference; lastKnownFileType = wrapper.xcdatamodel; path = KMInstagram.xcdatamodel; sourceTree = "<group>"; };
		A88EE7DD17B0CF5A00DC75A2 /* KMInstagramTests.octest */ = {isa = PBXFileReference; explicitFileType = wrapper.cfbundle; includeInIndex = 0; path = KMInstagramTests.octest; sourceTree = BUILT_PRODUCTS_DIR; };
		A88EE7DE17B0CF5A00DC75A2 /* SenTestingKit.framework */ = {isa = PBXFileReference; lastKnownFileType = wrapper.framework; name = SenTestingKit.framework; path = Library/Frameworks/SenTestingKit.framework; sourceTree = DEVELOPER_DIR; };
		A88EE7E717B0CF5A00DC75A2 /* KMInstagramTests-Info.plist */ = {isa = PBXFileReference; lastKnownFileType = text.plist.xml; path = "KMInstagramTests-Info.plist"; sourceTree = "<group>"; };
		A88EE7E917B0CF5A00DC75A2 /* en */ = {isa = PBXFileReference; lastKnownFileType = text.plist.strings; name = en; path = en.lproj/InfoPlist.strings; sourceTree = "<group>"; };
		A88EE7EB17B0CF5A00DC75A2 /* KMInstagramTests.h */ = {isa = PBXFileReference; lastKnownFileType = sourcecode.c.h; path = KMInstagramTests.h; sourceTree = "<group>"; };
		A88EE7EC17B0CF5A00DC75A2 /* KMInstagramTests.m */ = {isa = PBXFileReference; lastKnownFileType = sourcecode.c.objc; path = KMInstagramTests.m; sourceTree = "<group>"; };
		A88EE80F17B0D0C200DC75A2 /* KMBaseDataStoreManager.h */ = {isa = PBXFileReference; fileEncoding = 4; lastKnownFileType = sourcecode.c.h; path = KMBaseDataStoreManager.h; sourceTree = "<group>"; };
		A88EE81017B0D0C200DC75A2 /* KMBaseDataStoreManager.m */ = {isa = PBXFileReference; fileEncoding = 4; lastKnownFileType = sourcecode.c.objc; path = KMBaseDataStoreManager.m; sourceTree = "<group>"; };
		A88EE81617B0D1EB00DC75A2 /* KMBaseVC.h */ = {isa = PBXFileReference; fileEncoding = 4; lastKnownFileType = sourcecode.c.h; path = KMBaseVC.h; sourceTree = "<group>"; };
		A88EE81717B0D1EB00DC75A2 /* KMBaseVC.m */ = {isa = PBXFileReference; fileEncoding = 4; lastKnownFileType = sourcecode.c.objc; path = KMBaseVC.m; sourceTree = "<group>"; };
		A88EE81917B0D20B00DC75A2 /* KMBaseTableVC.h */ = {isa = PBXFileReference; fileEncoding = 4; lastKnownFileType = sourcecode.c.h; path = KMBaseTableVC.h; sourceTree = "<group>"; };
		A88EE81A17B0D20B00DC75A2 /* KMBaseTableVC.m */ = {isa = PBXFileReference; fileEncoding = 4; lastKnownFileType = sourcecode.c.objc; path = KMBaseTableVC.m; sourceTree = "<group>"; };
		A88EE81C17B0D38B00DC75A2 /* KMLoginVC.h */ = {isa = PBXFileReference; fileEncoding = 4; lastKnownFileType = sourcecode.c.h; path = KMLoginVC.h; sourceTree = "<group>"; };
		A88EE81D17B0D38B00DC75A2 /* KMLoginVC.m */ = {isa = PBXFileReference; fileEncoding = 4; lastKnownFileType = sourcecode.c.objc; path = KMLoginVC.m; sourceTree = "<group>"; };
		A88EE81E17B0D38B00DC75A2 /* KMLoginVC.xib */ = {isa = PBXFileReference; fileEncoding = 4; lastKnownFileType = file.xib; path = KMLoginVC.xib; sourceTree = "<group>"; };
		A88EE82317B0D71900DC75A2 /* BlocksTypedefs.h */ = {isa = PBXFileReference; fileEncoding = 4; lastKnownFileType = sourcecode.c.h; path = BlocksTypedefs.h; sourceTree = "<group>"; };
		A88EE82417B0D71900DC75A2 /* Singleton.h */ = {isa = PBXFileReference; fileEncoding = 4; lastKnownFileType = sourcecode.c.h; path = Singleton.h; sourceTree = "<group>"; };
		A88EE82517B0D8AA00DC75A2 /* KMInstagramAuthVC.h */ = {isa = PBXFileReference; fileEncoding = 4; lastKnownFileType = sourcecode.c.h; path = KMInstagramAuthVC.h; sourceTree = "<group>"; };
		A88EE82617B0D8AA00DC75A2 /* KMInstagramAuthVC.m */ = {isa = PBXFileReference; fileEncoding = 4; lastKnownFileType = sourcecode.c.objc; path = KMInstagramAuthVC.m; sourceTree = "<group>"; };
		A88EE82717B0D8AA00DC75A2 /* KMInstagramAuthVC.xib */ = {isa = PBXFileReference; fileEncoding = 4; lastKnownFileType = file.xib; path = KMInstagramAuthVC.xib; sourceTree = "<group>"; };
		A88EE82B17B0E22400DC75A2 /* NSString+KMQueryString.h */ = {isa = PBXFileReference; fileEncoding = 4; lastKnownFileType = sourcecode.c.h; path = "NSString+KMQueryString.h"; sourceTree = "<group>"; };
		A88EE82C17B0E22400DC75A2 /* NSString+KMQueryString.m */ = {isa = PBXFileReference; fileEncoding = 4; lastKnownFileType = sourcecode.c.objc; path = "NSString+KMQueryString.m"; sourceTree = "<group>"; };
		A88EE82E17B0E5B500DC75A2 /* KMUserFeedTVC.h */ = {isa = PBXFileReference; fileEncoding = 4; lastKnownFileType = sourcecode.c.h; path = KMUserFeedTVC.h; sourceTree = "<group>"; };
		A88EE82F17B0E5B500DC75A2 /* KMUserFeedTVC.m */ = {isa = PBXFileReference; fileEncoding = 4; lastKnownFileType = sourcecode.c.objc; path = KMUserFeedTVC.m; sourceTree = "<group>"; };
		A88EE83017B0E5B500DC75A2 /* KMUserFeedTVC.xib */ = {isa = PBXFileReference; fileEncoding = 4; lastKnownFileType = file.xib; path = KMUserFeedTVC.xib; sourceTree = "<group>"; };
		A88EE83317B0E94300DC75A2 /* KMAPIController.h */ = {isa = PBXFileReference; fileEncoding = 4; lastKnownFileType = sourcecode.c.h; path = KMAPIController.h; sourceTree = "<group>"; };
		A88EE83417B0E94300DC75A2 /* KMAPIController.m */ = {isa = PBXFileReference; fileEncoding = 4; lastKnownFileType = sourcecode.c.objc; path = KMAPIController.m; sourceTree = "<group>"; };
		A88EE83717B0E9CD00DC75A2 /* AFHTTPClient.h */ = {isa = PBXFileReference; fileEncoding = 4; lastKnownFileType = sourcecode.c.h; path = AFHTTPClient.h; sourceTree = "<group>"; };
		A88EE83817B0E9CD00DC75A2 /* AFHTTPClient.m */ = {isa = PBXFileReference; fileEncoding = 4; lastKnownFileType = sourcecode.c.objc; path = AFHTTPClient.m; sourceTree = "<group>"; };
		A88EE83917B0E9CD00DC75A2 /* AFHTTPRequestOperation.h */ = {isa = PBXFileReference; fileEncoding = 4; lastKnownFileType = sourcecode.c.h; path = AFHTTPRequestOperation.h; sourceTree = "<group>"; };
		A88EE83A17B0E9CD00DC75A2 /* AFHTTPRequestOperation.m */ = {isa = PBXFileReference; fileEncoding = 4; lastKnownFileType = sourcecode.c.objc; path = AFHTTPRequestOperation.m; sourceTree = "<group>"; };
		A88EE83B17B0E9CD00DC75A2 /* AFImageRequestOperation.h */ = {isa = PBXFileReference; fileEncoding = 4; lastKnownFileType = sourcecode.c.h; path = AFImageRequestOperation.h; sourceTree = "<group>"; };
		A88EE83C17B0E9CD00DC75A2 /* AFImageRequestOperation.m */ = {isa = PBXFileReference; fileEncoding = 4; lastKnownFileType = sourcecode.c.objc; path = AFImageRequestOperation.m; sourceTree = "<group>"; };
		A88EE83D17B0E9CD00DC75A2 /* AFJSONRequestOperation.h */ = {isa = PBXFileReference; fileEncoding = 4; lastKnownFileType = sourcecode.c.h; path = AFJSONRequestOperation.h; sourceTree = "<group>"; };
		A88EE83E17B0E9CD00DC75A2 /* AFJSONRequestOperation.m */ = {isa = PBXFileReference; fileEncoding = 4; lastKnownFileType = sourcecode.c.objc; path = AFJSONRequestOperation.m; sourceTree = "<group>"; };
		A88EE83F17B0E9CD00DC75A2 /* AFNetworkActivityIndicatorManager.h */ = {isa = PBXFileReference; fileEncoding = 4; lastKnownFileType = sourcecode.c.h; path = AFNetworkActivityIndicatorManager.h; sourceTree = "<group>"; };
		A88EE84017B0E9CD00DC75A2 /* AFNetworkActivityIndicatorManager.m */ = {isa = PBXFileReference; fileEncoding = 4; lastKnownFileType = sourcecode.c.objc; path = AFNetworkActivityIndicatorManager.m; sourceTree = "<group>"; };
		A88EE84117B0E9CD00DC75A2 /* AFNetworking.h */ = {isa = PBXFileReference; fileEncoding = 4; lastKnownFileType = sourcecode.c.h; path = AFNetworking.h; sourceTree = "<group>"; };
		A88EE84217B0E9CD00DC75A2 /* AFPropertyListRequestOperation.h */ = {isa = PBXFileReference; fileEncoding = 4; lastKnownFileType = sourcecode.c.h; path = AFPropertyListRequestOperation.h; sourceTree = "<group>"; };
		A88EE84317B0E9CD00DC75A2 /* AFPropertyListRequestOperation.m */ = {isa = PBXFileReference; fileEncoding = 4; lastKnownFileType = sourcecode.c.objc; path = AFPropertyListRequestOperation.m; sourceTree = "<group>"; };
		A88EE84417B0E9CD00DC75A2 /* AFURLConnectionOperation.h */ = {isa = PBXFileReference; fileEncoding = 4; lastKnownFileType = sourcecode.c.h; path = AFURLConnectionOperation.h; sourceTree = "<group>"; };
		A88EE84517B0E9CD00DC75A2 /* AFURLConnectionOperation.m */ = {isa = PBXFileReference; fileEncoding = 4; lastKnownFileType = sourcecode.c.objc; path = AFURLConnectionOperation.m; sourceTree = "<group>"; };
		A88EE84617B0E9CD00DC75A2 /* AFXMLRequestOperation.h */ = {isa = PBXFileReference; fileEncoding = 4; lastKnownFileType = sourcecode.c.h; path = AFXMLRequestOperation.h; sourceTree = "<group>"; };
		A88EE84717B0E9CD00DC75A2 /* AFXMLRequestOperation.m */ = {isa = PBXFileReference; fileEncoding = 4; lastKnownFileType = sourcecode.c.objc; path = AFXMLRequestOperation.m; sourceTree = "<group>"; };
		A88EE84817B0E9CD00DC75A2 /* UIImageView+AFNetworking.h */ = {isa = PBXFileReference; fileEncoding = 4; lastKnownFileType = sourcecode.c.h; path = "UIImageView+AFNetworking.h"; sourceTree = "<group>"; };
		A88EE84917B0E9CD00DC75A2 /* UIImageView+AFNetworking.m */ = {isa = PBXFileReference; fileEncoding = 4; lastKnownFileType = sourcecode.c.objc; path = "UIImageView+AFNetworking.m"; sourceTree = "<group>"; };
		A88EE85317B0EA1100DC75A2 /* SystemConfiguration.framework */ = {isa = PBXFileReference; lastKnownFileType = wrapper.framework; name = SystemConfiguration.framework; path = System/Library/Frameworks/SystemConfiguration.framework; sourceTree = SDKROOT; };
		A88EE85517B0EA4D00DC75A2 /* MobileCoreServices.framework */ = {isa = PBXFileReference; lastKnownFileType = wrapper.framework; name = MobileCoreServices.framework; path = System/Library/Frameworks/MobileCoreServices.framework; sourceTree = SDKROOT; };
		A88EE85717B0EAFA00DC75A2 /* Security.framework */ = {isa = PBXFileReference; lastKnownFileType = wrapper.framework; name = Security.framework; path = System/Library/Frameworks/Security.framework; sourceTree = SDKROOT; };
		A88EE85B17B0EC1400DC75A2 /* KMLoginVC_Ipad.xib */ = {isa = PBXFileReference; fileEncoding = 4; lastKnownFileType = file.xib; path = KMLoginVC_Ipad.xib; sourceTree = "<group>"; };
		A88EE85D17B0EDC800DC75A2 /* KMUserAuthManager.h */ = {isa = PBXFileReference; fileEncoding = 4; lastKnownFileType = sourcecode.c.h; path = KMUserAuthManager.h; sourceTree = "<group>"; };
		A88EE85E17B0EDC800DC75A2 /* KMUserAuthManager.m */ = {isa = PBXFileReference; fileEncoding = 4; lastKnownFileType = sourcecode.c.objc; path = KMUserAuthManager.m; sourceTree = "<group>"; };
		A88EE86217B0F1E000DC75A2 /* NSError+KMAdditions.h */ = {isa = PBXFileReference; fileEncoding = 4; lastKnownFileType = sourcecode.c.h; path = "NSError+KMAdditions.h"; sourceTree = "<group>"; };
		A88EE86317B0F1E000DC75A2 /* NSError+KMAdditions.m */ = {isa = PBXFileReference; fileEncoding = 4; lastKnownFileType = sourcecode.c.objc; path = "NSError+KMAdditions.m"; sourceTree = "<group>"; };
		A88EE86517B0FCFA00DC75A2 /* KMBaseTVCell.h */ = {isa = PBXFileReference; fileEncoding = 4; lastKnownFileType = sourcecode.c.h; path = KMBaseTVCell.h; sourceTree = "<group>"; };
		A88EE86617B0FCFA00DC75A2 /* KMBaseTVCell.m */ = {isa = PBXFileReference; fileEncoding = 4; lastKnownFileType = sourcecode.c.objc; path = KMBaseTVCell.m; sourceTree = "<group>"; };
		A88EE86A17B102ED00DC75A2 /* EGORefreshTableHeaderView.h */ = {isa = PBXFileReference; fileEncoding = 4; lastKnownFileType = sourcecode.c.h; path = EGORefreshTableHeaderView.h; sourceTree = "<group>"; };
		A88EE86B17B102ED00DC75A2 /* EGORefreshTableHeaderView.m */ = {isa = PBXFileReference; fileEncoding = 4; lastKnownFileType = sourcecode.c.objc; path = EGORefreshTableHeaderView.m; sourceTree = "<group>"; };
		A88EE86C17B102ED00DC75A2 /* PullToRefreshArrow.png */ = {isa = PBXFileReference; lastKnownFileType = image.png; path = PullToRefreshArrow.png; sourceTree = "<group>"; };
		A88EE86D17B102ED00DC75A2 /* PullToRefreshArrow@2x.png */ = {isa = PBXFileReference; lastKnownFileType = image.png; path = "PullToRefreshArrow@2x.png"; sourceTree = "<group>"; };
		A88EE87117B1034000DC75A2 /* NSDateFormatter+Extensions.h */ = {isa = PBXFileReference; fileEncoding = 4; lastKnownFileType = sourcecode.c.h; path = "NSDateFormatter+Extensions.h"; sourceTree = "<group>"; };
		A88EE87217B1034100DC75A2 /* NSDateFormatter+Extensions.m */ = {isa = PBXFileReference; fileEncoding = 4; lastKnownFileType = sourcecode.c.objc; path = "NSDateFormatter+Extensions.m"; sourceTree = "<group>"; };
		A88EE87417B1038800DC75A2 /* NSDate+Extensions.h */ = {isa = PBXFileReference; fileEncoding = 4; lastKnownFileType = sourcecode.c.h; path = "NSDate+Extensions.h"; sourceTree = "<group>"; };
		A88EE87517B1038800DC75A2 /* NSDate+Extensions.m */ = {isa = PBXFileReference; fileEncoding = 4; lastKnownFileType = sourcecode.c.objc; path = "NSDate+Extensions.m"; sourceTree = "<group>"; };
		A88EE87C17B1044300DC75A2 /* QuartzCore.framework */ = {isa = PBXFileReference; lastKnownFileType = wrapper.framework; name = QuartzCore.framework; path = System/Library/Frameworks/QuartzCore.framework; sourceTree = SDKROOT; };
		A88EE87E17B1071100DC75A2 /* KMInstagramSettings.h */ = {isa = PBXFileReference; fileEncoding = 4; lastKnownFileType = sourcecode.c.h; path = KMInstagramSettings.h; sourceTree = "<group>"; };
		A88EE87F17B1071300DC75A2 /* KMInstagramSettings.m */ = {isa = PBXFileReference; fileEncoding = 4; lastKnownFileType = sourcecode.c.objc; path = KMInstagramSettings.m; sourceTree = "<group>"; };
		A88EE88117B10BE400DC75A2 /* KMBaseRefreshTVC.h */ = {isa = PBXFileReference; fileEncoding = 4; lastKnownFileType = sourcecode.c.h; path = KMBaseRefreshTVC.h; sourceTree = "<group>"; };
		A88EE88217B10BE400DC75A2 /* KMBaseRefreshTVC.m */ = {isa = PBXFileReference; fileEncoding = 4; lastKnownFileType = sourcecode.c.objc; path = KMBaseRefreshTVC.m; sourceTree = "<group>"; };
		A88EE88417B10EC100DC75A2 /* KMUserFeedsTVCell.h */ = {isa = PBXFileReference; fileEncoding = 4; lastKnownFileType = sourcecode.c.h; path = KMUserFeedsTVCell.h; sourceTree = "<group>"; };
		A88EE88517B10EC100DC75A2 /* KMUserFeedsTVCell.m */ = {isa = PBXFileReference; fileEncoding = 4; lastKnownFileType = sourcecode.c.objc; path = KMUserFeedsTVCell.m; sourceTree = "<group>"; };
		A88EE88717B10EDD00DC75A2 /* KMUserFeedsTVCell.xib */ = {isa = PBXFileReference; fileEncoding = 4; lastKnownFileType = file.xib; path = KMUserFeedsTVCell.xib; sourceTree = "<group>"; };
		A88EE88B17B113EA00DC75A2 /* KMInstagramRequestClient.h */ = {isa = PBXFileReference; fileEncoding = 4; lastKnownFileType = sourcecode.c.h; path = KMInstagramRequestClient.h; sourceTree = "<group>"; };
		A88EE88C17B113EA00DC75A2 /* KMInstagramRequestClient.m */ = {isa = PBXFileReference; fileEncoding = 4; lastKnownFileType = sourcecode.c.objc; path = KMInstagramRequestClient.m; sourceTree = "<group>"; };
		A88EE88E17B1143500DC75A2 /* KMFeedRequestManager.h */ = {isa = PBXFileReference; fileEncoding = 4; lastKnownFileType = sourcecode.c.h; path = KMFeedRequestManager.h; sourceTree = "<group>"; };
		A88EE88F17B1143500DC75A2 /* KMFeedRequestManager.m */ = {isa = PBXFileReference; fileEncoding = 4; lastKnownFileType = sourcecode.c.objc; path = KMFeedRequestManager.m; sourceTree = "<group>"; };
		A88EE89417B11BBB00DC75A2 /* JSONKit.h */ = {isa = PBXFileReference; fileEncoding = 4; lastKnownFileType = sourcecode.c.h; path = JSONKit.h; sourceTree = "<group>"; };
		A88EE89517B11BBB00DC75A2 /* JSONKit.m */ = {isa = PBXFileReference; fileEncoding = 4; lastKnownFileType = sourcecode.c.objc; path = JSONKit.m; sourceTree = "<group>"; };
		A88EE89717B1285000DC75A2 /* KMFeed.h */ = {isa = PBXFileReference; fileEncoding = 4; lastKnownFileType = sourcecode.c.h; path = KMFeed.h; sourceTree = "<group>"; };
		A88EE89817B1285000DC75A2 /* KMFeed.m */ = {isa = PBXFileReference; fileEncoding = 4; lastKnownFileType = sourcecode.c.objc; path = KMFeed.m; sourceTree = "<group>"; };
		A88EE89A17B1288200DC75A2 /* KMUser.h */ = {isa = PBXFileReference; fileEncoding = 4; lastKnownFileType = sourcecode.c.h; path = KMUser.h; sourceTree = "<group>"; };
		A88EE89B17B1288200DC75A2 /* KMUser.m */ = {isa = PBXFileReference; fileEncoding = 4; lastKnownFileType = sourcecode.c.objc; path = KMUser.m; sourceTree = "<group>"; };
		A88EE89D17B1289400DC75A2 /* KMComment.h */ = {isa = PBXFileReference; fileEncoding = 4; lastKnownFileType = sourcecode.c.h; path = KMComment.h; sourceTree = "<group>"; };
		A88EE89E17B1289400DC75A2 /* KMComment.m */ = {isa = PBXFileReference; fileEncoding = 4; lastKnownFileType = sourcecode.c.objc; path = KMComment.m; sourceTree = "<group>"; };
		A88EE8A017B128AC00DC75A2 /* KMTag.h */ = {isa = PBXFileReference; fileEncoding = 4; lastKnownFileType = sourcecode.c.h; path = KMTag.h; sourceTree = "<group>"; };
		A88EE8A117B128AC00DC75A2 /* KMTag.m */ = {isa = PBXFileReference; fileEncoding = 4; lastKnownFileType = sourcecode.c.objc; path = KMTag.m; sourceTree = "<group>"; };
		A88EE8A317B1293B00DC75A2 /* KMCaption.h */ = {isa = PBXFileReference; fileEncoding = 4; lastKnownFileType = sourcecode.c.h; path = KMCaption.h; sourceTree = "<group>"; };
		A88EE8A417B1293C00DC75A2 /* KMCaption.m */ = {isa = PBXFileReference; fileEncoding = 4; lastKnownFileType = sourcecode.c.objc; path = KMCaption.m; sourceTree = "<group>"; };
		A88EE8A617B1372C00DC75A2 /* KMStoroableProtocol.h */ = {isa = PBXFileReference; fileEncoding = 4; lastKnownFileType = sourcecode.c.h; path = KMStoroableProtocol.h; sourceTree = "<group>"; };
		A88EE8AA17B1691500DC75A2 /* mainPlaceholderImage.png */ = {isa = PBXFileReference; lastKnownFileType = image.png; path = mainPlaceholderImage.png; sourceTree = "<group>"; };
		A88EE8AB17B1691500DC75A2 /* mainPlaceholderImage@2x.png */ = {isa = PBXFileReference; lastKnownFileType = image.png; path = "mainPlaceholderImage@2x.png"; sourceTree = "<group>"; };
		A88EE8AF17B16FDE00DC75A2 /* KMFeedDetailContainerVC.h */ = {isa = PBXFileReference; fileEncoding = 4; lastKnownFileType = sourcecode.c.h; path = KMFeedDetailContainerVC.h; sourceTree = "<group>"; };
		A88EE8B017B16FDE00DC75A2 /* KMFeedDetailContainerVC.m */ = {isa = PBXFileReference; fileEncoding = 4; lastKnownFileType = sourcecode.c.objc; path = KMFeedDetailContainerVC.m; sourceTree = "<group>"; };
		A88EE8B117B16FDE00DC75A2 /* KMFeedDetailContainerVC.xib */ = {isa = PBXFileReference; fileEncoding = 4; lastKnownFileType = file.xib; path = KMFeedDetailContainerVC.xib; sourceTree = "<group>"; };
		A88EE8B417B1714A00DC75A2 /* KMFeedLikesTVC.h */ = {isa = PBXFileReference; fileEncoding = 4; lastKnownFileType = sourcecode.c.h; path = KMFeedLikesTVC.h; sourceTree = "<group>"; };
		A88EE8B517B1714B00DC75A2 /* KMFeedLikesTVC.m */ = {isa = PBXFileReference; fileEncoding = 4; lastKnownFileType = sourcecode.c.objc; path = KMFeedLikesTVC.m; sourceTree = "<group>"; };
		A88EE8B617B1714B00DC75A2 /* KMFeedLikesTVC.xib */ = {isa = PBXFileReference; fileEncoding = 4; lastKnownFileType = file.xib; path = KMFeedLikesTVC.xib; sourceTree = "<group>"; };
		A88EE8B917B171D400DC75A2 /* KMFeedCommentsTVC.h */ = {isa = PBXFileReference; fileEncoding = 4; lastKnownFileType = sourcecode.c.h; path = KMFeedCommentsTVC.h; sourceTree = "<group>"; };
		A88EE8BA17B171D400DC75A2 /* KMFeedCommentsTVC.m */ = {isa = PBXFileReference; fileEncoding = 4; lastKnownFileType = sourcecode.c.objc; path = KMFeedCommentsTVC.m; sourceTree = "<group>"; };
		A88EE8BB17B171D400DC75A2 /* KMFeedCommentsTVC.xib */ = {isa = PBXFileReference; fileEncoding = 4; lastKnownFileType = file.xib; path = KMFeedCommentsTVC.xib; sourceTree = "<group>"; };
		A88EE8BF17B1734100DC75A2 /* UIView+NIB.h */ = {isa = PBXFileReference; fileEncoding = 4; lastKnownFileType = sourcecode.c.h; path = "UIView+NIB.h"; sourceTree = "<group>"; };
		A88EE8C017B1734200DC75A2 /* UIView+NIB.m */ = {isa = PBXFileReference; fileEncoding = 4; lastKnownFileType = sourcecode.c.objc; path = "UIView+NIB.m"; sourceTree = "<group>"; };
		A88EE8C317B173EA00DC75A2 /* BASegmentedControl.h */ = {isa = PBXFileReference; fileEncoding = 4; lastKnownFileType = sourcecode.c.h; path = BASegmentedControl.h; sourceTree = "<group>"; };
		A88EE8C417B173EA00DC75A2 /* BASegmentedControl.m */ = {isa = PBXFileReference; fileEncoding = 4; lastKnownFileType = sourcecode.c.objc; path = BASegmentedControl.m; sourceTree = "<group>"; };
		A88EE8C517B173EB00DC75A2 /* BASegmentedControl.xib */ = {isa = PBXFileReference; fileEncoding = 4; lastKnownFileType = file.xib; path = BASegmentedControl.xib; sourceTree = "<group>"; };
/* End PBXFileReference section */

/* Begin PBXFrameworksBuildPhase section */
		A88EE7A317B0CF5A00DC75A2 /* Frameworks */ = {
			isa = PBXFrameworksBuildPhase;
			buildActionMask = 2147483647;
			files = (
				A88EE87D17B1044400DC75A2 /* QuartzCore.framework in Frameworks */,
				A88EE85817B0EAFA00DC75A2 /* Security.framework in Frameworks */,
				A88EE85617B0EA4E00DC75A2 /* MobileCoreServices.framework in Frameworks */,
				A88EE85417B0EA1200DC75A2 /* SystemConfiguration.framework in Frameworks */,
				A88EE7AA17B0CF5A00DC75A2 /* UIKit.framework in Frameworks */,
				A88EE7AC17B0CF5A00DC75A2 /* Foundation.framework in Frameworks */,
				A88EE7AE17B0CF5A00DC75A2 /* CoreGraphics.framework in Frameworks */,
				A88EE7B017B0CF5A00DC75A2 /* CoreData.framework in Frameworks */,
			);
			runOnlyForDeploymentPostprocessing = 0;
		};
		A88EE7D917B0CF5A00DC75A2 /* Frameworks */ = {
			isa = PBXFrameworksBuildPhase;
			buildActionMask = 2147483647;
			files = (
				A88EE7DF17B0CF5A00DC75A2 /* SenTestingKit.framework in Frameworks */,
				A88EE7E017B0CF5A00DC75A2 /* UIKit.framework in Frameworks */,
				A88EE7E117B0CF5A00DC75A2 /* Foundation.framework in Frameworks */,
				A88EE7E217B0CF5A00DC75A2 /* CoreData.framework in Frameworks */,
			);
			runOnlyForDeploymentPostprocessing = 0;
		};
/* End PBXFrameworksBuildPhase section */

/* Begin PBXGroup section */
		A88EE79D17B0CF5A00DC75A2 = {
			isa = PBXGroup;
			children = (
				A88EE7F617B0D05700DC75A2 /* 3RD_Party */,
				A88EE7B117B0CF5A00DC75A2 /* KMInstagram */,
				A88EE7E517B0CF5A00DC75A2 /* KMInstagramTests */,
				A88EE7A817B0CF5A00DC75A2 /* Frameworks */,
				A88EE7A717B0CF5A00DC75A2 /* Products */,
			);
			sourceTree = "<group>";
		};
		A88EE7A717B0CF5A00DC75A2 /* Products */ = {
			isa = PBXGroup;
			children = (
				A88EE7A617B0CF5A00DC75A2 /* KMInstagram.app */,
				A88EE7DD17B0CF5A00DC75A2 /* KMInstagramTests.octest */,
			);
			name = Products;
			sourceTree = "<group>";
		};
		A88EE7A817B0CF5A00DC75A2 /* Frameworks */ = {
			isa = PBXGroup;
			children = (
				A88EE87C17B1044300DC75A2 /* QuartzCore.framework */,
				A88EE85717B0EAFA00DC75A2 /* Security.framework */,
				A88EE85517B0EA4D00DC75A2 /* MobileCoreServices.framework */,
				A88EE85317B0EA1100DC75A2 /* SystemConfiguration.framework */,
				A88EE7A917B0CF5A00DC75A2 /* UIKit.framework */,
				A88EE7AB17B0CF5A00DC75A2 /* Foundation.framework */,
				A88EE7AD17B0CF5A00DC75A2 /* CoreGraphics.framework */,
				A88EE7AF17B0CF5A00DC75A2 /* CoreData.framework */,
				A88EE7DE17B0CF5A00DC75A2 /* SenTestingKit.framework */,
			);
			name = Frameworks;
			sourceTree = "<group>";
		};
		A88EE7B117B0CF5A00DC75A2 /* KMInstagram */ = {
			isa = PBXGroup;
			children = (
				A88EE7F717B0D06A00DC75A2 /* KMImages */,
				A88EE7F817B0D06A00DC75A2 /* KMModel */,
				A88EE7F917B0D06A00DC75A2 /* KMNetworking */,
				A88EE7FB17B0D06A00DC75A2 /* KMUI */,
				A88EE80817B0D06A00DC75A2 /* KMUtils */,
				A88EE7BA17B0CF5A00DC75A2 /* KMAppDelegate.h */,
				A88EE7BB17B0CF5A00DC75A2 /* KMAppDelegate.m */,
				A88EE87E17B1071100DC75A2 /* KMInstagramSettings.h */,
				A88EE87F17B1071300DC75A2 /* KMInstagramSettings.m */,
				A88EE7B217B0CF5A00DC75A2 /* Supporting Files */,
			);
			path = KMInstagram;
			sourceTree = "<group>";
		};
		A88EE7B217B0CF5A00DC75A2 /* Supporting Files */ = {
			isa = PBXGroup;
			children = (
				A88EE7B317B0CF5A00DC75A2 /* KMInstagram-Info.plist */,
				A88EE7B417B0CF5A00DC75A2 /* InfoPlist.strings */,
				A88EE7B717B0CF5A00DC75A2 /* main.m */,
				A88EE7B917B0CF5A00DC75A2 /* KMInstagram-Prefix.pch */,
				A88EE7BD17B0CF5A00DC75A2 /* Default.png */,
				A88EE7BF17B0CF5A00DC75A2 /* Default@2x.png */,
				A88EE7C117B0CF5A00DC75A2 /* Default-568h@2x.png */,
			);
			name = "Supporting Files";
			sourceTree = "<group>";
		};
		A88EE7E517B0CF5A00DC75A2 /* KMInstagramTests */ = {
			isa = PBXGroup;
			children = (
				A88EE7EB17B0CF5A00DC75A2 /* KMInstagramTests.h */,
				A88EE7EC17B0CF5A00DC75A2 /* KMInstagramTests.m */,
				A88EE7E617B0CF5A00DC75A2 /* Supporting Files */,
			);
			path = KMInstagramTests;
			sourceTree = "<group>";
		};
		A88EE7E617B0CF5A00DC75A2 /* Supporting Files */ = {
			isa = PBXGroup;
			children = (
				A88EE7E717B0CF5A00DC75A2 /* KMInstagramTests-Info.plist */,
				A88EE7E817B0CF5A00DC75A2 /* InfoPlist.strings */,
			);
			name = "Supporting Files";
			sourceTree = "<group>";
		};
		A88EE7F617B0D05700DC75A2 /* 3RD_Party */ = {
			isa = PBXGroup;
			children = (
				A88EE89317B11BBA00DC75A2 /* JSONKit */,
				A88EE86917B102ED00DC75A2 /* EGORefresh */,
				A88EE83617B0E9CD00DC75A2 /* AFNetworking */,
			);
			path = 3RD_Party;
			sourceTree = "<group>";
		};
		A88EE7F717B0D06A00DC75A2 /* KMImages */ = {
			isa = PBXGroup;
			children = (
				A88EE8AA17B1691500DC75A2 /* mainPlaceholderImage.png */,
				A88EE8AB17B1691500DC75A2 /* mainPlaceholderImage@2x.png */,
			);
			path = KMImages;
			sourceTree = "<group>";
		};
		A88EE7F817B0D06A00DC75A2 /* KMModel */ = {
			isa = PBXGroup;
			children = (
				A88EE8A617B1372C00DC75A2 /* KMStoroableProtocol.h */,
				A88EE89717B1285000DC75A2 /* KMFeed.h */,
				A88EE89817B1285000DC75A2 /* KMFeed.m */,
				A88EE89A17B1288200DC75A2 /* KMUser.h */,
				A88EE89B17B1288200DC75A2 /* KMUser.m */,
				A88EE89D17B1289400DC75A2 /* KMComment.h */,
				A88EE89E17B1289400DC75A2 /* KMComment.m */,
				A88EE8A017B128AC00DC75A2 /* KMTag.h */,
				A88EE8A117B128AC00DC75A2 /* KMTag.m */,
				A88EE8A317B1293B00DC75A2 /* KMCaption.h */,
				A88EE8A417B1293C00DC75A2 /* KMCaption.m */,
			);
			path = KMModel;
			sourceTree = "<group>";
		};
		A88EE7F917B0D06A00DC75A2 /* KMNetworking */ = {
			isa = PBXGroup;
			children = (
				A88EE83317B0E94300DC75A2 /* KMAPIController.h */,
				A88EE83417B0E94300DC75A2 /* KMAPIController.m */,
				A88EE88B17B113EA00DC75A2 /* KMInstagramRequestClient.h */,
				A88EE88C17B113EA00DC75A2 /* KMInstagramRequestClient.m */,
				A88EE88917B1134A00DC75A2 /* KMFeedRequestManager */,
				A88EE85A17B0EB6F00DC75A2 /* KMAuthManager */,
				A88EE7FA17B0D06A00DC75A2 /* KMDataStoreManager */,
			);
			path = KMNetworking;
			sourceTree = "<group>";
		};
		A88EE7FA17B0D06A00DC75A2 /* KMDataStoreManager */ = {
			isa = PBXGroup;
			children = (
				A88EE7C317B0CF5A00DC75A2 /* KMInstagram.xcdatamodeld */,
				A88EE80F17B0D0C200DC75A2 /* KMBaseDataStoreManager.h */,
				A88EE81017B0D0C200DC75A2 /* KMBaseDataStoreManager.m */,
			);
			path = KMDataStoreManager;
			sourceTree = "<group>";
		};
		A88EE7FB17B0D06A00DC75A2 /* KMUI */ = {
			isa = PBXGroup;
			children = (
				A88EE8AE17B16EC900DC75A2 /* KMDetailFeed */,
				A88EE81517B0D1D400DC75A2 /* KMBaseVC */,
				A88EE7FD17B0D06A00DC75A2 /* KMLogin */,
				A88EE80717B0D06A00DC75A2 /* KMUserFeed */,
			);
			path = KMUI;
			sourceTree = "<group>";
		};
		A88EE7FD17B0D06A00DC75A2 /* KMLogin */ = {
			isa = PBXGroup;
			children = (
				A88EE81C17B0D38B00DC75A2 /* KMLoginVC.h */,
				A88EE81D17B0D38B00DC75A2 /* KMLoginVC.m */,
				A88EE81E17B0D38B00DC75A2 /* KMLoginVC.xib */,
				A88EE85B17B0EC1400DC75A2 /* KMLoginVC_Ipad.xib */,
				A88EE82517B0D8AA00DC75A2 /* KMInstagramAuthVC.h */,
				A88EE82617B0D8AA00DC75A2 /* KMInstagramAuthVC.m */,
				A88EE82717B0D8AA00DC75A2 /* KMInstagramAuthVC.xib */,
			);
			path = KMLogin;
			sourceTree = "<group>";
		};
		A88EE80717B0D06A00DC75A2 /* KMUserFeed */ = {
			isa = PBXGroup;
			children = (
				A88EE82E17B0E5B500DC75A2 /* KMUserFeedTVC.h */,
				A88EE82F17B0E5B500DC75A2 /* KMUserFeedTVC.m */,
				A88EE83017B0E5B500DC75A2 /* KMUserFeedTVC.xib */,
				A88EE88417B10EC100DC75A2 /* KMUserFeedsTVCell.h */,
				A88EE88517B10EC100DC75A2 /* KMUserFeedsTVCell.m */,
				A88EE88717B10EDD00DC75A2 /* KMUserFeedsTVCell.xib */,
			);
			path = KMUserFeed;
			sourceTree = "<group>";
		};
		A88EE80817B0D06A00DC75A2 /* KMUtils */ = {
			isa = PBXGroup;
			children = (
				A88EE8BF17B1734100DC75A2 /* UIView+NIB.h */,
				A88EE8C017B1734200DC75A2 /* UIView+NIB.m */,
				A88EE87417B1038800DC75A2 /* NSDate+Extensions.h */,
				A88EE87517B1038800DC75A2 /* NSDate+Extensions.m */,
				A88EE87117B1034000DC75A2 /* NSDateFormatter+Extensions.h */,
				A88EE87217B1034100DC75A2 /* NSDateFormatter+Extensions.m */,
				A88EE82317B0D71900DC75A2 /* BlocksTypedefs.h */,
				A88EE82417B0D71900DC75A2 /* Singleton.h */,
				A88EE82B17B0E22400DC75A2 /* NSString+KMQueryString.h */,
				A88EE82C17B0E22400DC75A2 /* NSString+KMQueryString.m */,
				A88EE86217B0F1E000DC75A2 /* NSError+KMAdditions.h */,
				A88EE86317B0F1E000DC75A2 /* NSError+KMAdditions.m */,
			);
			path = KMUtils;
			sourceTree = "<group>";
		};
		A88EE81517B0D1D400DC75A2 /* KMBaseVC */ = {
			isa = PBXGroup;
			children = (
				A88EE81617B0D1EB00DC75A2 /* KMBaseVC.h */,
				A88EE81717B0D1EB00DC75A2 /* KMBaseVC.m */,
				A88EE81917B0D20B00DC75A2 /* KMBaseTableVC.h */,
				A88EE81A17B0D20B00DC75A2 /* KMBaseTableVC.m */,
				A88EE86517B0FCFA00DC75A2 /* KMBaseTVCell.h */,
				A88EE86617B0FCFA00DC75A2 /* KMBaseTVCell.m */,
				A88EE88117B10BE400DC75A2 /* KMBaseRefreshTVC.h */,
				A88EE88217B10BE400DC75A2 /* KMBaseRefreshTVC.m */,
			);
			path = KMBaseVC;
			sourceTree = "<group>";
		};
		A88EE83617B0E9CD00DC75A2 /* AFNetworking */ = {
			isa = PBXGroup;
			children = (
				A88EE83717B0E9CD00DC75A2 /* AFHTTPClient.h */,
				A88EE83817B0E9CD00DC75A2 /* AFHTTPClient.m */,
				A88EE83917B0E9CD00DC75A2 /* AFHTTPRequestOperation.h */,
				A88EE83A17B0E9CD00DC75A2 /* AFHTTPRequestOperation.m */,
				A88EE83B17B0E9CD00DC75A2 /* AFImageRequestOperation.h */,
				A88EE83C17B0E9CD00DC75A2 /* AFImageRequestOperation.m */,
				A88EE83D17B0E9CD00DC75A2 /* AFJSONRequestOperation.h */,
				A88EE83E17B0E9CD00DC75A2 /* AFJSONRequestOperation.m */,
				A88EE83F17B0E9CD00DC75A2 /* AFNetworkActivityIndicatorManager.h */,
				A88EE84017B0E9CD00DC75A2 /* AFNetworkActivityIndicatorManager.m */,
				A88EE84117B0E9CD00DC75A2 /* AFNetworking.h */,
				A88EE84217B0E9CD00DC75A2 /* AFPropertyListRequestOperation.h */,
				A88EE84317B0E9CD00DC75A2 /* AFPropertyListRequestOperation.m */,
				A88EE84417B0E9CD00DC75A2 /* AFURLConnectionOperation.h */,
				A88EE84517B0E9CD00DC75A2 /* AFURLConnectionOperation.m */,
				A88EE84617B0E9CD00DC75A2 /* AFXMLRequestOperation.h */,
				A88EE84717B0E9CD00DC75A2 /* AFXMLRequestOperation.m */,
				A88EE84817B0E9CD00DC75A2 /* UIImageView+AFNetworking.h */,
				A88EE84917B0E9CD00DC75A2 /* UIImageView+AFNetworking.m */,
			);
			path = AFNetworking;
			sourceTree = "<group>";
		};
		A88EE85A17B0EB6F00DC75A2 /* KMAuthManager */ = {
			isa = PBXGroup;
			children = (
				A88EE85D17B0EDC800DC75A2 /* KMUserAuthManager.h */,
				A88EE85E17B0EDC800DC75A2 /* KMUserAuthManager.m */,
			);
			path = KMAuthManager;
			sourceTree = "<group>";
		};
		A88EE86917B102ED00DC75A2 /* EGORefresh */ = {
			isa = PBXGroup;
			children = (
				A88EE86A17B102ED00DC75A2 /* EGORefreshTableHeaderView.h */,
				A88EE86B17B102ED00DC75A2 /* EGORefreshTableHeaderView.m */,
				A88EE86C17B102ED00DC75A2 /* PullToRefreshArrow.png */,
				A88EE86D17B102ED00DC75A2 /* PullToRefreshArrow@2x.png */,
			);
			path = EGORefresh;
			sourceTree = "<group>";
		};
		A88EE88917B1134A00DC75A2 /* KMFeedRequestManager */ = {
			isa = PBXGroup;
			children = (
				A88EE88E17B1143500DC75A2 /* KMFeedRequestManager.h */,
				A88EE88F17B1143500DC75A2 /* KMFeedRequestManager.m */,
			);
			path = KMFeedRequestManager;
			sourceTree = "<group>";
		};
		A88EE89317B11BBA00DC75A2 /* JSONKit */ = {
			isa = PBXGroup;
			children = (
				A88EE89417B11BBB00DC75A2 /* JSONKit.h */,
				A88EE89517B11BBB00DC75A2 /* JSONKit.m */,
			);
			path = JSONKit;
			sourceTree = "<group>";
		};
		A88EE8AE17B16EC900DC75A2 /* KMDetailFeed */ = {
			isa = PBXGroup;
			children = (
				A88EE8AF17B16FDE00DC75A2 /* KMFeedDetailContainerVC.h */,
				A88EE8B017B16FDE00DC75A2 /* KMFeedDetailContainerVC.m */,
				A88EE8B117B16FDE00DC75A2 /* KMFeedDetailContainerVC.xib */,
				A88EE8B417B1714A00DC75A2 /* KMFeedLikesTVC.h */,
				A88EE8B517B1714B00DC75A2 /* KMFeedLikesTVC.m */,
				A88EE8B617B1714B00DC75A2 /* KMFeedLikesTVC.xib */,
				A88EE8B917B171D400DC75A2 /* KMFeedCommentsTVC.h */,
				A88EE8BA17B171D400DC75A2 /* KMFeedCommentsTVC.m */,
				A88EE8BB17B171D400DC75A2 /* KMFeedCommentsTVC.xib */,
				A88EE8C317B173EA00DC75A2 /* BASegmentedControl.h */,
				A88EE8C417B173EA00DC75A2 /* BASegmentedControl.m */,
				A88EE8C517B173EB00DC75A2 /* BASegmentedControl.xib */,
			);
			path = KMDetailFeed;
			sourceTree = "<group>";
		};
/* End PBXGroup section */

/* Begin PBXNativeTarget section */
		A88EE7A517B0CF5A00DC75A2 /* KMInstagram */ = {
			isa = PBXNativeTarget;
			buildConfigurationList = A88EE7F017B0CF5A00DC75A2 /* Build configuration list for PBXNativeTarget "KMInstagram" */;
			buildPhases = (
				A88EE7A217B0CF5A00DC75A2 /* Sources */,
				A88EE7A317B0CF5A00DC75A2 /* Frameworks */,
				A88EE7A417B0CF5A00DC75A2 /* Resources */,
			);
			buildRules = (
			);
			dependencies = (
			);
			name = KMInstagram;
			productName = KMInstagram;
			productReference = A88EE7A617B0CF5A00DC75A2 /* KMInstagram.app */;
			productType = "com.apple.product-type.application";
		};
		A88EE7DC17B0CF5A00DC75A2 /* KMInstagramTests */ = {
			isa = PBXNativeTarget;
			buildConfigurationList = A88EE7F317B0CF5A00DC75A2 /* Build configuration list for PBXNativeTarget "KMInstagramTests" */;
			buildPhases = (
				A88EE7D817B0CF5A00DC75A2 /* Sources */,
				A88EE7D917B0CF5A00DC75A2 /* Frameworks */,
				A88EE7DA17B0CF5A00DC75A2 /* Resources */,
				A88EE7DB17B0CF5A00DC75A2 /* ShellScript */,
			);
			buildRules = (
			);
			dependencies = (
				A88EE7E417B0CF5A00DC75A2 /* PBXTargetDependency */,
			);
			name = KMInstagramTests;
			productName = KMInstagramTests;
			productReference = A88EE7DD17B0CF5A00DC75A2 /* KMInstagramTests.octest */;
			productType = "com.apple.product-type.bundle";
		};
/* End PBXNativeTarget section */

/* Begin PBXProject section */
		A88EE79E17B0CF5A00DC75A2 /* Project object */ = {
			isa = PBXProject;
			attributes = {
				CLASSPREFIX = KM;
				LastUpgradeCheck = 0460;
				ORGANIZATIONNAME = "Kanybek Momukeev";
			};
			buildConfigurationList = A88EE7A117B0CF5A00DC75A2 /* Build configuration list for PBXProject "KMInstagram" */;
			compatibilityVersion = "Xcode 3.2";
			developmentRegion = English;
			hasScannedForEncodings = 0;
			knownRegions = (
				en,
			);
			mainGroup = A88EE79D17B0CF5A00DC75A2;
			productRefGroup = A88EE7A717B0CF5A00DC75A2 /* Products */;
			projectDirPath = "";
			projectRoot = "";
			targets = (
				A88EE7A517B0CF5A00DC75A2 /* KMInstagram */,
				A88EE7DC17B0CF5A00DC75A2 /* KMInstagramTests */,
			);
		};
/* End PBXProject section */

/* Begin PBXResourcesBuildPhase section */
		A88EE7A417B0CF5A00DC75A2 /* Resources */ = {
			isa = PBXResourcesBuildPhase;
			buildActionMask = 2147483647;
			files = (
				A88EE7B617B0CF5A00DC75A2 /* InfoPlist.strings in Resources */,
				A88EE7BE17B0CF5A00DC75A2 /* Default.png in Resources */,
				A88EE7C017B0CF5A00DC75A2 /* Default@2x.png in Resources */,
				A88EE7C217B0CF5A00DC75A2 /* Default-568h@2x.png in Resources */,
				A88EE82017B0D38B00DC75A2 /* KMLoginVC.xib in Resources */,
				A88EE82917B0D8AA00DC75A2 /* KMInstagramAuthVC.xib in Resources */,
				A88EE83217B0E5B500DC75A2 /* KMUserFeedTVC.xib in Resources */,
				A88EE85C17B0EC1400DC75A2 /* KMLoginVC_Ipad.xib in Resources */,
				A88EE86F17B102ED00DC75A2 /* PullToRefreshArrow.png in Resources */,
				A88EE87017B102ED00DC75A2 /* PullToRefreshArrow@2x.png in Resources */,
				A88EE88817B10EDD00DC75A2 /* KMUserFeedsTVCell.xib in Resources */,
				A88EE8AC17B1691500DC75A2 /* mainPlaceholderImage.png in Resources */,
				A88EE8AD17B1691500DC75A2 /* mainPlaceholderImage@2x.png in Resources */,
				A88EE8B317B16FDE00DC75A2 /* KMFeedDetailContainerVC.xib in Resources */,
				A88EE8B817B1714B00DC75A2 /* KMFeedLikesTVC.xib in Resources */,
				A88EE8BD17B171D500DC75A2 /* KMFeedCommentsTVC.xib in Resources */,
				A88EE8C717B173EC00DC75A2 /* BASegmentedControl.xib in Resources */,
			);
			runOnlyForDeploymentPostprocessing = 0;
		};
		A88EE7DA17B0CF5A00DC75A2 /* Resources */ = {
			isa = PBXResourcesBuildPhase;
			buildActionMask = 2147483647;
			files = (
				A88EE7EA17B0CF5A00DC75A2 /* InfoPlist.strings in Resources */,
			);
			runOnlyForDeploymentPostprocessing = 0;
		};
/* End PBXResourcesBuildPhase section */

/* Begin PBXShellScriptBuildPhase section */
		A88EE7DB17B0CF5A00DC75A2 /* ShellScript */ = {
			isa = PBXShellScriptBuildPhase;
			buildActionMask = 2147483647;
			files = (
			);
			inputPaths = (
			);
			outputPaths = (
			);
			runOnlyForDeploymentPostprocessing = 0;
			shellPath = /bin/sh;
			shellScript = "# Run the unit tests in this test bundle.\n\"${SYSTEM_DEVELOPER_DIR}/Tools/RunUnitTests\"\n";
		};
/* End PBXShellScriptBuildPhase section */

/* Begin PBXSourcesBuildPhase section */
		A88EE7A217B0CF5A00DC75A2 /* Sources */ = {
			isa = PBXSourcesBuildPhase;
			buildActionMask = 2147483647;
			files = (
				A88EE7B817B0CF5A00DC75A2 /* main.m in Sources */,
				A88EE7BC17B0CF5A00DC75A2 /* KMAppDelegate.m in Sources */,
				A88EE7C517B0CF5A00DC75A2 /* KMInstagram.xcdatamodeld in Sources */,
				A88EE81117B0D0C200DC75A2 /* KMBaseDataStoreManager.m in Sources */,
				A88EE81817B0D1EB00DC75A2 /* KMBaseVC.m in Sources */,
				A88EE81B17B0D20B00DC75A2 /* KMBaseTableVC.m in Sources */,
				A88EE81F17B0D38B00DC75A2 /* KMLoginVC.m in Sources */,
				A88EE82817B0D8AA00DC75A2 /* KMInstagramAuthVC.m in Sources */,
				A88EE82D17B0E22400DC75A2 /* NSString+KMQueryString.m in Sources */,
				A88EE83117B0E5B500DC75A2 /* KMUserFeedTVC.m in Sources */,
				A88EE83517B0E94300DC75A2 /* KMAPIController.m in Sources */,
				A88EE84A17B0E9CD00DC75A2 /* AFHTTPClient.m in Sources */,
				A88EE84B17B0E9CD00DC75A2 /* AFHTTPRequestOperation.m in Sources */,
				A88EE84C17B0E9CD00DC75A2 /* AFImageRequestOperation.m in Sources */,
				A88EE84D17B0E9CD00DC75A2 /* AFJSONRequestOperation.m in Sources */,
				A88EE84E17B0E9CD00DC75A2 /* AFNetworkActivityIndicatorManager.m in Sources */,
				A88EE84F17B0E9CD00DC75A2 /* AFPropertyListRequestOperation.m in Sources */,
				A88EE85017B0E9CD00DC75A2 /* AFURLConnectionOperation.m in Sources */,
				A88EE85117B0E9CD00DC75A2 /* AFXMLRequestOperation.m in Sources */,
				A88EE85217B0E9CD00DC75A2 /* UIImageView+AFNetworking.m in Sources */,
				A88EE85F17B0EDC800DC75A2 /* KMUserAuthManager.m in Sources */,
				A88EE86417B0F1E000DC75A2 /* NSError+KMAdditions.m in Sources */,
				A88EE86717B0FCFA00DC75A2 /* KMBaseTVCell.m in Sources */,
				A88EE86E17B102ED00DC75A2 /* EGORefreshTableHeaderView.m in Sources */,
				A88EE87317B1034100DC75A2 /* NSDateFormatter+Extensions.m in Sources */,
				A88EE87617B1038900DC75A2 /* NSDate+Extensions.m in Sources */,
				A88EE88017B1071400DC75A2 /* KMInstagramSettings.m in Sources */,
				A88EE88317B10BE500DC75A2 /* KMBaseRefreshTVC.m in Sources */,
				A88EE88617B10EC100DC75A2 /* KMUserFeedsTVCell.m in Sources */,
				A88EE88D17B113EB00DC75A2 /* KMInstagramRequestClient.m in Sources */,
				A88EE89017B1143500DC75A2 /* KMFeedRequestManager.m in Sources */,
				A88EE89617B11BBB00DC75A2 /* JSONKit.m in Sources */,
				A88EE89917B1285000DC75A2 /* KMFeed.m in Sources */,
				A88EE89C17B1288200DC75A2 /* KMUser.m in Sources */,
				A88EE89F17B1289400DC75A2 /* KMComment.m in Sources */,
				A88EE8A217B128AC00DC75A2 /* KMTag.m in Sources */,
				A88EE8A517B1293C00DC75A2 /* KMCaption.m in Sources */,
				A88EE8B217B16FDE00DC75A2 /* KMFeedDetailContainerVC.m in Sources */,
				A88EE8B717B1714B00DC75A2 /* KMFeedLikesTVC.m in Sources */,
				A88EE8BC17B171D500DC75A2 /* KMFeedCommentsTVC.m in Sources */,
				A88EE8C117B1734300DC75A2 /* UIView+NIB.m in Sources */,
				A88EE8C617B173EC00DC75A2 /* BASegmentedControl.m in Sources */,
			);
			runOnlyForDeploymentPostprocessing = 0;
		};
		A88EE7D817B0CF5A00DC75A2 /* Sources */ = {
			isa = PBXSourcesBuildPhase;
			buildActionMask = 2147483647;
			files = (
				A88EE7ED17B0CF5A00DC75A2 /* KMInstagramTests.m in Sources */,
			);
			runOnlyForDeploymentPostprocessing = 0;
		};
/* End PBXSourcesBuildPhase section */

/* Begin PBXTargetDependency section */
		A88EE7E417B0CF5A00DC75A2 /* PBXTargetDependency */ = {
			isa = PBXTargetDependency;
			target = A88EE7A517B0CF5A00DC75A2 /* KMInstagram */;
			targetProxy = A88EE7E317B0CF5A00DC75A2 /* PBXContainerItemProxy */;
		};
/* End PBXTargetDependency section */

/* Begin PBXVariantGroup section */
		A88EE7B417B0CF5A00DC75A2 /* InfoPlist.strings */ = {
			isa = PBXVariantGroup;
			children = (
				A88EE7B517B0CF5A00DC75A2 /* en */,
			);
			name = InfoPlist.strings;
			sourceTree = "<group>";
		};
		A88EE7E817B0CF5A00DC75A2 /* InfoPlist.strings */ = {
			isa = PBXVariantGroup;
			children = (
				A88EE7E917B0CF5A00DC75A2 /* en */,
			);
			name = InfoPlist.strings;
			sourceTree = "<group>";
		};
/* End PBXVariantGroup section */

/* Begin XCBuildConfiguration section */
		A88EE7EE17B0CF5A00DC75A2 /* Debug */ = {
			isa = XCBuildConfiguration;
			buildSettings = {
				ALWAYS_SEARCH_USER_PATHS = NO;
				CLANG_CXX_LANGUAGE_STANDARD = "gnu++0x";
				CLANG_CXX_LIBRARY = "libc++";
				CLANG_ENABLE_OBJC_ARC = YES;
				CLANG_WARN_CONSTANT_CONVERSION = YES;
				CLANG_WARN_EMPTY_BODY = YES;
				CLANG_WARN_ENUM_CONVERSION = YES;
				CLANG_WARN_INT_CONVERSION = YES;
				CLANG_WARN__DUPLICATE_METHOD_MATCH = YES;
				"CODE_SIGN_IDENTITY[sdk=iphoneos*]" = "iPhone Developer";
				COPY_PHASE_STRIP = NO;
				GCC_C_LANGUAGE_STANDARD = gnu99;
				GCC_DYNAMIC_NO_PIC = NO;
				GCC_OPTIMIZATION_LEVEL = 0;
				GCC_PREPROCESSOR_DEFINITIONS = (
					"DEBUG=1",
					"$(inherited)",
				);
				GCC_SYMBOLS_PRIVATE_EXTERN = NO;
				GCC_WARN_ABOUT_RETURN_TYPE = YES;
				GCC_WARN_UNINITIALIZED_AUTOS = YES;
				GCC_WARN_UNUSED_VARIABLE = YES;
				IPHONEOS_DEPLOYMENT_TARGET = 6.1;
				ONLY_ACTIVE_ARCH = YES;
				SDKROOT = iphoneos;
				TARGETED_DEVICE_FAMILY = "1,2";
			};
			name = Debug;
		};
		A88EE7EF17B0CF5A00DC75A2 /* Release */ = {
			isa = XCBuildConfiguration;
			buildSettings = {
				ALWAYS_SEARCH_USER_PATHS = NO;
				CLANG_CXX_LANGUAGE_STANDARD = "gnu++0x";
				CLANG_CXX_LIBRARY = "libc++";
				CLANG_ENABLE_OBJC_ARC = YES;
				CLANG_WARN_CONSTANT_CONVERSION = YES;
				CLANG_WARN_EMPTY_BODY = YES;
				CLANG_WARN_ENUM_CONVERSION = YES;
				CLANG_WARN_INT_CONVERSION = YES;
				CLANG_WARN__DUPLICATE_METHOD_MATCH = YES;
				"CODE_SIGN_IDENTITY[sdk=iphoneos*]" = "iPhone Developer";
				COPY_PHASE_STRIP = YES;
				GCC_C_LANGUAGE_STANDARD = gnu99;
				GCC_WARN_ABOUT_RETURN_TYPE = YES;
				GCC_WARN_UNINITIALIZED_AUTOS = YES;
				GCC_WARN_UNUSED_VARIABLE = YES;
				IPHONEOS_DEPLOYMENT_TARGET = 6.1;
				OTHER_CFLAGS = "-DNS_BLOCK_ASSERTIONS=1";
				SDKROOT = iphoneos;
				TARGETED_DEVICE_FAMILY = "1,2";
				VALIDATE_PRODUCT = YES;
			};
			name = Release;
		};
		A88EE7F117B0CF5A00DC75A2 /* Debug */ = {
			isa = XCBuildConfiguration;
			buildSettings = {
				GCC_PRECOMPILE_PREFIX_HEADER = YES;
				GCC_PREFIX_HEADER = "KMInstagram/KMInstagram-Prefix.pch";
				INFOPLIST_FILE = "KMInstagram/KMInstagram-Info.plist";
				IPHONEOS_DEPLOYMENT_TARGET = 5.0;
				PRODUCT_NAME = "$(TARGET_NAME)";
				WRAPPER_EXTENSION = app;
			};
			name = Debug;
		};
		A88EE7F217B0CF5A00DC75A2 /* Release */ = {
			isa = XCBuildConfiguration;
			buildSettings = {
				GCC_PRECOMPILE_PREFIX_HEADER = YES;
				GCC_PREFIX_HEADER = "KMInstagram/KMInstagram-Prefix.pch";
				INFOPLIST_FILE = "KMInstagram/KMInstagram-Info.plist";
				IPHONEOS_DEPLOYMENT_TARGET = 5.0;
				PRODUCT_NAME = "$(TARGET_NAME)";
				WRAPPER_EXTENSION = app;
			};
			name = Release;
		};
		A88EE7F417B0CF5A00DC75A2 /* Debug */ = {
			isa = XCBuildConfiguration;
			buildSettings = {
				BUNDLE_LOADER = "$(BUILT_PRODUCTS_DIR)/KMInstagram.app/KMInstagram";
				FRAMEWORK_SEARCH_PATHS = (
					"\"$(SDKROOT)/Developer/Library/Frameworks\"",
					"\"$(DEVELOPER_LIBRARY_DIR)/Frameworks\"",
				);
				GCC_PRECOMPILE_PREFIX_HEADER = YES;
				GCC_PREFIX_HEADER = "KMInstagram/KMInstagram-Prefix.pch";
				INFOPLIST_FILE = "KMInstagramTests/KMInstagramTests-Info.plist";
				PRODUCT_NAME = "$(TARGET_NAME)";
				TEST_HOST = "$(BUNDLE_LOADER)";
				WRAPPER_EXTENSION = octest;
			};
			name = Debug;
		};
		A88EE7F517B0CF5A00DC75A2 /* Release */ = {
			isa = XCBuildConfiguration;
			buildSettings = {
				BUNDLE_LOADER = "$(BUILT_PRODUCTS_DIR)/KMInstagram.app/KMInstagram";
				FRAMEWORK_SEARCH_PATHS = (
					"\"$(SDKROOT)/Developer/Library/Frameworks\"",
					"\"$(DEVELOPER_LIBRARY_DIR)/Frameworks\"",
				);
				GCC_PRECOMPILE_PREFIX_HEADER = YES;
				GCC_PREFIX_HEADER = "KMInstagram/KMInstagram-Prefix.pch";
				INFOPLIST_FILE = "KMInstagramTests/KMInstagramTests-Info.plist";
				PRODUCT_NAME = "$(TARGET_NAME)";
				TEST_HOST = "$(BUNDLE_LOADER)";
				WRAPPER_EXTENSION = octest;
			};
			name = Release;
		};
/* End XCBuildConfiguration section */

/* Begin XCConfigurationList section */
		A88EE7A117B0CF5A00DC75A2 /* Build configuration list for PBXProject "KMInstagram" */ = {
			isa = XCConfigurationList;
			buildConfigurations = (
				A88EE7EE17B0CF5A00DC75A2 /* Debug */,
				A88EE7EF17B0CF5A00DC75A2 /* Release */,
			);
			defaultConfigurationIsVisible = 0;
			defaultConfigurationName = Release;
		};
		A88EE7F017B0CF5A00DC75A2 /* Build configuration list for PBXNativeTarget "KMInstagram" */ = {
			isa = XCConfigurationList;
			buildConfigurations = (
				A88EE7F117B0CF5A00DC75A2 /* Debug */,
				A88EE7F217B0CF5A00DC75A2 /* Release */,
			);
			defaultConfigurationIsVisible = 0;
		};
		A88EE7F317B0CF5A00DC75A2 /* Build configuration list for PBXNativeTarget "KMInstagramTests" */ = {
			isa = XCConfigurationList;
			buildConfigurations = (
				A88EE7F417B0CF5A00DC75A2 /* Debug */,
				A88EE7F517B0CF5A00DC75A2 /* Release */,
			);
			defaultConfigurationIsVisible = 0;
		};
/* End XCConfigurationList section */

/* Begin XCVersionGroup section */
		A88EE7C317B0CF5A00DC75A2 /* KMInstagram.xcdatamodeld */ = {
			isa = XCVersionGroup;
			children = (
				A88EE7C417B0CF5A00DC75A2 /* KMInstagram.xcdatamodel */,
			);
			currentVersion = A88EE7C417B0CF5A00DC75A2 /* KMInstagram.xcdatamodel */;
			name = KMInstagram.xcdatamodeld;
			path = ../../KMInstagram.xcdatamodeld;
			sourceTree = "<group>";
			versionGroupType = wrapper.xcdatamodel;
		};
/* End XCVersionGroup section */
	};
	rootObject = A88EE79E17B0CF5A00DC75A2 /* Project object */;
}
